
Microsoft Visual Studio Solution File, Format Version 9.00
# Visual C++ Express 2005
Project("{8BC9CEB8-8B4A-11D0-8D11-00A0C91BC942}") = "IL", "..\..\src-IL\msvc8\IL.vcproj", "{B46B180B-6079-4CE6-8647-A7D712774255}"
EndProject
Project("{8BC9CEB8-8B4A-11D0-8D11-00A0C91BC942}") = "ILU", "..\..\src-ILU\msvc8\ILU.vcproj", "{CCEBAA77-521A-4CC3-A4E0-C6B062FC2009}"
	ProjectSection(ProjectDependencies) = postProject
		{B46B180B-6079-4CE6-8647-A7D712774255} = {B46B180B-6079-4CE6-8647-A7D712774255}
	EndProjectSection
EndProject
Project("{8BC9CEB8-8B4A-11D0-8D11-00A0C91BC942}") = "ILUT", "..\..\src-ILUT\msvc8\ILUT.vcproj", "{7D060DA4-F2FA-44CC-80BE-065024DD6CA9}"
	ProjectSection(ProjectDependencies) = postProject
		{CCEBAA77-521A-4CC3-A4E0-C6B062FC2009} = {CCEBAA77-521A-4CC3-A4E0-C6B062FC2009}
		{B46B180B-6079-4CE6-8647-A7D712774255} = {B46B180B-6079-4CE6-8647-A7D712774255}
	EndProjectSection
EndProject
Project("{8BC9CEB8-8B4A-11D0-8D11-00A0C91BC942}") = "WindowsTest", "..\..\examples\WindowsTest\WindowsTest-vc8.vcproj", "{22B03048-FD11-4D7F-88F5-C2628F8B6777}"
	ProjectSection(ProjectDependencies) = postProject
		{B46B180B-6079-4CE6-8647-A7D712774255} = {B46B180B-6079-4CE6-8647-A7D712774255}
		{CCEBAA77-521A-4CC3-A4E0-C6B062FC2009} = {CCEBAA77-521A-4CC3-A4E0-C6B062FC2009}
		{7D060DA4-F2FA-44CC-80BE-065024DD6CA9} = {7D060DA4-F2FA-44CC-80BE-065024DD6CA9}
	EndProjectSection
EndProject
Global
	GlobalSection(SolutionConfigurationPlatforms) = preSolution
		Debug|Win32 = Debug|Win32
		Dynamic|Win32 = Dynamic|Win32
		Release|Win32 = Release|Win32
	EndGlobalSection
	GlobalSection(ProjectConfigurationPlatforms) = postSolution
		{B46B180B-6079-4CE6-8647-A7D712774255}.Debug|Win32.ActiveCfg = Debug|Win32
		{B46B180B-6079-4CE6-8647-A7D712774255}.Debug|Win32.Build.0 = Debug|Win32
		{B46B180B-6079-4CE6-8647-A7D712774255}.Dynamic|Win32.ActiveCfg = Release|Win32
		{B46B180B-6079-4CE6-8647-A7D712774255}.Dynamic|Win32.Build.0 = Release|Win32
		{B46B180B-6079-4CE6-8647-A7D712774255}.Release|Win32.ActiveCfg = Release|Win32
		{B46B180B-6079-4CE6-8647-A7D712774255}.Release|Win32.Build.0 = Release|Win32
		{CCEBAA77-521A-4CC3-A4E0-C6B062FC2009}.Debug|Win32.ActiveCfg = Debug|Win32
		{CCEBAA77-521A-4CC3-A4E0-C6B062FC2009}.Debug|Win32.Build.0 = Debug|Win32
		{CCEBAA77-521A-4CC3-A4E0-C6B062FC2009}.Dynamic|Win32.ActiveCfg = Release|Win32
		{CCEBAA77-521A-4CC3-A4E0-C6B062FC2009}.Dynamic|Win32.Build.0 = Release|Win32
		{CCEBAA77-521A-4CC3-A4E0-C6B062FC2009}.Release|Win32.ActiveCfg = Release|Win32
		{CCEBAA77-521A-4CC3-A4E0-C6B062FC2009}.Release|Win32.Build.0 = Release|Win32
		{7D060DA4-F2FA-44CC-80BE-065024DD6CA9}.Debug|Win32.ActiveCfg = Debug|Win32
		{7D060DA4-F2FA-44CC-80BE-065024DD6CA9}.Debug|Win32.Build.0 = Debug|Win32
		{7D060DA4-F2FA-44CC-80BE-065024DD6CA9}.Dynamic|Win32.ActiveCfg = Release|Win32
		{7D060DA4-F2FA-44CC-80BE-065024DD6CA9}.Dynamic|Win32.Build.0 = Release|Win32
		{7D060DA4-F2FA-44CC-80BE-065024DD6CA9}.Release|Win32.ActiveCfg = Release|Win32
		{7D060DA4-F2FA-44CC-80BE-065024DD6CA9}.Release|Win32.Build.0 = Release|Win32
		{22B03048-FD11-4D7F-88F5-C2628F8B6777}.Debug|Win32.ActiveCfg = Debug|Win32
		{22B03048-FD11-4D7F-88F5-C2628F8B6777}.Debug|Win32.Build.0 = Debug|Win32
		{22B03048-FD11-4D7F-88F5-C2628F8B6777}.Dynamic|Win32.ActiveCfg = Dynamic|Win32
		{22B03048-FD11-4D7F-88F5-C2628F8B6777}.Dynamic|Win32.Build.0 = Dynamic|Win32
		{22B03048-FD11-4D7F-88F5-C2628F8B6777}.Release|Win32.ActiveCfg = Release|Win32
		{22B03048-FD11-4D7F-88F5-C2628F8B6777}.Release|Win32.Build.0 = Release|Win32
	EndGlobalSection
	GlobalSection(SolutionProperties) = preSolution
		HideSolutionNode = FALSE
	EndGlobalSection
EndGlobal
