// !$*UTF8*$!
{
	archiveVersion = 1;
	classes = {
	};
	objectVersion = 39;
	objects = {
		034768DDFF38A45A11DB9C8B = {
			children = (
				034768DEFF38A45A11DB9C8B,
			);
			isa = PBXGroup;
			name = Products;
			refType = 4;
			sourceTree = "<group>";
		};
		034768DEFF38A45A11DB9C8B = {
			explicitFileType = wrapper.framework;
			fallbackIsa = PBXFileReference;
			isa = PBXFrameworkReference;
			path = IL.framework;
			refType = 3;
			sourceTree = BUILT_PRODUCTS_DIR;
		};
//030
//031
//032
//033
//034
//080
//081
//082
//083
//084
		0867D690FE84028FC02AAC07 = {
			buildSettings = {
			};
			buildStyles = (
				4F0BB7EC011F40E904CA0E50,
				4F0BB7ED011F40E904CA0E50,
			);
			hasScannedForEncodings = 1;
			isa = PBXProject;
			mainGroup = 0867D691FE84028FC02AAC07;
			productRefGroup = 034768DDFF38A45A11DB9C8B;
			projectDirPath = "";
			targets = (
				0867D69CFE84028FC02AAC07,
			);
		};
		0867D691FE84028FC02AAC07 = {
			children = (
				A3F71E2B068DABC800F9ABE2,
				08FB77ACFE841707C02AAC07,
				089C1665FE841158C02AAC07,
				0867D69AFE84028FC02AAC07,
				034768DDFF38A45A11DB9C8B,
			);
			isa = PBXGroup;
			name = OpenIL;
			refType = 4;
			sourceTree = "<group>";
		};
		0867D69AFE84028FC02AAC07 = {
			children = (
				A31F2A2AC5B03A9B00A80001,
			);
			isa = PBXGroup;
			name = "External Frameworks and Libraries";
			refType = 4;
			sourceTree = "<group>";
		};
		0867D69CFE84028FC02AAC07 = {
			buildPhases = (
				0867D69DFE84028FC02AAC07,
				0867D69EFE84028FC02AAC07,
				0867D69FFE84028FC02AAC07,
				0867D6A0FE84028FC02AAC07,
				0867D6A2FE84028FC02AAC07,
			);
			buildSettings = {
				DEBUGGING_SYMBOLS = NO;
				DYLIB_COMPATIBILITY_VERSION = 1;
				DYLIB_CURRENT_VERSION = 1;
				FRAMEWORK_SEARCH_PATHS = "";
				FRAMEWORK_VERSION = A;
				HEADER_SEARCH_PATHS = "";
				INSTALL_PATH = /Library/Frameworks;
				LIBRARY_SEARCH_PATHS = "";
				OPTIMIZATION_CFLAGS = "-O3";
				OTHER_CFLAGS = "-faltivec -O3 -DHAVE_CONFIG_H";
				OTHER_LDFLAGS = "-lz";
				PREFIX_HEADER = ../../include/IL/config.h;
				PRODUCT_NAME = IL;
				SECTORDER_FLAGS = "";
				USE_GCC3_PFE_SUPPORT = NO;
				WARNING_CFLAGS = "-Wmost -Wno-four-char-constants -Wno-unknown-pragmas";
				WRAPPER_EXTENSION = framework;
			};
			dependencies = (
			);
			isa = PBXFrameworkTarget;
			name = IL;
			productInstallPath = /Library/Frameworks;
			productName = OpenIL;
			productReference = 034768DEFF38A45A11DB9C8B;
			productSettingsXML = "<?xml version=\"1.0\" encoding=\"UTF-8\"?>
<!DOCTYPE plist PUBLIC \"-//Apple Computer//DTD PLIST 1.0//EN\" \"http://www.apple.com/DTDs/PropertyList-1.0.dtd\">
<plist version=\"1.0\">
<dict>
	<key>CFBundleDevelopmentRegion</key>
	<string>English</string>
	<key>CFBundleExecutable</key>
	<string>IL</string>
	<key>CFBundleIconFile</key>
	<string></string>
	<key>CFBundleIdentifier</key>
	<string></string>
	<key>CFBundleInfoDictionaryVersion</key>
	<string>6.0</string>
	<key>CFBundlePackageType</key>
	<string>FMWK</string>
	<key>CFBundleSignature</key>
	<string>????</string>
	<key>CFBundleVersion</key>
	<string>0.0.1d1</string>
	<key>CSResourcesFileMapped</key>
	<true/>
</dict>
</plist>
";
		};
		0867D69DFE84028FC02AAC07 = {
			buildActionMask = 2147483647;
			files = (
				A3800ACE03C37D1700A80001,
				A3800AD403C37D2A00A80001,
				A3800AD903C37D2E00A80001,
				A3800ADA03C37D2E00A80001,
				A3800ADB03C37D2E00A80001,
				A3800ADC03C37D2E00A80001,
				A3800AFA03C37D5100A80001,
				A3800AFB03C37D5100A80001,
				A3800AFC03C37D5100A80001,
				A3800AFD03C37D5100A80001,
				A3800AFE03C37D5100A80001,
				A3800AFF03C37D5100A80001,
				A3800B0003C37D5100A80001,
				A3800B0103C37D5100A80001,
				A3800B0203C37D5100A80001,
				A3800B0303C37D5100A80001,
				A3800B0403C37D5100A80001,
				A3800B0503C37D5100A80001,
				A3800B0603C37D5100A80001,
				A3800B0703C37D5100A80001,
				A3800B0803C37D5100A80001,
				A3800B0903C37D5100A80001,
				A3800B0A03C37D5100A80001,
				A3800B0B03C37D5100A80001,
				A3800B0C03C37D5100A80001,
				A3800B0D03C37D5100A80001,
				A3800B0E03C37D5100A80001,
				A3800B0F03C37D5100A80001,
				A3800B1003C37D5100A80001,
				A3800B1103C37D5100A80001,
				A3800B1203C37D5100A80001,
				A3800B1303C37D5100A80001,
				A3800B1403C37D5100A80001,
				A3800B1503C37D5100A80001,
				A3800B1E03C37D7100A80001,
				A3800B1F03C37D7100A80001,
				A3800B2003C37D7100A80001,
				A3800B2103C37D7100A80001,
				A3800B2203C37D7100A80001,
				A3800B2303C37D7100A80001,
				A3800B2803C37D7B00A80001,
				A3800B2903C37D7B00A80001,
				A3800B2A03C37D7B00A80001,
				A3800B2B03C37D7B00A80001,
				A3E7771A068C591B009ADBC2,
			);
			isa = PBXHeadersBuildPhase;
			runOnlyForDeploymentPostprocessing = 0;
		};
		0867D69EFE84028FC02AAC07 = {
			buildActionMask = 2147483647;
			files = (
				089C1668FE841158C02AAC07,
				A328B2A8068C5CF00098952D,
				A3F71E36068DABDA00F9ABE2,
				A3F71E37068DABDA00F9ABE2,
				A3F71E38068DABDA00F9ABE2,
				A3F71E39068DABDA00F9ABE2,
				A3F71E3A068DABDA00F9ABE2,
				A3F71E3B068DABDA00F9ABE2,
				A3F71E4A068DABEA00F9ABE2,
				A3F71E4B068DABEA00F9ABE2,
				A3F71E4C068DABEA00F9ABE2,
				A3F71E4D068DABEA00F9ABE2,
				A3F71E4E068DABEA00F9ABE2,
				A3F71E4F068DABEA00F9ABE2,
				A3F71E50068DABEA00F9ABE2,
			);
			isa = PBXResourcesBuildPhase;
			runOnlyForDeploymentPostprocessing = 0;
		};
		0867D69FFE84028FC02AAC07 = {
			buildActionMask = 2147483647;
			files = (
				A3800B6203C37DA400A80001,
				A3800B6303C37DA400A80001,
				A3800B6403C37DA400A80001,
				A3800B6503C37DA400A80001,
				A3800B6603C37DA400A80001,
				A3800B6703C37DA400A80001,
				A3800B6803C37DA400A80001,
				A3800B6903C37DA400A80001,
				A3800B6A03C37DA400A80001,
				A3800B6B03C37DA400A80001,
				A3800B6C03C37DA400A80001,
				A3800B6D03C37DA400A80001,
				A3800B6E03C37DA400A80001,
				A3800B6F03C37DA400A80001,
				A3800B7003C37DA400A80001,
				A3800B7103C37DA400A80001,
				A3800B7203C37DA400A80001,
				A3800B7303C37DA400A80001,
				A3800B7503C37DA400A80001,
				A3800B7603C37DA400A80001,
				A3800B7803C37DA400A80001,
				A3800B7903C37DA400A80001,
				A3800B7A03C37DA400A80001,
				A3800B7D03C37DA400A80001,
				A3800B7E03C37DA400A80001,
				A3800B7F03C37DA400A80001,
				A3800B8003C37DA400A80001,
				A3800B8103C37DA400A80001,
				A3800B8203C37DA400A80001,
				A3800B8303C37DA400A80001,
				A3800B8403C37DA400A80001,
				A3800B8503C37DA400A80001,
				A3800B8603C37DA400A80001,
				A3800B8703C37DA400A80001,
				A3800B8803C37DA400A80001,
				A3800B8903C37DA400A80001,
				A3800B8A03C37DA400A80001,
				A3800B8B03C37DA400A80001,
				A3800B8C03C37DA400A80001,
				A3800B8E03C37DA400A80001,
				A3800B9003C37DA400A80001,
				A3800B9103C37DA400A80001,
				A3800B9203C37DA400A80001,
				A3800B9303C37DA400A80001,
				A3800B9403C37DA400A80001,
				A3800BA603C37DB800A80001,
				A3800BA703C37DB800A80001,
				A3800BA803C37DB800A80001,
				A3800BA903C37DB800A80001,
				A3800BAA03C37DB800A80001,
				A3800BAB03C37DB800A80001,
				A3800BAC03C37DB800A80001,
				A3800BAD03C37DB800A80001,
				A3800BAE03C37DB800A80001,
				A3800BAF03C37DB800A80001,
				A3800BB003C37DB800A80001,
				A3800BB103C37DB800A80001,
				A3800BB203C37DB800A80001,
				A3800BB303C37DB800A80001,
				A3800BB403C37DB800A80001,
				A3800BB503C37DB800A80001,
				A3800BB603C37DB800A80001,
				A3800BBF03C37DC500A80001,
				A3800BC003C37DC500A80001,
				A3800BC103C37DC500A80001,
				A3800BC203C37DC500A80001,
				A3800BC303C37DC500A80001,
				A3800BC403C37DC500A80001,
				A3800BC503C37DC500A80001,
				A3800BC603C37DC500A80001,
				A3AB3C3A06896BA00048586A,
				A3F71D68068DA88100F9ABE2,
				A3F71DD9068DA9AE00F9ABE2,
				A3F71E02068DAB0100F9ABE2,
				A3F71E07068DAB0200F9ABE2,
				A3F71E09068DAB0200F9ABE2,
				A3F71E0E068DAB0200F9ABE2,
			);
			isa = PBXSourcesBuildPhase;
			runOnlyForDeploymentPostprocessing = 0;
		};
		0867D6A0FE84028FC02AAC07 = {
			buildActionMask = 2147483647;
			files = (
				A31F2A2BC5B03A9B00A80001,
			);
			isa = PBXFrameworksBuildPhase;
			runOnlyForDeploymentPostprocessing = 0;
		};
		0867D6A2FE84028FC02AAC07 = {
			buildActionMask = 2147483647;
			files = (
			);
			isa = PBXRezBuildPhase;
			runOnlyForDeploymentPostprocessing = 0;
		};
		089C1665FE841158C02AAC07 = {
			children = (
				089C1666FE841158C02AAC07,
			);
			isa = PBXGroup;
			name = Resources;
			refType = 4;
			sourceTree = "<group>";
		};
		089C1666FE841158C02AAC07 = {
			children = (
				089C1667FE841158C02AAC07,
			);
			isa = PBXVariantGroup;
			name = InfoPlist.strings;
			refType = 4;
			sourceTree = "<group>";
		};
		089C1667FE841158C02AAC07 = {
			fileEncoding = 10;
			isa = PBXFileReference;
			lastKnownFileType = text.plist.strings;
			name = English;
			path = English.lproj/InfoPlist.strings;
			refType = 4;
			sourceTree = "<group>";
		};
		089C1668FE841158C02AAC07 = {
			fileRef = 089C1666FE841158C02AAC07;
			isa = PBXBuildFile;
			settings = {
			};
		};
		08FB77ACFE841707C02AAC07 = {
			children = (
				A3800ACB03C37CF400A80001,
				A3800ACC03C37D0100A80001,
				A3800ACA03C37CEF00A80001,
			);
			isa = PBXGroup;
			name = IL;
			path = "";
			refType = 2;
			sourceTree = SOURCE_ROOT;
		};
//080
//081
//082
//083
//084
//4F0
//4F1
//4F2
//4F3
//4F4
		4F0BB7EC011F40E904CA0E50 = {
			buildRules = (
			);
			buildSettings = {
				COPY_PHASE_STRIP = NO;
				GCC_DYNAMIC_NO_PIC = NO;
				GCC_ENABLE_FIX_AND_CONTINUE = YES;
				GCC_GENERATE_DEBUGGING_SYMBOLS = YES;
				GCC_OPTIMIZATION_LEVEL = 0;
				OPTIMIZATION_CFLAGS = "-O0";
				ZERO_LINK = YES;
			};
			isa = PBXBuildStyle;
			name = Development;
		};
		4F0BB7ED011F40E904CA0E50 = {
			buildRules = (
			);
			buildSettings = {
				COPY_PHASE_STRIP = YES;
				GCC_ENABLE_FIX_AND_CONTINUE = NO;
				ZERO_LINK = NO;
			};
			isa = PBXBuildStyle;
			name = Deployment;
		};
//4F0
//4F1
//4F2
//4F3
//4F4
//A30
//A31
//A32
//A33
//A34
		A31F2A2AC5B03A9B00A80001 = {
			fallbackIsa = PBXFileReference;
			isa = PBXFrameworkReference;
			lastKnownFileType = wrapper.framework;
			name = OpenGL.framework;
			path = /System/Library/Frameworks/OpenGL.framework;
			refType = 0;
			sourceTree = "<absolute>";
		};
		A31F2A2BC5B03A9B00A80001 = {
			fileRef = A31F2A2AC5B03A9B00A80001;
			isa = PBXBuildFile;
			settings = {
			};
		};
		A328B2A7068C5CF00098952D = {
			fileEncoding = 4;
			isa = PBXFileReference;
			lastKnownFileType = text;
			name = configure.in;
			path = ../../configure.in;
			refType = 2;
			sourceTree = SOURCE_ROOT;
		};
		A328B2A8068C5CF00098952D = {
			fileRef = A328B2A7068C5CF00098952D;
			isa = PBXBuildFile;
			settings = {
			};
		};
		A3800ACA03C37CEF00A80001 = {
			children = (
				A3800B2E03C37D8D00A80001,
				A3800B2D03C37D8A00A80001,
				A3800B2C03C37D8500A80001,
				A3800ACF03C37D1F00A80001,
			);
			isa = PBXGroup;
			name = Source;
			path = "";
			refType = 2;
			sourceTree = SOURCE_ROOT;
		};
		A3800ACB03C37CF400A80001 = {
			children = (
				A3800B1703C37D5900A80001,
				A3800B1603C37D5500A80001,
				A3800ADD03C37D3D00A80001,
				A3800AD303C37D2A00A80001,
			);
			isa = PBXGroup;
			name = "Private Headers";
			path = "";
			refType = 2;
			sourceTree = SOURCE_ROOT;
		};
		A3800ACC03C37D0100A80001 = {
			children = (
				A3800ACD03C37D1700A80001,
				A3800AD503C37D2E00A80001,
				A3800AD603C37D2E00A80001,
				A3800AD703C37D2E00A80001,
				A3800AD803C37D2E00A80001,
			);
			isa = PBXGroup;
			name = "Public Headers";
			path = ../../include/IL;
			refType = 2;
			sourceTree = SOURCE_ROOT;
		};
		A3800ACD03C37D1700A80001 = {
			fileEncoding = 30;
			isa = PBXFileReference;
			lastKnownFileType = sourcecode.c.h;
			name = acconfig.h;
			path = ../../acconfig.h;
			refType = 2;
			sourceTree = SOURCE_ROOT;
		};
		A3800ACE03C37D1700A80001 = {
			fileRef = A3800ACD03C37D1700A80001;
			isa = PBXBuildFile;
			settings = {
				ATTRIBUTES = (
					Public,
				);
			};
		};
		A3800ACF03C37D1F00A80001 = {
			fileEncoding = 30;
			isa = PBXFileReference;
			lastKnownFileType = sourcecode.cpp.cpp;
			name = il_wrap.cpp;
			path = "../../cpp wrapper/il_wrap.cpp";
			refType = 2;
			sourceTree = SOURCE_ROOT;
		};
		A3800AD303C37D2A00A80001 = {
			fileEncoding = 30;
			isa = PBXFileReference;
			lastKnownFileType = sourcecode.c.h;
			name = devil_internal_exports.h;
			path = ../../include/IL/devil_internal_exports.h;
			refType = 2;
			sourceTree = SOURCE_ROOT;
		};
		A3800AD403C37D2A00A80001 = {
			fileRef = A3800AD303C37D2A00A80001;
			isa = PBXBuildFile;
			settings = {
			};
		};
		A3800AD503C37D2E00A80001 = {
			fileEncoding = 30;
			isa = PBXFileReference;
			lastKnownFileType = sourcecode.c.h;
			name = il_wrap.h;
			path = ../../include/IL/il_wrap.h;
			refType = 2;
			sourceTree = SOURCE_ROOT;
		};
		A3800AD603C37D2E00A80001 = {
			fileEncoding = 30;
			isa = PBXFileReference;
			lastKnownFileType = sourcecode.c.h;
			name = ilut.h;
			path = ../../include/IL/ilut.h;
			refType = 2;
			sourceTree = SOURCE_ROOT;
		};
		A3800AD703C37D2E00A80001 = {
			fileEncoding = 30;
			isa = PBXFileReference;
			lastKnownFileType = sourcecode.c.h;
			name = il.h;
			path = ../../include/IL/il.h;
			refType = 2;
			sourceTree = SOURCE_ROOT;
		};
		A3800AD803C37D2E00A80001 = {
			fileEncoding = 30;
			isa = PBXFileReference;
			lastKnownFileType = sourcecode.c.h;
			name = ilu.h;
			path = ../../include/IL/ilu.h;
			refType = 2;
			sourceTree = SOURCE_ROOT;
		};
		A3800AD903C37D2E00A80001 = {
			fileRef = A3800AD503C37D2E00A80001;
			isa = PBXBuildFile;
			settings = {
				ATTRIBUTES = (
					Public,
				);
			};
		};
		A3800ADA03C37D2E00A80001 = {
			fileRef = A3800AD603C37D2E00A80001;
			isa = PBXBuildFile;
			settings = {
				ATTRIBUTES = (
					Public,
				);
			};
		};
		A3800ADB03C37D2E00A80001 = {
			fileRef = A3800AD703C37D2E00A80001;
			isa = PBXBuildFile;
			settings = {
				ATTRIBUTES = (
					Public,
				);
			};
		};
		A3800ADC03C37D2E00A80001 = {
			fileRef = A3800AD803C37D2E00A80001;
			isa = PBXBuildFile;
			settings = {
				ATTRIBUTES = (
					Public,
				);
			};
		};
		A3800ADD03C37D3D00A80001 = {
			children = (
				A3E77719068C591B009ADBC2,
				A3800ADE03C37D5100A80001,
				A3800ADF03C37D5100A80001,
				A3800AE003C37D5100A80001,
				A3800AE103C37D5100A80001,
				A3800AE203C37D5100A80001,
				A3800AE303C37D5100A80001,
				A3800AE403C37D5100A80001,
				A3800AE503C37D5100A80001,
				A3800AE603C37D5100A80001,
				A3800AE703C37D5100A80001,
				A3800AE803C37D5100A80001,
				A3800AE903C37D5100A80001,
				A3800AEA03C37D5100A80001,
				A3800AEB03C37D5100A80001,
				A3800AEC03C37D5100A80001,
				A3800AED03C37D5100A80001,
				A3800AEE03C37D5100A80001,
				A3800AEF03C37D5100A80001,
				A3800AF003C37D5100A80001,
				A3800AF103C37D5100A80001,
				A3800AF203C37D5100A80001,
				A3800AF303C37D5100A80001,
				A3800AF403C37D5100A80001,
				A3800AF503C37D5100A80001,
				A3800AF603C37D5100A80001,
				A3800AF703C37D5100A80001,
				A3800AF803C37D5100A80001,
				A3800AF903C37D5100A80001,
			);
			isa = PBXGroup;
			name = IL;
			path = "../../src-IL/include";
			refType = 2;
			sourceTree = SOURCE_ROOT;
		};
		A3800ADE03C37D5100A80001 = {
			fileEncoding = 30;
			isa = PBXFileReference;
			lastKnownFileType = sourcecode.c.h;
			path = il_q2pal.h;
			refType = 4;
			sourceTree = "<group>";
		};
		A3800ADF03C37D5100A80001 = {
			fileEncoding = 30;
			isa = PBXFileReference;
			lastKnownFileType = sourcecode.c.h;
			path = il_register.h;
			refType = 4;
			sourceTree = "<group>";
		};
		A3800AE003C37D5100A80001 = {
			fileEncoding = 30;
			isa = PBXFileReference;
			lastKnownFileType = sourcecode.c.h;
			path = il_psd.h;
			refType = 4;
			sourceTree = "<group>";
		};
		A3800AE103C37D5100A80001 = {
			fileEncoding = 30;
			isa = PBXFileReference;
			lastKnownFileType = sourcecode.c.h;
			path = il_manip.h;
			refType = 4;
			sourceTree = "<group>";
		};
		A3800AE203C37D5100A80001 = {
			fileEncoding = 30;
			isa = PBXFileReference;
			lastKnownFileType = sourcecode.c.h;
			path = il_dds.h;
			refType = 4;
			sourceTree = "<group>";
		};
		A3800AE303C37D5100A80001 = {
			fileEncoding = 30;
			isa = PBXFileReference;
			lastKnownFileType = sourcecode.c.h;
			path = il_files.h;
			refType = 4;
			sourceTree = "<group>";
		};
		A3800AE403C37D5100A80001 = {
			fileEncoding = 30;
			isa = PBXFileReference;
			lastKnownFileType = sourcecode.c.h;
			path = il_jpeg.h;
			refType = 4;
			sourceTree = "<group>";
		};
		A3800AE503C37D5100A80001 = {
			fileEncoding = 30;
			isa = PBXFileReference;
			lastKnownFileType = sourcecode.c.h;
			path = il_pcx.h;
			refType = 4;
			sourceTree = "<group>";
		};
		A3800AE603C37D5100A80001 = {
			fileEncoding = 30;
			isa = PBXFileReference;
			lastKnownFileType = sourcecode.c.h;
			path = il_bits.h;
			refType = 4;
			sourceTree = "<group>";
		};
		A3800AE703C37D5100A80001 = {
			fileEncoding = 30;
			isa = PBXFileReference;
			lastKnownFileType = sourcecode.c.h;
			path = il_stack.h;
			refType = 4;
			sourceTree = "<group>";
		};
		A3800AE803C37D5100A80001 = {
			fileEncoding = 30;
			isa = PBXFileReference;
			lastKnownFileType = sourcecode.c.h;
			path = il_states.h;
			refType = 4;
			sourceTree = "<group>";
		};
		A3800AE903C37D5100A80001 = {
			fileEncoding = 30;
			isa = PBXFileReference;
			lastKnownFileType = sourcecode.c.h;
			path = il_dcx.h;
			refType = 4;
			sourceTree = "<group>";
		};
		A3800AEA03C37D5100A80001 = {
			fileEncoding = 30;
			isa = PBXFileReference;
			lastKnownFileType = sourcecode.c.h;
			path = il_pnm.h;
			refType = 4;
			sourceTree = "<group>";
		};
		A3800AEB03C37D5100A80001 = {
			fileEncoding = 30;
			isa = PBXFileReference;
			lastKnownFileType = sourcecode.c.h;
			path = il_lif.h;
			refType = 4;
			sourceTree = "<group>";
		};
		A3800AEC03C37D5100A80001 = {
			fileEncoding = 30;
			isa = PBXFileReference;
			lastKnownFileType = sourcecode.c.h;
			path = il_alloc.h;
			refType = 4;
			sourceTree = "<group>";
		};
		A3800AED03C37D5100A80001 = {
			fileEncoding = 30;
			isa = PBXFileReference;
			lastKnownFileType = sourcecode.c.h;
			path = il_rle.h;
			refType = 4;
			sourceTree = "<group>";
		};
		A3800AEE03C37D5100A80001 = {
			fileEncoding = 30;
			isa = PBXFileReference;
			lastKnownFileType = sourcecode.c.h;
			path = il_sgi.h;
			refType = 4;
			sourceTree = "<group>";
		};
		A3800AEF03C37D5100A80001 = {
			fileEncoding = 30;
			isa = PBXFileReference;
			lastKnownFileType = sourcecode.c.h;
			path = il_gif.h;
			refType = 4;
			sourceTree = "<group>";
		};
		A3800AF003C37D5100A80001 = {
			fileEncoding = 30;
			isa = PBXFileReference;
			lastKnownFileType = sourcecode.c.h;
			path = il_targa.h;
			refType = 4;
			sourceTree = "<group>";
		};
		A3800AF103C37D5100A80001 = {
			fileEncoding = 30;
			isa = PBXFileReference;
			lastKnownFileType = sourcecode.c.h;
			path = il_doompal.h;
			refType = 4;
			sourceTree = "<group>";
		};
		A3800AF203C37D5100A80001 = {
			fileEncoding = 30;
			isa = PBXFileReference;
			lastKnownFileType = sourcecode.c.h;
			path = il_pal.h;
			refType = 4;
			sourceTree = "<group>";
		};
		A3800AF303C37D5100A80001 = {
			fileEncoding = 30;
			isa = PBXFileReference;
			lastKnownFileType = sourcecode.c.h;
			path = il_mdl.h;
			refType = 4;
			sourceTree = "<group>";
		};
		A3800AF403C37D5100A80001 = {
			fileEncoding = 30;
			isa = PBXFileReference;
			lastKnownFileType = sourcecode.c.h;
			path = il_endian.h;
			refType = 4;
			sourceTree = "<group>";
		};
		A3800AF503C37D5100A80001 = {
			fileEncoding = 30;
			isa = PBXFileReference;
			lastKnownFileType = sourcecode.c.h;
			path = il_internal.h;
			refType = 4;
			sourceTree = "<group>";
		};
		A3800AF603C37D5100A80001 = {
			fileEncoding = 30;
			isa = PBXFileReference;
			lastKnownFileType = sourcecode.c.h;
			path = il_bmp.h;
			refType = 4;
			sourceTree = "<group>";
		};
		A3800AF703C37D5100A80001 = {
			fileEncoding = 30;
			isa = PBXFileReference;
			lastKnownFileType = sourcecode.c.h;
			path = il_pic.h;
			refType = 4;
			sourceTree = "<group>";
		};
		A3800AF803C37D5100A80001 = {
			fileEncoding = 30;
			isa = PBXFileReference;
			lastKnownFileType = sourcecode.c.h;
			path = il_icon.h;
			refType = 4;
			sourceTree = "<group>";
		};
		A3800AF903C37D5100A80001 = {
			fileEncoding = 30;
			isa = PBXFileReference;
			lastKnownFileType = sourcecode.c.h;
			path = il_psp.h;
			refType = 4;
			sourceTree = "<group>";
		};
		A3800AFA03C37D5100A80001 = {
			fileRef = A3800ADE03C37D5100A80001;
			isa = PBXBuildFile;
			settings = {
			};
		};
		A3800AFB03C37D5100A80001 = {
			fileRef = A3800ADF03C37D5100A80001;
			isa = PBXBuildFile;
			settings = {
			};
		};
		A3800AFC03C37D5100A80001 = {
			fileRef = A3800AE003C37D5100A80001;
			isa = PBXBuildFile;
			settings = {
			};
		};
		A3800AFD03C37D5100A80001 = {
			fileRef = A3800AE103C37D5100A80001;
			isa = PBXBuildFile;
			settings = {
			};
		};
		A3800AFE03C37D5100A80001 = {
			fileRef = A3800AE203C37D5100A80001;
			isa = PBXBuildFile;
			settings = {
			};
		};
		A3800AFF03C37D5100A80001 = {
			fileRef = A3800AE303C37D5100A80001;
			isa = PBXBuildFile;
			settings = {
			};
		};
		A3800B0003C37D5100A80001 = {
			fileRef = A3800AE403C37D5100A80001;
			isa = PBXBuildFile;
			settings = {
			};
		};
		A3800B0103C37D5100A80001 = {
			fileRef = A3800AE503C37D5100A80001;
			isa = PBXBuildFile;
			settings = {
			};
		};
		A3800B0203C37D5100A80001 = {
			fileRef = A3800AE603C37D5100A80001;
			isa = PBXBuildFile;
			settings = {
			};
		};
		A3800B0303C37D5100A80001 = {
			fileRef = A3800AE703C37D5100A80001;
			isa = PBXBuildFile;
			settings = {
			};
		};
		A3800B0403C37D5100A80001 = {
			fileRef = A3800AE803C37D5100A80001;
			isa = PBXBuildFile;
			settings = {
			};
		};
		A3800B0503C37D5100A80001 = {
			fileRef = A3800AE903C37D5100A80001;
			isa = PBXBuildFile;
			settings = {
			};
		};
		A3800B0603C37D5100A80001 = {
			fileRef = A3800AEA03C37D5100A80001;
			isa = PBXBuildFile;
			settings = {
			};
		};
		A3800B0703C37D5100A80001 = {
			fileRef = A3800AEB03C37D5100A80001;
			isa = PBXBuildFile;
			settings = {
			};
		};
		A3800B0803C37D5100A80001 = {
			fileRef = A3800AEC03C37D5100A80001;
			isa = PBXBuildFile;
			settings = {
			};
		};
		A3800B0903C37D5100A80001 = {
			fileRef = A3800AED03C37D5100A80001;
			isa = PBXBuildFile;
			settings = {
			};
		};
		A3800B0A03C37D5100A80001 = {
			fileRef = A3800AEE03C37D5100A80001;
			isa = PBXBuildFile;
			settings = {
			};
		};
		A3800B0B03C37D5100A80001 = {
			fileRef = A3800AEF03C37D5100A80001;
			isa = PBXBuildFile;
			settings = {
			};
		};
		A3800B0C03C37D5100A80001 = {
			fileRef = A3800AF003C37D5100A80001;
			isa = PBXBuildFile;
			settings = {
			};
		};
		A3800B0D03C37D5100A80001 = {
			fileRef = A3800AF103C37D5100A80001;
			isa = PBXBuildFile;
			settings = {
			};
		};
		A3800B0E03C37D5100A80001 = {
			fileRef = A3800AF203C37D5100A80001;
			isa = PBXBuildFile;
			settings = {
			};
		};
		A3800B0F03C37D5100A80001 = {
			fileRef = A3800AF303C37D5100A80001;
			isa = PBXBuildFile;
			settings = {
			};
		};
		A3800B1003C37D5100A80001 = {
			fileRef = A3800AF403C37D5100A80001;
			isa = PBXBuildFile;
			settings = {
			};
		};
		A3800B1103C37D5100A80001 = {
			fileRef = A3800AF503C37D5100A80001;
			isa = PBXBuildFile;
			settings = {
			};
		};
		A3800B1203C37D5100A80001 = {
			fileRef = A3800AF603C37D5100A80001;
			isa = PBXBuildFile;
			settings = {
			};
		};
		A3800B1303C37D5100A80001 = {
			fileRef = A3800AF703C37D5100A80001;
			isa = PBXBuildFile;
			settings = {
			};
		};
		A3800B1403C37D5100A80001 = {
			fileRef = A3800AF803C37D5100A80001;
			isa = PBXBuildFile;
			settings = {
			};
		};
		A3800B1503C37D5100A80001 = {
			fileRef = A3800AF903C37D5100A80001;
			isa = PBXBuildFile;
			settings = {
			};
		};
		A3800B1603C37D5500A80001 = {
			children = (
				A3800B1803C37D7100A80001,
				A3800B1903C37D7100A80001,
				A3800B1A03C37D7100A80001,
				A3800B1B03C37D7100A80001,
				A3800B1C03C37D7100A80001,
				A3800B1D03C37D7100A80001,
			);
			isa = PBXGroup;
			name = ILU;
			path = "../../src-ILU/include";
			refType = 2;
			sourceTree = SOURCE_ROOT;
		};
		A3800B1703C37D5900A80001 = {
			children = (
				A3800B2403C37D7B00A80001,
				A3800B2503C37D7B00A80001,
				A3800B2603C37D7B00A80001,
				A3800B2703C37D7B00A80001,
			);
			isa = PBXGroup;
			name = ILUT;
			path = "../../src-ILUT/include";
			refType = 2;
			sourceTree = SOURCE_ROOT;
		};
		A3800B1803C37D7100A80001 = {
			fileEncoding = 30;
			isa = PBXFileReference;
			lastKnownFileType = sourcecode.c.h;
			path = ilu_alloc.h;
			refType = 4;
			sourceTree = "<group>";
		};
		A3800B1903C37D7100A80001 = {
			fileEncoding = 30;
			isa = PBXFileReference;
			lastKnownFileType = sourcecode.c.h;
			path = ilu_states.h;
			refType = 4;
			sourceTree = "<group>";
		};
		A3800B1A03C37D7100A80001 = {
			fileEncoding = 30;
			isa = PBXFileReference;
			lastKnownFileType = sourcecode.c.h;
			path = ilu_region.h;
			refType = 4;
			sourceTree = "<group>";
		};
		A3800B1B03C37D7100A80001 = {
			fileEncoding = 30;
			isa = PBXFileReference;
			lastKnownFileType = sourcecode.c.h;
			path = ilu_mipmap.h;
			refType = 4;
			sourceTree = "<group>";
		};
		A3800B1C03C37D7100A80001 = {
			fileEncoding = 30;
			isa = PBXFileReference;
			lastKnownFileType = sourcecode.c.h;
			path = ilu_filter.h;
			refType = 4;
			sourceTree = "<group>";
		};
		A3800B1D03C37D7100A80001 = {
			fileEncoding = 30;
			isa = PBXFileReference;
			lastKnownFileType = sourcecode.c.h;
			path = ilu_internal.h;
			refType = 4;
			sourceTree = "<group>";
		};
		A3800B1E03C37D7100A80001 = {
			fileRef = A3800B1803C37D7100A80001;
			isa = PBXBuildFile;
			settings = {
			};
		};
		A3800B1F03C37D7100A80001 = {
			fileRef = A3800B1903C37D7100A80001;
			isa = PBXBuildFile;
			settings = {
			};
		};
		A3800B2003C37D7100A80001 = {
			fileRef = A3800B1A03C37D7100A80001;
			isa = PBXBuildFile;
			settings = {
			};
		};
		A3800B2103C37D7100A80001 = {
			fileRef = A3800B1B03C37D7100A80001;
			isa = PBXBuildFile;
			settings = {
			};
		};
		A3800B2203C37D7100A80001 = {
			fileRef = A3800B1C03C37D7100A80001;
			isa = PBXBuildFile;
			settings = {
			};
		};
		A3800B2303C37D7100A80001 = {
			fileRef = A3800B1D03C37D7100A80001;
			isa = PBXBuildFile;
			settings = {
			};
		};
		A3800B2403C37D7B00A80001 = {
			fileEncoding = 30;
			isa = PBXFileReference;
			lastKnownFileType = sourcecode.c.h;
			path = ilut_allegro.h;
			refType = 4;
			sourceTree = "<group>";
		};
		A3800B2503C37D7B00A80001 = {
			fileEncoding = 30;
			isa = PBXFileReference;
			lastKnownFileType = sourcecode.c.h;
			path = ilut_states.h;
			refType = 4;
			sourceTree = "<group>";
		};
		A3800B2603C37D7B00A80001 = {
			fileEncoding = 30;
			isa = PBXFileReference;
			lastKnownFileType = sourcecode.c.h;
			path = ilut_internal.h;
			refType = 4;
			sourceTree = "<group>";
		};
		A3800B2703C37D7B00A80001 = {
			fileEncoding = 30;
			isa = PBXFileReference;
			lastKnownFileType = sourcecode.c.h;
			path = ilut_opengl.h;
			refType = 4;
			sourceTree = "<group>";
		};
		A3800B2803C37D7B00A80001 = {
			fileRef = A3800B2403C37D7B00A80001;
			isa = PBXBuildFile;
			settings = {
			};
		};
		A3800B2903C37D7B00A80001 = {
			fileRef = A3800B2503C37D7B00A80001;
			isa = PBXBuildFile;
			settings = {
			};
		};
		A3800B2A03C37D7B00A80001 = {
			fileRef = A3800B2603C37D7B00A80001;
			isa = PBXBuildFile;
			settings = {
			};
		};
		A3800B2B03C37D7B00A80001 = {
			fileRef = A3800B2703C37D7B00A80001;
			isa = PBXBuildFile;
			settings = {
			};
		};
		A3800B2C03C37D8500A80001 = {
			children = (
				A3800B3503C37DA400A80001,
				A3800B5403C37DA400A80001,
				A3800B4E03C37DA400A80001,
				A3800B3903C37DA400A80001,
				A3800B3603C37DA400A80001,
				A3800B5803C37DA400A80001,
				A3800B5D03C37DA400A80001,
				A3800B5B03C37DA400A80001,
				A3800B5003C37DA400A80001,
				A3800B3D03C37DA400A80001,
				A3800B4003C37DA400A80001,
				A3800B6003C37DA400A80001,
				A3800B5103C37DA400A80001,
				A3800B3803C37DA400A80001,
				A3800B4C03C37DA400A80001,
				A3800B5F03C37DA400A80001,
				A3AB3C3906896BA00048586A,
				A3800B3A03C37DA400A80001,
				A3800B4303C37DA400A80001,
				A3800B2F03C37DA400A80001,
				A3800B3303C37DA400A80001,
				A3800B4403C37DA400A80001,
				A3800B3103C37DA400A80001,
				A3800B3203C37DA400A80001,
				A3800B4603C37DA400A80001,
				A3800B4A03C37DA400A80001,
				A3800B4903C37DA400A80001,
				A3800B5603C37DA400A80001,
				A3800B4B03C37DA400A80001,
				A3800B4703C37DA400A80001,
				A3800B4503C37DA400A80001,
				A3800B4203C37DA400A80001,
				A3800B3403C37DA400A80001,
				A3800B4803C37DA400A80001,
				A3800B5703C37DA400A80001,
				A3800B5A03C37DA400A80001,
				A3800B6103C37DA400A80001,
				A3800B3003C37DA400A80001,
				A3800B5303C37DA400A80001,
				A3800B3B03C37DA400A80001,
				A3800B5203C37DA400A80001,
				A3800B3C03C37DA400A80001,
				A3800B3703C37DA400A80001,
				A3800B5503C37DA400A80001,
				A3800B3F03C37DA400A80001,
				A3800B5E03C37DA400A80001,
				A3800B5903C37DA400A80001,
				A3800B3E03C37DA400A80001,
				A3800B4103C37DA400A80001,
				A3800B5C03C37DA400A80001,
				A3800B4D03C37DA400A80001,
				A3800B4F03C37DA400A80001,
			);
			isa = PBXGroup;
			name = IL;
			path = "../../src-IL/src";
			refType = 2;
			sourceTree = SOURCE_ROOT;
		};
		A3800B2D03C37D8A00A80001 = {
			children = (
				A3800B9503C37DB800A80001,
				A3800BA203C37DB800A80001,
				A3800BA503C37DB800A80001,
				A3800B9B03C37DB800A80001,
				A3800B9903C37DB800A80001,
				A3800BA303C37DB800A80001,
				A3800BA403C37DB800A80001,
				A3800B9C03C37DB800A80001,
				A3800B9F03C37DB800A80001,
				A3800B9703C37DB800A80001,
				A3800B9D03C37DB800A80001,
				A3800B9E03C37DB800A80001,
				A3800B9603C37DB800A80001,
				A3800BA103C37DB800A80001,
				A3800B9A03C37DB800A80001,
				A3800BA003C37DB800A80001,
				A3800B9803C37DB800A80001,
			);
			isa = PBXGroup;
			name = ILU;
			path = "../../src-ILU/src";
			refType = 2;
			sourceTree = SOURCE_ROOT;
		};
		A3800B2E03C37D8D00A80001 = {
			children = (
				A3800BB703C37DC500A80001,
				A3800BBC03C37DC500A80001,
				A3800BB903C37DC500A80001,
				A3800BBD03C37DC500A80001,
				A3800BBA03C37DC500A80001,
				A3800BBE03C37DC500A80001,
				A3800BBB03C37DC500A80001,
				A3800BB803C37DC500A80001,
			);
			isa = PBXGroup;
			name = ILUT;
			path = "../../src-ILUT/src";
			refType = 2;
			sourceTree = SOURCE_ROOT;
		};
		A3800B2F03C37DA400A80001 = {
			fileEncoding = 30;
			isa = PBXFileReference;
			lastKnownFileType = sourcecode.c.c;
			path = il_internal.c;
			refType = 4;
			sourceTree = "<group>";
		};
		A3800B3003C37DA400A80001 = {
			fileEncoding = 30;
			isa = PBXFileReference;
			lastKnownFileType = sourcecode.c.c;
			path = il_psp.c;
			refType = 4;
			sourceTree = "<group>";
		};
		A3800B3103C37DA400A80001 = {
			fileEncoding = 30;
			isa = PBXFileReference;
			lastKnownFileType = sourcecode.c.c;
			path = il_lif.c;
			refType = 4;
			sourceTree = "<group>";
		};
		A3800B3203C37DA400A80001 = {
			fileEncoding = 30;
			isa = PBXFileReference;
			lastKnownFileType = sourcecode.c.c;
			path = il_main.c;
			refType = 4;
			sourceTree = "<group>";
		};
		A3800B3303C37DA400A80001 = {
			fileEncoding = 30;
			isa = PBXFileReference;
			lastKnownFileType = sourcecode.c.c;
			path = il_io.c;
			refType = 4;
			sourceTree = "<group>";
		};
		A3800B3403C37DA400A80001 = {
			fileEncoding = 30;
			isa = PBXFileReference;
			lastKnownFileType = sourcecode.c.c;
			path = il_pix.c;
			refType = 4;
			sourceTree = "<group>";
		};
		A3800B3503C37DA400A80001 = {
			fileEncoding = 30;
			isa = PBXFileReference;
			lastKnownFileType = sourcecode.c.c;
			path = il_alloc.c;
			refType = 4;
			sourceTree = "<group>";
		};
		A3800B3603C37DA400A80001 = {
			fileEncoding = 30;
			isa = PBXFileReference;
			lastKnownFileType = sourcecode.c.c;
			path = il_convert.c;
			refType = 4;
			sourceTree = "<group>";
		};
		A3800B3703C37DA400A80001 = {
			fileEncoding = 30;
			isa = PBXFileReference;
			lastKnownFileType = sourcecode.c.c;
			path = il_register.c;
			refType = 4;
			sourceTree = "<group>";
		};
		A3800B3803C37DA400A80001 = {
			fileEncoding = 30;
			isa = PBXFileReference;
			lastKnownFileType = sourcecode.c.c;
			path = il_fastconv.c;
			refType = 4;
			sourceTree = "<group>";
		};
		A3800B3903C37DA400A80001 = {
			fileEncoding = 30;
			isa = PBXFileReference;
			lastKnownFileType = sourcecode.c.c;
			path = il_convbuff.c;
			refType = 4;
			sourceTree = "<group>";
		};
		A3800B3A03C37DA400A80001 = {
			fileEncoding = 30;
			isa = PBXFileReference;
			lastKnownFileType = sourcecode.c.c;
			path = il_header.c;
			refType = 4;
			sourceTree = "<group>";
		};
		A3800B3B03C37DA400A80001 = {
			fileEncoding = 30;
			isa = PBXFileReference;
			lastKnownFileType = sourcecode.c.c;
			path = il_quantizer.c;
			refType = 4;
			sourceTree = "<group>";
		};
		A3800B3C03C37DA400A80001 = {
			fileEncoding = 30;
			isa = PBXFileReference;
			lastKnownFileType = sourcecode.c.c;
			path = il_rawdata.c;
			refType = 4;
			sourceTree = "<group>";
		};
		A3800B3D03C37DA400A80001 = {
			fileEncoding = 30;
			isa = PBXFileReference;
			lastKnownFileType = sourcecode.c.c;
			path = il_devil.c;
			refType = 4;
			sourceTree = "<group>";
		};
		A3800B3E03C37DA400A80001 = {
			fileEncoding = 30;
			isa = PBXFileReference;
			lastKnownFileType = sourcecode.c.c;
			path = il_targa.c;
			refType = 4;
			sourceTree = "<group>";
		};
		A3800B3F03C37DA400A80001 = {
			fileEncoding = 30;
			isa = PBXFileReference;
			lastKnownFileType = sourcecode.c.c;
			path = il_sgi.c;
			refType = 4;
			sourceTree = "<group>";
		};
		A3800B4003C37DA400A80001 = {
			fileEncoding = 30;
			isa = PBXFileReference;
			lastKnownFileType = sourcecode.c.c;
			path = il_doom.c;
			refType = 4;
			sourceTree = "<group>";
		};
		A3800B4103C37DA400A80001 = {
			fileEncoding = 30;
			isa = PBXFileReference;
			lastKnownFileType = sourcecode.c.c;
			path = il_tiff.c;
			refType = 4;
			sourceTree = "<group>";
		};
		A3800B4203C37DA400A80001 = {
			fileEncoding = 30;
			isa = PBXFileReference;
			lastKnownFileType = sourcecode.c.c;
			path = il_pic.c;
			refType = 4;
			sourceTree = "<group>";
		};
		A3800B4303C37DA400A80001 = {
			fileEncoding = 30;
			isa = PBXFileReference;
			lastKnownFileType = sourcecode.c.c;
			path = il_icon.c;
			refType = 4;
			sourceTree = "<group>";
		};
		A3800B4403C37DA400A80001 = {
			fileEncoding = 30;
			isa = PBXFileReference;
			lastKnownFileType = sourcecode.c.c;
			path = il_jpeg.c;
			refType = 4;
			sourceTree = "<group>";
		};
		A3800B4503C37DA400A80001 = {
			fileEncoding = 30;
			isa = PBXFileReference;
			lastKnownFileType = sourcecode.c.c;
			path = il_pcx.c;
			refType = 4;
			sourceTree = "<group>";
		};
		A3800B4603C37DA400A80001 = {
			fileEncoding = 30;
			isa = PBXFileReference;
			lastKnownFileType = sourcecode.c.c;
			path = il_manip.c;
			refType = 4;
			sourceTree = "<group>";
		};
		A3800B4703C37DA400A80001 = {
			fileEncoding = 30;
			isa = PBXFileReference;
			lastKnownFileType = sourcecode.c.c;
			path = il_pcd.c;
			refType = 4;
			sourceTree = "<group>";
		};
		A3800B4803C37DA400A80001 = {
			fileEncoding = 30;
			isa = PBXFileReference;
			lastKnownFileType = sourcecode.c.c;
			path = il_png.c;
			refType = 4;
			sourceTree = "<group>";
		};
		A3800B4903C37DA400A80001 = {
			fileEncoding = 30;
			isa = PBXFileReference;
			lastKnownFileType = sourcecode.c.c;
			path = il_mng.c;
			refType = 4;
			sourceTree = "<group>";
		};
		A3800B4A03C37DA400A80001 = {
			fileEncoding = 30;
			isa = PBXFileReference;
			lastKnownFileType = sourcecode.c.c;
			path = il_mdl.c;
			refType = 4;
			sourceTree = "<group>";
		};
		A3800B4B03C37DA400A80001 = {
			fileEncoding = 30;
			isa = PBXFileReference;
			lastKnownFileType = sourcecode.c.c;
			path = il_pal.c;
			refType = 4;
			sourceTree = "<group>";
		};
		A3800B4C03C37DA400A80001 = {
			fileEncoding = 30;
			isa = PBXFileReference;
			lastKnownFileType = sourcecode.c.c;
			path = il_files.c;
			refType = 4;
			sourceTree = "<group>";
		};
		A3800B4D03C37DA400A80001 = {
			fileEncoding = 30;
			isa = PBXFileReference;
			lastKnownFileType = sourcecode.c.c;
			path = il_wal.c;
			refType = 4;
			sourceTree = "<group>";
		};
		A3800B4E03C37DA400A80001 = {
			fileEncoding = 30;
			isa = PBXFileReference;
			lastKnownFileType = sourcecode.c.c;
			path = il_bmp.c;
			refType = 4;
			sourceTree = "<group>";
		};
		A3800B4F03C37DA400A80001 = {
			fileEncoding = 30;
			isa = PBXFileReference;
			lastKnownFileType = sourcecode.c.c;
			path = il_xpm.c;
			refType = 4;
			sourceTree = "<group>";
		};
		A3800B5003C37DA400A80001 = {
			fileEncoding = 30;
			isa = PBXFileReference;
			lastKnownFileType = sourcecode.c.c;
			path = il_dds.c;
			refType = 4;
			sourceTree = "<group>";
		};
		A3800B5103C37DA400A80001 = {
			fileEncoding = 30;
			isa = PBXFileReference;
			lastKnownFileType = sourcecode.c.c;
			path = il_error.c;
			refType = 4;
			sourceTree = "<group>";
		};
		A3800B5203C37DA400A80001 = {
			fileEncoding = 30;
			isa = PBXFileReference;
			lastKnownFileType = sourcecode.c.c;
			path = il_raw.c;
			refType = 4;
			sourceTree = "<group>";
		};
		A3800B5303C37DA400A80001 = {
			fileEncoding = 30;
			isa = PBXFileReference;
			lastKnownFileType = sourcecode.c.c;
			path = il_pxr.c;
			refType = 4;
			sourceTree = "<group>";
		};
		A3800B5403C37DA400A80001 = {
			fileEncoding = 30;
			isa = PBXFileReference;
			lastKnownFileType = sourcecode.c.c;
			path = il_bits.c;
			refType = 4;
			sourceTree = "<group>";
		};
		A3800B5503C37DA400A80001 = {
			fileEncoding = 30;
			isa = PBXFileReference;
			lastKnownFileType = sourcecode.c.c;
			path = il_rle.c;
			refType = 4;
			sourceTree = "<group>";
		};
		A3800B5603C37DA400A80001 = {
			fileEncoding = 30;
			isa = PBXFileReference;
			lastKnownFileType = sourcecode.c.c;
			path = il_neuquant.c;
			refType = 4;
			sourceTree = "<group>";
		};
		A3800B5703C37DA400A80001 = {
			fileEncoding = 30;
			isa = PBXFileReference;
			lastKnownFileType = sourcecode.c.c;
			path = il_pnm.c;
			refType = 4;
			sourceTree = "<group>";
		};
		A3800B5803C37DA400A80001 = {
			fileEncoding = 30;
			isa = PBXFileReference;
			lastKnownFileType = sourcecode.c.c;
			path = il_cut.c;
			refType = 4;
			sourceTree = "<group>";
		};
		A3800B5903C37DA400A80001 = {
			fileEncoding = 30;
			isa = PBXFileReference;
			lastKnownFileType = sourcecode.c.c;
			path = il_states.c;
			refType = 4;
			sourceTree = "<group>";
		};
		A3800B5A03C37DA400A80001 = {
			fileEncoding = 30;
			isa = PBXFileReference;
			lastKnownFileType = sourcecode.c.c;
			path = il_profiles.c;
			refType = 4;
			sourceTree = "<group>";
		};
		A3800B5B03C37DA400A80001 = {
			fileEncoding = 30;
			isa = PBXFileReference;
			lastKnownFileType = sourcecode.c.c;
			path = "il_dds-save.c";
			refType = 4;
			sourceTree = "<group>";
		};
		A3800B5C03C37DA400A80001 = {
			fileEncoding = 30;
			isa = PBXFileReference;
			lastKnownFileType = sourcecode.c.c;
			path = il_utility.c;
			refType = 4;
			sourceTree = "<group>";
		};
		A3800B5D03C37DA400A80001 = {
			fileEncoding = 30;
			isa = PBXFileReference;
			lastKnownFileType = sourcecode.c.c;
			path = il_dcx.c;
			refType = 4;
			sourceTree = "<group>";
		};
		A3800B5E03C37DA400A80001 = {
			fileEncoding = 30;
			isa = PBXFileReference;
			lastKnownFileType = sourcecode.c.c;
			path = il_stack.c;
			refType = 4;
			sourceTree = "<group>";
		};
		A3800B5F03C37DA400A80001 = {
			fileEncoding = 30;
			isa = PBXFileReference;
			lastKnownFileType = sourcecode.c.c;
			path = il_gif.c;
			refType = 4;
			sourceTree = "<group>";
		};
		A3800B6003C37DA400A80001 = {
			fileEncoding = 30;
			isa = PBXFileReference;
			lastKnownFileType = sourcecode.c.c;
			path = il_endian.c;
			refType = 4;
			sourceTree = "<group>";
		};
		A3800B6103C37DA400A80001 = {
			fileEncoding = 30;
			isa = PBXFileReference;
			lastKnownFileType = sourcecode.c.c;
			path = il_psd.c;
			refType = 4;
			sourceTree = "<group>";
		};
		A3800B6203C37DA400A80001 = {
			fileRef = A3800B2F03C37DA400A80001;
			isa = PBXBuildFile;
			settings = {
			};
		};
		A3800B6303C37DA400A80001 = {
			fileRef = A3800B3003C37DA400A80001;
			isa = PBXBuildFile;
			settings = {
			};
		};
		A3800B6403C37DA400A80001 = {
			fileRef = A3800B3103C37DA400A80001;
			isa = PBXBuildFile;
			settings = {
			};
		};
		A3800B6503C37DA400A80001 = {
			fileRef = A3800B3203C37DA400A80001;
			isa = PBXBuildFile;
			settings = {
			};
		};
		A3800B6603C37DA400A80001 = {
			fileRef = A3800B3303C37DA400A80001;
			isa = PBXBuildFile;
			settings = {
			};
		};
		A3800B6703C37DA400A80001 = {
			fileRef = A3800B3403C37DA400A80001;
			isa = PBXBuildFile;
			settings = {
			};
		};
		A3800B6803C37DA400A80001 = {
			fileRef = A3800B3503C37DA400A80001;
			isa = PBXBuildFile;
			settings = {
			};
		};
		A3800B6903C37DA400A80001 = {
			fileRef = A3800B3603C37DA400A80001;
			isa = PBXBuildFile;
			settings = {
			};
		};
		A3800B6A03C37DA400A80001 = {
			fileRef = A3800B3703C37DA400A80001;
			isa = PBXBuildFile;
			settings = {
			};
		};
		A3800B6B03C37DA400A80001 = {
			fileRef = A3800B3803C37DA400A80001;
			isa = PBXBuildFile;
			settings = {
			};
		};
		A3800B6C03C37DA400A80001 = {
			fileRef = A3800B3903C37DA400A80001;
			isa = PBXBuildFile;
			settings = {
			};
		};
		A3800B6D03C37DA400A80001 = {
			fileRef = A3800B3A03C37DA400A80001;
			isa = PBXBuildFile;
			settings = {
			};
		};
		A3800B6E03C37DA400A80001 = {
			fileRef = A3800B3B03C37DA400A80001;
			isa = PBXBuildFile;
			settings = {
			};
		};
		A3800B6F03C37DA400A80001 = {
			fileRef = A3800B3C03C37DA400A80001;
			isa = PBXBuildFile;
			settings = {
			};
		};
		A3800B7003C37DA400A80001 = {
			fileRef = A3800B3D03C37DA400A80001;
			isa = PBXBuildFile;
			settings = {
			};
		};
		A3800B7103C37DA400A80001 = {
			fileRef = A3800B3E03C37DA400A80001;
			isa = PBXBuildFile;
			settings = {
			};
		};
		A3800B7203C37DA400A80001 = {
			fileRef = A3800B3F03C37DA400A80001;
			isa = PBXBuildFile;
			settings = {
			};
		};
		A3800B7303C37DA400A80001 = {
			fileRef = A3800B4003C37DA400A80001;
			isa = PBXBuildFile;
			settings = {
			};
		};
		A3800B7503C37DA400A80001 = {
			fileRef = A3800B4203C37DA400A80001;
			isa = PBXBuildFile;
			settings = {
			};
		};
		A3800B7603C37DA400A80001 = {
			fileRef = A3800B4303C37DA400A80001;
			isa = PBXBuildFile;
			settings = {
			};
		};
		A3800B7803C37DA400A80001 = {
			fileRef = A3800B4503C37DA400A80001;
			isa = PBXBuildFile;
			settings = {
			};
		};
		A3800B7903C37DA400A80001 = {
			fileRef = A3800B4603C37DA400A80001;
			isa = PBXBuildFile;
			settings = {
			};
		};
		A3800B7A03C37DA400A80001 = {
			fileRef = A3800B4703C37DA400A80001;
			isa = PBXBuildFile;
			settings = {
			};
		};
		A3800B7D03C37DA400A80001 = {
			fileRef = A3800B4A03C37DA400A80001;
			isa = PBXBuildFile;
			settings = {
			};
		};
		A3800B7E03C37DA400A80001 = {
			fileRef = A3800B4B03C37DA400A80001;
			isa = PBXBuildFile;
			settings = {
			};
		};
		A3800B7F03C37DA400A80001 = {
			fileRef = A3800B4C03C37DA400A80001;
			isa = PBXBuildFile;
			settings = {
			};
		};
		A3800B8003C37DA400A80001 = {
			fileRef = A3800B4D03C37DA400A80001;
			isa = PBXBuildFile;
			settings = {
			};
		};
		A3800B8103C37DA400A80001 = {
			fileRef = A3800B4E03C37DA400A80001;
			isa = PBXBuildFile;
			settings = {
			};
		};
		A3800B8203C37DA400A80001 = {
			fileRef = A3800B4F03C37DA400A80001;
			isa = PBXBuildFile;
			settings = {
			};
		};
		A3800B8303C37DA400A80001 = {
			fileRef = A3800B5003C37DA400A80001;
			isa = PBXBuildFile;
			settings = {
			};
		};
		A3800B8403C37DA400A80001 = {
			fileRef = A3800B5103C37DA400A80001;
			isa = PBXBuildFile;
			settings = {
			};
		};
		A3800B8503C37DA400A80001 = {
			fileRef = A3800B5203C37DA400A80001;
			isa = PBXBuildFile;
			settings = {
			};
		};
		A3800B8603C37DA400A80001 = {
			fileRef = A3800B5303C37DA400A80001;
			isa = PBXBuildFile;
			settings = {
			};
		};
		A3800B8703C37DA400A80001 = {
			fileRef = A3800B5403C37DA400A80001;
			isa = PBXBuildFile;
			settings = {
			};
		};
		A3800B8803C37DA400A80001 = {
			fileRef = A3800B5503C37DA400A80001;
			isa = PBXBuildFile;
			settings = {
			};
		};
		A3800B8903C37DA400A80001 = {
			fileRef = A3800B5603C37DA400A80001;
			isa = PBXBuildFile;
			settings = {
			};
		};
		A3800B8A03C37DA400A80001 = {
			fileRef = A3800B5703C37DA400A80001;
			isa = PBXBuildFile;
			settings = {
			};
		};
		A3800B8B03C37DA400A80001 = {
			fileRef = A3800B5803C37DA400A80001;
			isa = PBXBuildFile;
			settings = {
			};
		};
		A3800B8C03C37DA400A80001 = {
			fileRef = A3800B5903C37DA400A80001;
			isa = PBXBuildFile;
			settings = {
			};
		};
		A3800B8E03C37DA400A80001 = {
			fileRef = A3800B5B03C37DA400A80001;
			isa = PBXBuildFile;
			settings = {
			};
		};
		A3800B9003C37DA400A80001 = {
			fileRef = A3800B5D03C37DA400A80001;
			isa = PBXBuildFile;
			settings = {
			};
		};
		A3800B9103C37DA400A80001 = {
			fileRef = A3800B5E03C37DA400A80001;
			isa = PBXBuildFile;
			settings = {
			};
		};
		A3800B9203C37DA400A80001 = {
			fileRef = A3800B5F03C37DA400A80001;
			isa = PBXBuildFile;
			settings = {
			};
		};
		A3800B9303C37DA400A80001 = {
			fileRef = A3800B6003C37DA400A80001;
			isa = PBXBuildFile;
			settings = {
			};
		};
		A3800B9403C37DA400A80001 = {
			fileRef = A3800B6103C37DA400A80001;
			isa = PBXBuildFile;
			settings = {
			};
		};
		A3800B9503C37DB800A80001 = {
			fileEncoding = 30;
			isa = PBXFileReference;
			lastKnownFileType = sourcecode.c.c;
			path = ilu_alloc.c;
			refType = 4;
			sourceTree = "<group>";
		};
		A3800B9603C37DB800A80001 = {
			fileEncoding = 30;
			isa = PBXFileReference;
			lastKnownFileType = sourcecode.c.c;
			path = ilu_scale2d.c;
			refType = 4;
			sourceTree = "<group>";
		};
		A3800B9703C37DB800A80001 = {
			fileEncoding = 30;
			isa = PBXFileReference;
			lastKnownFileType = sourcecode.c.c;
			path = ilu_region.c;
			refType = 4;
			sourceTree = "<group>";
		};
		A3800B9803C37DB800A80001 = {
			fileEncoding = 30;
			isa = PBXFileReference;
			lastKnownFileType = sourcecode.c.c;
			path = ilu_utilities.c;
			refType = 4;
			sourceTree = "<group>";
		};
		A3800B9903C37DB800A80001 = {
			fileEncoding = 30;
			isa = PBXFileReference;
			lastKnownFileType = sourcecode.c.c;
			path = ilu_internal.c;
			refType = 4;
			sourceTree = "<group>";
		};
		A3800B9A03C37DB800A80001 = {
			fileEncoding = 30;
			isa = PBXFileReference;
			lastKnownFileType = sourcecode.c.c;
			path = ilu_scaling.c;
			refType = 4;
			sourceTree = "<group>";
		};
		A3800B9B03C37DB800A80001 = {
			fileEncoding = 30;
			isa = PBXFileReference;
			lastKnownFileType = sourcecode.c.c;
			path = ilu_filter_rcg.c;
			refType = 4;
			sourceTree = "<group>";
		};
		A3800B9C03C37DB800A80001 = {
			fileEncoding = 30;
			isa = PBXFileReference;
			lastKnownFileType = sourcecode.c.c;
			path = ilu_mipmap.c;
			refType = 4;
			sourceTree = "<group>";
		};
		A3800B9D03C37DB800A80001 = {
			fileEncoding = 30;
			isa = PBXFileReference;
			lastKnownFileType = sourcecode.c.c;
			path = ilu_rotate.c;
			refType = 4;
			sourceTree = "<group>";
		};
		A3800B9E03C37DB800A80001 = {
			fileEncoding = 30;
			isa = PBXFileReference;
			lastKnownFileType = sourcecode.c.c;
			path = ilu_scale.c;
			refType = 4;
			sourceTree = "<group>";
		};
		A3800B9F03C37DB800A80001 = {
			fileEncoding = 30;
			isa = PBXFileReference;
			lastKnownFileType = sourcecode.c.c;
			path = ilu_noise.c;
			refType = 4;
			sourceTree = "<group>";
		};
		A3800BA003C37DB800A80001 = {
			fileEncoding = 30;
			isa = PBXFileReference;
			lastKnownFileType = sourcecode.c.c;
			path = ilu_states.c;
			refType = 4;
			sourceTree = "<group>";
		};
		A3800BA103C37DB800A80001 = {
			fileEncoding = 30;
			isa = PBXFileReference;
			lastKnownFileType = sourcecode.c.c;
			path = ilu_scale3d.c;
			refType = 4;
			sourceTree = "<group>";
		};
		A3800BA203C37DB800A80001 = {
			fileEncoding = 30;
			isa = PBXFileReference;
			lastKnownFileType = sourcecode.c.c;
			path = ilu_error.c;
			refType = 4;
			sourceTree = "<group>";
		};
		A3800BA303C37DB800A80001 = {
			fileEncoding = 30;
			isa = PBXFileReference;
			lastKnownFileType = sourcecode.c.c;
			path = ilu_main.c;
			refType = 4;
			sourceTree = "<group>";
		};
		A3800BA403C37DB800A80001 = {
			fileEncoding = 30;
			isa = PBXFileReference;
			lastKnownFileType = sourcecode.c.c;
			path = ilu_manip.c;
			refType = 4;
			sourceTree = "<group>";
		};
		A3800BA503C37DB800A80001 = {
			fileEncoding = 30;
			isa = PBXFileReference;
			lastKnownFileType = sourcecode.c.c;
			path = ilu_filter.c;
			refType = 4;
			sourceTree = "<group>";
		};
		A3800BA603C37DB800A80001 = {
			fileRef = A3800B9503C37DB800A80001;
			isa = PBXBuildFile;
			settings = {
			};
		};
		A3800BA703C37DB800A80001 = {
			fileRef = A3800B9603C37DB800A80001;
			isa = PBXBuildFile;
			settings = {
			};
		};
		A3800BA803C37DB800A80001 = {
			fileRef = A3800B9703C37DB800A80001;
			isa = PBXBuildFile;
			settings = {
			};
		};
		A3800BA903C37DB800A80001 = {
			fileRef = A3800B9803C37DB800A80001;
			isa = PBXBuildFile;
			settings = {
			};
		};
		A3800BAA03C37DB800A80001 = {
			fileRef = A3800B9903C37DB800A80001;
			isa = PBXBuildFile;
			settings = {
			};
		};
		A3800BAB03C37DB800A80001 = {
			fileRef = A3800B9A03C37DB800A80001;
			isa = PBXBuildFile;
			settings = {
			};
		};
		A3800BAC03C37DB800A80001 = {
			fileRef = A3800B9B03C37DB800A80001;
			isa = PBXBuildFile;
			settings = {
			};
		};
		A3800BAD03C37DB800A80001 = {
			fileRef = A3800B9C03C37DB800A80001;
			isa = PBXBuildFile;
			settings = {
			};
		};
		A3800BAE03C37DB800A80001 = {
			fileRef = A3800B9D03C37DB800A80001;
			isa = PBXBuildFile;
			settings = {
			};
		};
		A3800BAF03C37DB800A80001 = {
			fileRef = A3800B9E03C37DB800A80001;
			isa = PBXBuildFile;
			settings = {
			};
		};
		A3800BB003C37DB800A80001 = {
			fileRef = A3800B9F03C37DB800A80001;
			isa = PBXBuildFile;
			settings = {
			};
		};
		A3800BB103C37DB800A80001 = {
			fileRef = A3800BA003C37DB800A80001;
			isa = PBXBuildFile;
			settings = {
			};
		};
		A3800BB203C37DB800A80001 = {
			fileRef = A3800BA103C37DB800A80001;
			isa = PBXBuildFile;
			settings = {
			};
		};
		A3800BB303C37DB800A80001 = {
			fileRef = A3800BA203C37DB800A80001;
			isa = PBXBuildFile;
			settings = {
			};
		};
		A3800BB403C37DB800A80001 = {
			fileRef = A3800BA303C37DB800A80001;
			isa = PBXBuildFile;
			settings = {
			};
		};
		A3800BB503C37DB800A80001 = {
			fileRef = A3800BA403C37DB800A80001;
			isa = PBXBuildFile;
			settings = {
			};
		};
		A3800BB603C37DB800A80001 = {
			fileRef = A3800BA503C37DB800A80001;
			isa = PBXBuildFile;
			settings = {
			};
		};
		A3800BB703C37DC500A80001 = {
			fileEncoding = 30;
			isa = PBXFileReference;
			lastKnownFileType = sourcecode.c.c;
			path = ilut_allegro.c;
			refType = 4;
			sourceTree = "<group>";
		};
		A3800BB803C37DC500A80001 = {
			fileEncoding = 30;
			isa = PBXFileReference;
			lastKnownFileType = sourcecode.c.c;
			path = ilut_win32.c;
			refType = 4;
			sourceTree = "<group>";
		};
		A3800BB903C37DC500A80001 = {
			fileEncoding = 30;
			isa = PBXFileReference;
			lastKnownFileType = sourcecode.c.c;
			path = ilut_internal.c;
			refType = 4;
			sourceTree = "<group>";
		};
		A3800BBA03C37DC500A80001 = {
			fileEncoding = 30;
			isa = PBXFileReference;
			lastKnownFileType = sourcecode.c.c;
			path = ilut_opengl.c;
			refType = 4;
			sourceTree = "<group>";
		};
		A3800BBB03C37DC500A80001 = {
			fileEncoding = 30;
			isa = PBXFileReference;
			lastKnownFileType = sourcecode.c.c;
			path = ilut_states.c;
			refType = 4;
			sourceTree = "<group>";
		};
		A3800BBC03C37DC500A80001 = {
			fileEncoding = 30;
			isa = PBXFileReference;
			lastKnownFileType = sourcecode.c.c;
			path = ilut_directx.c;
			refType = 4;
			sourceTree = "<group>";
		};
		A3800BBD03C37DC500A80001 = {
			fileEncoding = 30;
			isa = PBXFileReference;
			lastKnownFileType = sourcecode.c.c;
			path = ilut_main.c;
			refType = 4;
			sourceTree = "<group>";
		};
		A3800BBE03C37DC500A80001 = {
			fileEncoding = 30;
			isa = PBXFileReference;
			lastKnownFileType = sourcecode.c.c;
			path = ilut_sdlsurface.c;
			refType = 4;
			sourceTree = "<group>";
		};
		A3800BBF03C37DC500A80001 = {
			fileRef = A3800BB703C37DC500A80001;
			isa = PBXBuildFile;
			settings = {
			};
		};
		A3800BC003C37DC500A80001 = {
			fileRef = A3800BB803C37DC500A80001;
			isa = PBXBuildFile;
			settings = {
			};
		};
		A3800BC103C37DC500A80001 = {
			fileRef = A3800BB903C37DC500A80001;
			isa = PBXBuildFile;
			settings = {
			};
		};
		A3800BC203C37DC500A80001 = {
			fileRef = A3800BBA03C37DC500A80001;
			isa = PBXBuildFile;
			settings = {
			};
		};
		A3800BC303C37DC500A80001 = {
			fileRef = A3800BBB03C37DC500A80001;
			isa = PBXBuildFile;
			settings = {
			};
		};
		A3800BC403C37DC500A80001 = {
			fileRef = A3800BBC03C37DC500A80001;
			isa = PBXBuildFile;
			settings = {
			};
		};
		A3800BC503C37DC500A80001 = {
			fileRef = A3800BBD03C37DC500A80001;
			isa = PBXBuildFile;
			settings = {
			};
		};
		A3800BC603C37DC500A80001 = {
			fileRef = A3800BBE03C37DC500A80001;
			isa = PBXBuildFile;
			settings = {
			};
		};
		A3AB3C3906896BA00048586A = {
			fileEncoding = 4;
			isa = PBXFileReference;
			lastKnownFileType = sourcecode.c.c;
			path = il_hdr.c;
			refType = 4;
			sourceTree = "<group>";
		};
		A3AB3C3A06896BA00048586A = {
			fileRef = A3AB3C3906896BA00048586A;
			isa = PBXBuildFile;
			settings = {
			};
		};
		A3E77719068C591B009ADBC2 = {
			fileEncoding = 4;
			isa = PBXFileReference;
			lastKnownFileType = sourcecode.c.h;
			path = il_hdr.h;
			refType = 4;
			sourceTree = "<group>";
		};
		A3E7771A068C591B009ADBC2 = {
			fileRef = A3E77719068C591B009ADBC2;
			isa = PBXBuildFile;
			settings = {
			};
		};
		A3F71D68068DA88100F9ABE2 = {
			fileRef = A3800B5C03C37DA400A80001;
			isa = PBXBuildFile;
			settings = {
			};
		};
		A3F71DD9068DA9AE00F9ABE2 = {
			fileRef = A3800B4103C37DA400A80001;
			isa = PBXBuildFile;
			settings = {
			};
		};
		A3F71E02068DAB0100F9ABE2 = {
			fileRef = A3800B4803C37DA400A80001;
			isa = PBXBuildFile;
			settings = {
			};
		};
		A3F71E07068DAB0200F9ABE2 = {
			fileRef = A3800B4903C37DA400A80001;
			isa = PBXBuildFile;
			settings = {
			};
		};
		A3F71E09068DAB0200F9ABE2 = {
			fileRef = A3800B4403C37DA400A80001;
			isa = PBXBuildFile;
			settings = {
			};
		};
		A3F71E0E068DAB0200F9ABE2 = {
			fileRef = A3800B5A03C37DA400A80001;
			isa = PBXBuildFile;
			settings = {
			};
		};
		A3F71E2B068DABC800F9ABE2 = {
			children = (
				A328B2A7068C5CF00098952D,
				A3F71E30068DABDA00F9ABE2,
				A3F71E31068DABDA00F9ABE2,
				A3F71E32068DABDA00F9ABE2,
				A3F71E33068DABDA00F9ABE2,
				A3F71E34068DABDA00F9ABE2,
				A3F71E35068DABDA00F9ABE2,
				A3F71E43068DABEA00F9ABE2,
				A3F71E44068DABEA00F9ABE2,
				A3F71E45068DABEA00F9ABE2,
				A3F71E46068DABEA00F9ABE2,
				A3F71E47068DABEA00F9ABE2,
				A3F71E48068DABEA00F9ABE2,
				A3F71E49068DABEA00F9ABE2,
			);
			isa = PBXGroup;
			name = Other;
			refType = 4;
			sourceTree = "<group>";
		};
		A3F71E30068DABDA00F9ABE2 = {
			fileEncoding = 4;
			isa = PBXFileReference;
			lastKnownFileType = text;
			name = ChangeLog;
			path = /Users/dario/Desktop/DevIL/ChangeLog;
			refType = 0;
			sourceTree = "<absolute>";
		};
		A3F71E31068DABDA00F9ABE2 = {
			fileEncoding = 4;
			isa = PBXFileReference;
			lastKnownFileType = text;
			name = BUGS;
			path = /Users/dario/Desktop/DevIL/BUGS;
			refType = 0;
			sourceTree = "<absolute>";
		};
		A3F71E32068DABDA00F9ABE2 = {
			fileEncoding = 4;
			isa = PBXFileReference;
			lastKnownFileType = text.script.sh;
			name = autogen.sh;
			path = /Users/dario/Desktop/DevIL/autogen.sh;
			refType = 0;
			sourceTree = "<absolute>";
		};
		A3F71E33068DABDA00F9ABE2 = {
			fileEncoding = 4;
			isa = PBXFileReference;
			lastKnownFileType = text;
			name = INSTALL;
			path = /Users/dario/Desktop/DevIL/INSTALL;
			refType = 0;
			sourceTree = "<absolute>";
		};
		A3F71E34068DABDA00F9ABE2 = {
			fileEncoding = 4;
			isa = PBXFileReference;
			lastKnownFileType = text;
			name = CREDITS;
			path = /Users/dario/Desktop/DevIL/CREDITS;
			refType = 0;
			sourceTree = "<absolute>";
		};
		A3F71E35068DABDA00F9ABE2 = {
			fileEncoding = 4;
			isa = PBXFileReference;
			lastKnownFileType = text;
			name = COPYING;
			path = /Users/dario/Desktop/DevIL/COPYING;
			refType = 0;
			sourceTree = "<absolute>";
		};
		A3F71E36068DABDA00F9ABE2 = {
			fileRef = A3F71E30068DABDA00F9ABE2;
			isa = PBXBuildFile;
			settings = {
			};
		};
		A3F71E37068DABDA00F9ABE2 = {
			fileRef = A3F71E31068DABDA00F9ABE2;
			isa = PBXBuildFile;
			settings = {
			};
		};
		A3F71E38068DABDA00F9ABE2 = {
			fileRef = A3F71E32068DABDA00F9ABE2;
			isa = PBXBuildFile;
			settings = {
			};
		};
		A3F71E39068DABDA00F9ABE2 = {
			fileRef = A3F71E33068DABDA00F9ABE2;
			isa = PBXBuildFile;
			settings = {
			};
		};
		A3F71E3A068DABDA00F9ABE2 = {
			fileRef = A3F71E34068DABDA00F9ABE2;
			isa = PBXBuildFile;
			settings = {
			};
		};
		A3F71E3B068DABDA00F9ABE2 = {
			fileRef = A3F71E35068DABDA00F9ABE2;
			isa = PBXBuildFile;
			settings = {
			};
		};
		A3F71E43068DABEA00F9ABE2 = {
			fileEncoding = 4;
			isa = PBXFileReference;
			lastKnownFileType = text;
			name = TODO;
			path = /Users/dario/Desktop/DevIL/TODO;
			refType = 0;
			sourceTree = "<absolute>";
		};
		A3F71E44068DABEA00F9ABE2 = {
			fileEncoding = 4;
			isa = PBXFileReference;
			lastKnownFileType = text;
			name = README.win;
			path = /Users/dario/Desktop/DevIL/README.win;
			refType = 0;
			sourceTree = "<absolute>";
		};
		A3F71E45068DABEA00F9ABE2 = {
			fileEncoding = 4;
			isa = PBXFileReference;
			lastKnownFileType = text;
			name = README.unix;
			path = /Users/dario/Desktop/DevIL/README.unix;
			refType = 0;
			sourceTree = "<absolute>";
		};
		A3F71E46068DABEA00F9ABE2 = {
			fileEncoding = 4;
			isa = PBXFileReference;
			lastKnownFileType = text;
			name = README.macosx;
			path = /Users/dario/Desktop/DevIL/README.macosx;
			refType = 0;
			sourceTree = "<absolute>";
		};
		A3F71E47068DABEA00F9ABE2 = {
			fileEncoding = 4;
			isa = PBXFileReference;
			lastKnownFileType = text;
			name = README;
			path = /Users/dario/Desktop/DevIL/README;
			refType = 0;
			sourceTree = "<absolute>";
		};
		A3F71E48068DABEA00F9ABE2 = {
			fileEncoding = 4;
			isa = PBXFileReference;
			lastKnownFileType = text;
			name = NEWS;
			path = /Users/dario/Desktop/DevIL/NEWS;
			refType = 0;
			sourceTree = "<absolute>";
		};
		A3F71E49068DABEA00F9ABE2 = {
			fileEncoding = 4;
			isa = PBXFileReference;
			lastKnownFileType = text;
			name = Makefile.am;
			path = /Users/dario/Desktop/DevIL/Makefile.am;
			refType = 0;
			sourceTree = "<absolute>";
		};
		A3F71E4A068DABEA00F9ABE2 = {
			fileRef = A3F71E43068DABEA00F9ABE2;
			isa = PBXBuildFile;
			settings = {
			};
		};
		A3F71E4B068DABEA00F9ABE2 = {
			fileRef = A3F71E44068DABEA00F9ABE2;
			isa = PBXBuildFile;
			settings = {
			};
		};
		A3F71E4C068DABEA00F9ABE2 = {
			fileRef = A3F71E45068DABEA00F9ABE2;
			isa = PBXBuildFile;
			settings = {
			};
		};
		A3F71E4D068DABEA00F9ABE2 = {
			fileRef = A3F71E46068DABEA00F9ABE2;
			isa = PBXBuildFile;
			settings = {
			};
		};
		A3F71E4E068DABEA00F9ABE2 = {
			fileRef = A3F71E47068DABEA00F9ABE2;
			isa = PBXBuildFile;
			settings = {
			};
		};
		A3F71E4F068DABEA00F9ABE2 = {
			fileRef = A3F71E48068DABEA00F9ABE2;
			isa = PBXBuildFile;
			settings = {
			};
		};
		A3F71E50068DABEA00F9ABE2 = {
			fileRef = A3F71E49068DABEA00F9ABE2;
			isa = PBXBuildFile;
			settings = {
			};
		};
	};
	rootObject = 0867D690FE84028FC02AAC07;
}
