(This file must be converted with BinHex 4.0)
:$h"bEfTPBh3ZF'*iF(*[DJ#3$EA@!!!"(KB`,bmJ)53U994'1#SN)3Tl#JPKFQ0
SDACP9Q9bFfP[EL!p)$%l#JPME'&cFf9c)$dJH`S*I6X+#@pLDQ9MG&CPFR0TEfi
J25!c1$X+#@pLDQ9MG(-J25"l#JN*-$-d0cBi4%4'4M-i363e36%a4%)j3cK#)$d
JH`S*#3PMD'PXC(*PEL!p)#J+#C!%-$-d0cBi4%9'4M-i363e36%a4%)j3cK#,!S
*#3NT1`S*#3PTFf%J25"33PK(FQpeF$X+#3N*EQ&YC5!p)&"bEf4eBh4c1`S*#3P
bC@C8HA"P)$dJ0$X+#3Pp1`S*#6!c0$Ff1%4&4NBc1%%d08%a-84#18-i3L!p)(X
+#3N*DA0K)$dJ8%*B4R*KE@9hEh*V8Q9QCA*PEQ0P1`S*#3P`BA4S)$dJ58`ZCR*
KE@9hEh*V1`S*#3PbC@C8HA"P)$dJ-cX+#3Pp1`S[,c!c-!S[,c!c-3S[,c!c-JS
[,c!c-`S[,c!c0!S[,c!i-!S[,c!i-3S[,c!i-JS[,c!i-`S[,c!i0!S*#6!i0MG
%0MN`4N8i0$!b1%C$-$*"38-`0b!p)(X+#3N*BR9TE'46G(PXCA-J25!S#JQ3"$4
'-%*#0d9$-$%a4M3`46N`0%0"-%8e-#`+#C!%0%B`3N)h483`-6&'0$"&16!d3d%
`468`,!S*#3NT1`S*#3PSBA06Bf&ZEQ9N4Qpb4@jMEf4TEQGc)$dJ-6X+#3N*DA0
K)$dJ8%*B8(*[DQ9MG$X+#3N*E@&TENGbEh9`)$dJ-$Jf0d3f16&'46Jd-$)i4N-
`-N&"3c!h1`S*#3P`FQpNG@0d8Q9Q4h*[GA!J25!`-c3h0MK%4%C'-cK"0$9"-6&
%3MP$1%)l#JN*#A"bEfTPBh4%DA*3BA4S)$dJ)L)l#JN*#A4KFQGPG(-J25!S#JQ
3"$!i0MG%0MP$4N8i0$!b1%C$-$*"38-`0b`+#3N*+6X+#3Pp1`S*#6!i0MG%0MN
a4N8i0$!b1%C$-$*"38-`0b!p)(X+#3N*BfKTE'4bC@iJ25!S#JQ3"$!i4N)h0d&
$4N8i0$%h-$G$-$*"38-`0b`+#C!%-$Jj3c%f0M9'46Jd-6%e1%-`-N&"3c!h,!S
*N!3`1$Bh4$Bj38C&1$3`-MK'3c!b38&$-$FX#JQ3"$!c0$Ff1%4%4NBc1%%d08%
a-84#18-i3L`+#3N*+6X+#3N*DA0K)$dJ8%*B4h*[GA!l#JN*#@jKE@8J25"2F'9
Z58`l#JN*#A*PCP4jF'8J25!d1`S*#Adl#JN*-$Jf0d3f18&'46Jd-$)i4N-`-N&
"3c!h)$dJH`S*#3PMD'PXC(*PEL!p)#J+#C!%360"0MBf3M&$08)`0N%f36!`36J
`-$!a,!S*N!4"-d%f0MC#-N-e3M!f36C"-$""1$!`-$%X#JQ3"%%c36Bf0N)c3c9
#-$C"0N%`-%%i-$!`-5`+#C!%360"0MBf3M4$08)`0N%f36!`36J`-$!a,!S*N!4
"-d%f0MC#08-e3M!f36C"-$""1$!`-$%X#JQ3"%%c-8Bb36*"3c9#-$0"18)`-%%
i-$!`-5`+#3N*+6X+#3N*DA0K)$dJ8%*B4h*[GA!l#JN*#@jKE@8J25!L4AKdCA*
ZB@`J4R*KE@9hEh*VFb"KEQ3J6'PLFQ&bD@9c)MX+#3N*FQ9Q9(P`C5!p)$3l#JN
*I6X+#3N`1$Bh4$Bj3dC&1$3`-MK'3c!b38&$-$FJ25"l#JN*#@*eD@aN8'KKFf9
c)$dJ+!S*N!3`1$Bh4$Bj4%C&1$3`-MK'3c!b38&$-$FX#JQ3"$!i0MG%0MP&4N8
i0$!b1%C$-$*"38-`0b`+#C!%-$Jf0d3f18C'46Jd-$)i4N-`-N&"3c!h,!S*N!3
`1$Bh4$C"-%C&1$3`-MK'3c!b38&$-$FX#JQ3"$!i0MG%0N%b4N8i0$!b1%C$-$*
"38-`0b`+#3N*+6X+#3N*BR9TE'46CA4dD@jRFb!p)(X+#C!%4%9#98G(58j(Ae0
C68*26&-J25"16cX+#C!%4&P-58*I3dp08%&858**6%P8@9p@49*658p1)$dJ-6X
+#C!%4&P-58*I3e958N919&p@49*658p1)$dJ-6X+#C!%4P*"689A6e*,Ae0&39*
$5&p3394)8b!p)#*F)L3S6%p$38aI6%P#8N&5@9p%59)T,dCbB@ePGfpbDh-[58`
ZCR*KE@9hEh*V,dCbB@ePGfpbDh0F)L)l#JQ3"%C538e&9dp55ep@49*658p1)$d
J36X+#C!%5%9"4%95Ae0&39*$5&p3394)8b!p)#)L1`S*N!4*6P0838a-Ae""9%J
J25![6'PLFQ&bH5p'FQ&YCAG[FQYc1`S*N!4-58*539*CAe0&39*$5&p3394)8b!
p)#)L1`S*N!428&4*68PD394*6djI3dC-38G6)$dJ)Le2-b)l#JQ3"%p85%95Ad0
'6%&(8b!p)#)YCQ&XG'PfC@-L1`S*N!438N9$6de358a&Ae"548C*@&p)48&%49)
J25"C49-l#JQ3"&"548C*@&p)48&%49)J25"YB@0MEfjQD@FZD$X+#C!%8&*24&9
$9&p138e&)$dJ58`l#JQ3"&0&3e428N4&8Pp'6%&(8b!p)#)L1`S*N!498d9I4d0
$-ep34N9I8e938%p59#!p)%j21`S*N!4A39*158j(Ad0'6%&(8b!p)#)Y9fe[Fh3
J,9GZEbeQEh9b,@0SBA)YBfpZFh4KER4c)#eAEQmYG@jVEQphELe`FQ&RE@&c)MX
+#C!%9e*"8&"&8Pp&@&4&6P0*6diJ25"QFQ&YCAG[FQXl#JN*#Adl#JN*#@4PF'9
ZC'9ZBfPPFb!p)#J+#3N*+6X+#3N*DA0K)$dJ8%*B4R*KE@9hEh*V9'&bCf9d1`S
*#3PZB@eP)$dJ58`l#JN*#A"bEf4eBh4*ER0dB@aX8'&dD#!p)#p-D@*bBA*j,dC
bB@ePGfpbDh-l#JN*#A"bEf4eBh41B@eP)$dJ6h"PENP-1`S*#3P`FQpNG@0d8Q9
QCA*PEQ0P)$dJ-$-d0cBi4%9'4M-i363e36%a4%)j3cK#1`S*#3P`FQpNG@0d8f9
dG'PZCh0B68`J25!L2$piE@`JGQ9bFfP[EMeF)M%Z-&`L)'9ZBfpND@jR29`L994
',6KF)Mmq#M`K4%p$9&P345"`E'PcG#"398*-58-JA#)Y,bp"F("XC5"$Efe`GA4
PFLm[4&4%)&"-5908)$%Z-#m[48jF)L"F)QKdG(!k,bphGhFZBA"`E'8ZBfpY,d4
84(-[8(*[F'9bG(P-DA0d,6%Z-#jNG'4F)Mi+2("XDA0d)(CPFR0TEfipA#)a,M"
F)Mi+2'4TBh3q#JNmDf9j2N0'3R9ZC'aP4'9fC@a[F'ePER45C@GTEfim,fYPH6i
+#6acG(*TEQFq4@jRE'PcD$`[Fh4bD@jR2JS*2'YPH6j$4N*eEQ4XC89iC@0eG'&
LE'8m,fYPH6i+#6acG(*TEQFq58`m,h0dFQPZCci+#6aVCANq3dC#G@jNE'9*Bfp
Z4QPXC6`[Df9j2JS*2(0dFQPZCcim,h0dFQPZCci+#6aVCANq3dC#G@jNE'9*C'9
ZG'PQD@9b2#pVCANq#JNmFh4bD@jR2M`[Fh4bD@jR2JS*2'YPH6j$4N*eEQ4XC8P
ZCQp%D@0dD@pZBA*j9Q9bFfP[EM`[Df9j2JS*2(0dFQPZCcif,M!m,h0dFQPZCci
+#6aVCANq3dC#G@jNE'93B@0VB@GP9(P`C6`[Df9j2JS*2(0dFQPZCcj'69G,2#p
cG(*TEQFq#JNmDf9j2N0'3R9ZC'aP8fPREQ&dGA*P2#pVCANq#JNmFh4bD@jR2Mq
3"$`[Fh4bD@jR2JS*2'YPH6j$4N*eEQ4XC9CPFR0TEfim,fYPH6i+#6acG(*TEQF
q-#i`,M&N-6`[Fh4bD@jR2JS*2'YPH6j$8e*PFfpeFQ0PFdCTE'90BA"`C@3m,fY
PH6i+#6adFR9P,ci+2#pND@0d2JSm,h"XDA0d2JSL1`S*#Adl#JN*-$Jf0d3f184
'46Jd-$)i4N-`-N&"3c!h)$dJH`S*#3PLG@PXC%&MG'P[ENeKFfXJ25!b-63h0$J
c0M3h1`S*#3PQD@aPFb!p)#J+#C!%36-i-$""3d8`-d-c0d3a0c!`36J`-$!a,!S
*N!4"-cJ`-%&%-M!c3c-h4$)f-$""1$!`-$%X#JQ3"%%c1$!`383d-$0$-cG%-N%
`-%%i-$!`-5`+#C!%36-i-$""4$N`-d-c0d3b46!`36J`-$!a,!S*N!4"-cJ`-%&
%36!c3c-h4$*&-$""1$!`-$%X#JQ3"%%c1$!`384#-$0$-cG%-N8`-%%i-$!`-5`
+#C!%36-i-$""4%-`-d-c0d3b46!`36J`-$!a,!S*N!4"-cJ`-%&'36!c3c-h4$8
a-$""1$!`-$%X#JQ3"%%c1$!`38C#-$0$-cG%06%`-%%i-$!`-5`+#C!%36-i-$"
"4N-`-d-c0d3e-6!`36J`-$!a,!S*N!4"-cJ`-%&'4$!c3c-h4$8a-$""1$!`-$%
X#JQ3"%%c1$!`38C&-$0$-cG%06%`-%%i-$!`-5`+#C!%36-i-$""4NB`-d-c0d3
e-6!`36J`-$!a,!S*N!4"-cJ`-%)`-$!c3c-h4$8a-$""1$!`-$%X#JQ3"%%c1$!
`3M!a-$0$-cG%06%`-%%i-$!`-5`+#C!%36-i-$"#-$)`-d-c0d3e-6!`36J`-$!
a,!S*N!4"-cJ`-%)`-c!c3c-h4$8a-$""1$!`-$%X#JQ3"%%c1$!`3M!d-$0$-cG
%06%`-%%i-$!`-5`+#C!%36-i-$"#-$8`-d-c0d3e-6!`36J`-$!a,!S*N!4"-cJ
`-%)`0M!c3c-h4$8a-$""1$!`-$%X#JQ3"%%c1$!`3M!h-$0$-cG%06%`-%%i-$!
`-5`+#C!%36-i-$"#-$J`-d-c0d3e-6!`36J`-$!a,!S*N!4"-cJ`-%)`16!c3c-
h4$8a-$""1$!`-$%X#JQ3"%%c1$!`3M""-$0$-cG%06%`-%%i-$!`-5`+#C!%36-
i-$"#-%)`-d-c0d3e-6!`36J`-$!a,!S*N!4"-cJ`-%)`3c!c3c-h4$8a-$""1$!
`-$%X#JQ3"%%c1$!`3M"%-$0$-cG%06%`-%%i-$!`-5`+#C!%36-i-$"#-%8`-d-
c0d3e-6!`36J`-$!a,!S*N!4"-cJ`-%)`4M!c3c-h4$8a-$""1$!`-$%X#JQ3"%%
c1$!`3M%`-$0$-cG%06%`-%%i-$!`-5`+#C!%36-i-$"#-6%`-d-c0d3e-6!`36J
`-$!a,!S*N!4"-cJ`-%)a-M!c3c-h4$8a-$""1$!`-$%X#JQ3"%%c1$!`3M%c-$0
$-cG%06%`-%%i-$!`-5`+#C!%36-i-$"#-63`-d-c0d3e-6!`36J`-$!a,!S*N!4
"-cJ`-%)a06!c3c-h4$8a-$""1$!`-$%X#JQ3"%%c1$!`3M&&-$0$-cG%0c%`-%%
i-$!`-5`+#C!%36-i-$"#-8B`-d-c0d3h-6!`36J`-$!a,!S*N!4"-cJ`-%)b-$!
c3c-h4$Fa-$""1$!`-$%X#JQ3"%%c1$!`3M)a-$0$-cG%0c%`-%%i-$!`-5`+#C!
%36-i-$"#-M)`-d-c0d3h-6!`36J`-$!a,!S*N!4"-cJ`-%)b-c!c3c-h4$Fa-$"
"1$!`-$%X#JQ3"%%c1$!`3M)i-$0$-cG%0d)`-%%i-$!`-5`+#C!%36-i-$"#-MN
`-d-c0d3h3M!`36J`-$!a,!S*N!4"-cJ`-%)b36!c3c-h4$G#-$""1$!`-$%X#JQ
3"%%c1$!`3M*#-$0$-cG%0d)`-%%i-$!`-5`+#C!%360'4MBi-c3`0$&$-N%c0c!
`36J`-$!a,!S*#3NT1`S*#3PTFf%J25"33PK)C@&NCA*c3R9TE'43D'&cC6X+#3N
*FR9Z6fjXH8C[FN4PF'a[H@ePER43Eh0dF(*[Bf9cFfPZCb!p)$!l#JN*I6X+#3N
`1$Bh4$Bj48C&1$3`-MK'3c!b38&$-$FJ25"l#JN*#@*eD@aN3@0dD@pZ6@&cDb!
p)$)a0$Fd1$-f0$Fl#JN*#@CTE'9c)$dJ+!S*N!3`1$P$-6Bf1%C&1$3a-68i3c!
b38&$-$FX#JN*#5Nl#JN*#@PcB5!p)&"#@&*PFfpeFQ0PFd*eD@aN8'KKFf8l#JN
*#A*eENpZE(P'Eh*%CA"XEhPYC@jd8'pcG("bEf0PFh0TEQFJ25!`1`S*#Adl#JN
*-$Jf0d3f18C'46Jd-$)i4N-`-N&"3c!h)$dJH`S*#3PLG@PXC%&MG'P[ENeKFfX
J25!b-63h0$Jc0M3h1`S*#3PQD@aPFb!p)#J+#C!%36-i-$""4$!`-d-c0d3a4M!
`36J`-$!a,!S*N!4"-cJ`-%)f-M!c3c-h4%%d-$""1$!`-$%X#JQ3"%%c1$!`3MB
c-$0$-cG%363`-%%i-$!`-5`+#C!%36-i-$"#0M3`-d-c0d4"0$!`36J`-$!a,!S
*N!4"-cJ`-%)f06!c3c-h4%%d-$""1$!`-$%X#JQ3"%%c1$!`3MBf-$0$-cG%363
`-%%i-$!`-5`+#C!%36-i-$"#0MF`-d-c0d4"0$!`36J`-$!a,!S*N!4"-cJ`-%)
f1$!c3c-h4%%d-$""1$!`-$%X#JQ3"%%c1$!`3MBj-$0$-cG%363`-%%i-$!`-5`
+#C!%36-i-$"#0N%`-d-c0d4"0$!`36J`-$!a,!S*N!4"-cJ`-%)f3M!c3c-h4%%
d-$""1$!`-$%X#JQ3"%%c1$!`3MC$-$0$-cG%363`-%%i-$!`-5`+#C!%36-i-$"
#0N3`-d-c0d4"0$!`36J`-$!a,!S*N!4"-cJ`-%)f46!c3c-h4%%d-$""1$!`-$%
X#JQ3"%%c1$!`3MC'-$0$-cG%363`-%%i-$!`-5`+#C!%36-i-$"#0c!`-d-c0d4
"0$!`36J`-$!a,!S*N!4"-cJ`-%)h-6!c3c-h4%%d-$""1$!`-$%X#JQ3"%%c1$!
`3MFb-$0$-cG%363`-%%i-$!`-5`+#C!%36-i-$"#0c-`-d-c0d4"0$!`36J`-$!
a,!S*N!4"-cJ`-%)h0$!c3c-h4%%d-$""1$!`-$%X#JQ3"%%c1$!`3MFe-$0$-cG
%363`-%%i-$!`-5`+#C!%36-i-$"#0cB`-d-c0d4"0$!`36J`-$!a,!S*N!4"-cJ
`-%)h0c!c3c-h4%%d-$""1$!`-$%X#JQ3"%%c1$!`3MFi-$0$-cG%363`-%%i-$!
`-5`+#C!%36-i-$"#0cN`-d-c0d4"0$!`36J`-$!a,!S*N!4"-cJ`-%)h36!c3c-
h4%%d-$""1$!`-$%X#JQ3"%%c1$!`3MG#-$0$-cG%363`-%%i-$!`-5`+#C!%36-
i-$"#0d-`-d-c0d4"0$!`36J`-$!a,!S*N!4"-cJ`-%)h4$!c3c-h4%%d-$""1$!
`-$%X#JQ3"%%c1$!`3MG&-$0$-cG%363`-%%i-$!`-5`+#C!%36-i-$"#0dB`-d-
c0d4"0$!`36J`-$!a,!S*N!4"-cJ`-%)i-$!c3c-h4%%d-$""1$!`-$%X#JQ3"%%
c1$!`3MJa-$0$-cG%363`-%%i-$!`-5`+#C!%36-i-$"#1$)`-d-c0d4"0$!`36J
`-$!a,!S*N!4"-cJ`-%)i-c!c3c-h4%%d-$""1$!`-$%X#JQ3"%%c1$!`3MJd-$0
$-cG%363`-%%i-$!`-5`+#C!%36-i-$"#1$8`-d-c0d4"0$!`36J`-$!a,!S*N!4
"-cJ`-%)i0M!c3c-h4%%d-$""1$!`-$%X#JQ3"%%c1$!`3MJh-$0$-cG%363`-%%
i-$!`-5`+#C!%36-i-$"#1$J`-d-c0d4"0$!`36J`-$!a,!S*N!4"-cJ`-%)i16!
c3c-h4%%d-$""1$!`-$%X#JQ3"%%c1$!`3MK"-$0$-cG%363`-%%i-$!`-5`+#C!
%36-i-$"#1%)`-d-c0d4"0$!`36J`-$!a,!S*N!4"-cJ`-%)i3c!c3c-h4%%d-$"
"1$!`-$%X#JQ3"%%c1$!`3MK%-$0$-cG%363`-%%i-$!`-5`+#C!%36-i-$"#1%8
`-d-c0d4"0$!`36J`-$!a,!S*N!4"-cJ`-%)i4M!c3c-h4%%d-$""1$!`-$%X#JQ
3"%%c1$!`3MN`-$0$-cG%363`-%%i-$!`-5`+#C!%36-i-$"#16%`-d-c0d4"0$!
`36J`-$!a,!S*N!4"-cJ`-%)j-M!c3c-h4%%d-$""1$!`-$%X#JQ3"%%c1$!`3MN
c-$0$-cG%363`-%%i-$!`-5`+#C!%36-i-$"#163`-d-c0d4"0$!`36J`-$!a,!S
*N!4"-cJ`-%*"0M!c3c-h4%)i-$""1$!`-$%X#JQ3"%%c1$!`3N%h-$0$-cG%3MJ
`-%%i-$!`-5`+#C!%36-i-$"#36J`-d-c0d4#1$!`36J`-$!a,!S*N!4"-cJ`-%*
"16!c3c-h4%)i-$""1$!`-$%X#JQ3"%%c1$!`3N&"-$0$-cG%3MJ`-%%i-$!`-5`
+#C!%36-i-$"#38)`-d-c0d4#1$!`36J`-$!a,!S*N!4"-cJ`-%*"3c!c3c-h4%)
i-$""1$!`-$%X#JQ3"%%c1$!`3N&%-$0$-cG%3MJ`-%%i-$!`-5`+#C!%36-i-$"
#388`-d-c0d4#1$!`36J`-$!a,!S*N!4"-cJ`-%*"4M!c3c-h4%)i-$""1$!`-$%
X#JQ3"%%c1$!`3N)`-$0$-cG%3MJ`-%%i-$!`-5`+#C!%36-i-$"#3M%`-d-c0d4
#1$!`36J`-$!a,!S*N!4"-cJ`-%*#-M!c3c-h4%)i-$""1$!`-$%X#JQ3"%%c1$!
`3N)c-$0$-cG%3MJ`-%%i-$!`-5`+#C!%36-i-$"#3M3`-d-c0d4#1$!`36J`-$!
a,!S*N!4"-cJ`-%*#06!c3c-h4%)i-$""1$!`-$%X#JQ3"%%c1$!`3N)f-$0$-cG
%3MJ`-%%i-$!`-5`+#C!%36-i-$"#3NB`-d-c0d4$06!`36J`-$!a,!S*N!4"-cJ
`-%*$-$!c3c-h4%-e-$""1$!`-$%X#JQ3"%%c1$!`3N-a-$0$-cG%3c8`-%%i-$!
`-5`+#C!%36-i-$"#3c)`-d-c0d4$06!`36J`-$!a,!S*N!4"-cJ`-%*$-c!c3c-
h4%-e-$""1$!`-$%X#JQ3"%%c1$!`3N-d-$0$-cG%3c8`-%%i-$!`-5`+#C!%36-
i-$"#3c8`-d-c0d4$06!`36J`-$!a,!S*N!4"-cJ`-%*$0M!c3c-h4%-e-$""1$!
`-$%X#JN*#5Nl#JN*#@PcB5!p)&"#@&0[GA*MCA0#G@PXC&"SBA0P1`S*#3PbG@j
2EQaj4Qpb4'9`E'pjE@9ZG&"[Fh4`FQpMCA0cD@jR)$dJ-$X+#3Pp1`S*#6!i0MG
%0N%`4N8i0$!b1%C$-$*"38-`0b!p)(X+#3N*BR9TE'4"Bh4TEfj0BA0V)$dJ-M%
d0c3i-cBd0cX+#3N*CQPXCA-J25!S#JQ3"%%c-8Bb36*#3c9#-$0"18)`-%%i-$!
`-5`+#C!%360"0MBf3MC$08)`0N%f36!`36J`-$!a,!S*N!4"-d%f0MC#0d-e3M!
f36C"-$""1$!`-$%X#JQ3"%%c36Bf0N)i3c9#-$C"0N%`-%%i-$!`-5`+#C!%360
"0MBf3MP$08)`0N%f36!`36J`-$!a,!S*N!4"-d%f0MC#38-e3M!f36C"-$""1$!
`-$%X#JN*#5Nl#JN*#@PcB5!p)&"#@%CbB@ePGfpbDh0#G@PXC&"SBA0P1`S*#3P
bG@j2EQaj4Qpb4'9`E'pjE@9ZG&"[Fh4`FQpMCA0cD@jR)$dJ-$X+#3Pp1`S*#6!
i0MG%0N%b4N8i0$!b1%C$-$*"38-`0b!p)(X+#3N*BR9TE'4"Bh4TEfj0BA0V)$d
J-M%d0c3i-cBd0cX+#3N*CQPXCA-J25!S#JN*#5Nl#JN*#@PcB5!p)&"#@&*PHN*
eD@aN8'KKFf8l#JN*#A*eENpZE(P'Eh*%CA"XEhPYC@jd8'pcG("bEf0PFh0TEQF
J25!`1`S*#Adl#JN*-$Jj3c%f0M9'46Jd-6%e1%-`-N&"3c!h)$dJH`S*#3PMD'P
XC(*PEL!p)#J+#C!%-$Jj3c%f0MC'46Jd-6%e1%-`-N&"3c!h,!S*#3NT1`S*#3P
TFf%J25"33PK(FQpeF$X+#3N*EQ&YC5!p)&*PFfpeFQ0PFcX+#3N*FQ9Q9(P`C5!
p)$3l#JN*I6X+#3N`1$P$-6Bf0NC&1$3a-68i3c!b38&$-$FJ25"l#JN*#@0SD@a
NFQ9Z)$dJ+!S*N!3`1$P$-6Bf0dC&1$3a-68i3c!b38&$-$FX#JN*#5Nl#JN*#@P
cB5!p)&"#@&CKFQPKER4(FQpeF$X+#3N*EQ&YC5!p)%PZCQp3E'PcG#jcG(*TEQG
c1`S*#3PbC@C8HA"P)$dJ0$X+#3Pp1`S*#6!i18-a0MBh4N8i0$%a06K$-$*"38-
`0b!p)(X+#3N*CQPXC89ZBfpND@jR)$dJ-6!l#JN*#@PcB5!p)&"#@%CTE'95C@C
PFQ9ZBf8l#JN*#@jKE@8J25"&EQGXDA0S1`S*#3P`BA4S)$dJ4@jRE'PcD#jXF(*
[DLp*EQC[8'aTFh3ZFh4bD@jRFcX+#3N*FQ9Q9(P`C5!p)$3l#JN*I6X+#3N`1$P
$-6Bf1%C&1$3a-68i3c!b38&$-$FJ25"l#JN*#@CTE'95C@BJ25!`1$P$-6Bf0NC
&1$3a-68i3c!b38&$-$Fl#JN*#@PcB5!p)&"#@%*eD@aN4QPXC6X+#3N*Ff9dG'P
ZCh-J25"l#JN*#Adl#JN*I6X+#3N`1%C#0cG"3dC&1$3a0c!h3c!b38&$-$FJ25"
l#JN*#@0SD@aNFQ9Z)$dJ+!S*N!4"-cJ`-%&$3M!c3c-h3dBd-$""1$!`-$%X#JQ
3"%%c1$!`380$-$0$-cG%-$%`-%%i-$!`-5`+#C!%36-i-$""3d%`-d-c0d0&4M!
`36J`-$!a,!S*#3NT1`S*#3PTFf%J25"33PK(FQpeF$X+#3N*EQ&YC5!p)%P-1`S
*#3P`BA4S)$dJ)L)l#JN*#A*PCP4jF'8J25!b1`S*#Adl#Lm[-$J`#Lm[-$Ja#Lm
[-$Jb#Lm[-$Jc#Lm[-$Jd#Lm[0%B`#Lm[0%Ba#Lm[0%Bb#Lm[0%Bc#Lm[0%Bd#JN
*0%B`3N)h48-`-6&'0$"&16!d3d%`468`)$dJH`S*#3PLG@PXC&*eE'9c)$dJ+!S
*#3NT1`S*#3PLG@PXC&0PG(4TEQGc)$dJH`S*N!4$6e"CAe")390&Ae088NP3)$d
J6Nml#JQ3"%p39%P059T"9%P26Pp$4Na"4e-J25!L,8m`)MX+#3N*I6X+#3N*DA0
K)$dJ8%*B3R9TE'46G(PXC6X+#3N*EQ&YC5!p)%4PGQ9XEh"YC@jd1`S*#Adl#JN
*0%B`3N)h483`-6&'0$"&16!d3d%`468`)$dJH`S*#3PLG@PXC&*eE'9c)$dJ+!S
*#3NT1`S*#3PLG@PXC&0PG(4TEQGc)$dJH`S*N!4$6e"CAe")390&Ae088NP3)$d
J@8961`S*#3Pp1`S*#3PTFf%J25"33PK#G@PXC&0dH@aP1`S*#3PZB@eP)$dJ4'9
`E'pjE@9ZG$X+#3Pp1`S[,c4'-!S[,c4'-3S[,c4'-JS[,c4'-`S[,c4'0!S[,d%
c-!S[,d%c-3S[,d%c-JS[,d%c-`S[,d%c0!S*#8%c-8Bb36*"3c9#-$0"18)`-%%
i-$!`-5!p)(X+#3N*DA0K)$dJ8%*B4R*KE@9hEh*V8Q9QCA*PEQ0P1`S*#3PZB@e
P)$dJ6h"PENG-,QCbB@ePGfpbDcX+#3N*F'&dD#!p)#p6HA0dC@d[6'PLFQ&bH5p
'FQ&YCAG[FQYc,dp`C@j(6#jQFQ&YCAG[FQXl#JN*#A*PCP4jF'8J25!`1`S*#Ad
l#JN*36-a4M*"-N*$08)`-d%j3M!`36J`-$!a)$dJH`S*#3PQD@aP8Q9Q)$dJ36-
a4M*"-N&$08)`-d%j3M!`36J`-$!a1`S*#3PTFf%J25"33PK#G@PXC%CTE'8l#JN
*#A0PG(4TEQGc)$dJH`S*#3Pp1`S*#Adl#JN*36-i-$""3d%`-d-c0d0&4M!`36J
`-$!a)$dJH`S*#3PMD'PXC(*PEL!p)#J+#C!%36-i-$"#-N8`-d-c0d3i4$!`36J
`-$!a,!S*N!4"-cJ`-%)b4$!c3c-h4$K"-$""1$!`-$%X#JQ3"%%c1$!`3M*$-$0
$-cG%1$8`-%%i-$!`-5`+#C!%36-i-$""3dB`-d-c0d3a4M!`36J`-$!a,!S*#3N
T1`S*#3PTFf%J25"33PK(FQpeF$X+#3N*EQ&YC5!p)&0[GA*MC6X+#3N*F'&dD#!
p)#)L1`S*#3PbC@C8HA"P)$dJ-MX+#3Pp1`S*#8%c1$!`380#-$0$-cG$4M3`-%%
i-$!`-5!p)(X+#3N*BfKTE'4bC@iJ25!S#JQ3"%%c1$!`3M%h-$0$-cG%06N`-%%
i-$!`-5`+#C!%36-i-$"#-6B`-d-c0d3e06!`36J`-$!a,!S*N!4"-cJ`-%&%4$!
c3c-h4$0%-$""1$!`-$%X#JQ3"%%c1$!`383c-$0$-cG%-N%`-%%i-$!`-5`+#3N
*+6X+#3N*DA0K)$dJ8%*B4h*[GA!l#JN*#@jKE@8J25!L8(*TGQ&dC5")C@&NCA*
c)MX+#3N*F'&dD#!p)#)L1`S*#3PbC@C8HA"P)$dJ-MX+#3Pp1`S*#8%c1$!`380
$-$0$-cG%-$%`-%%i-$!`-5!p)(X+#3N*BfKTE'4bC@iJ25!S#JQ3"%%c1$!`380
%-$0$-cG%-6F`-%%i-$!`-5`+#C!%36-i-$""4$%`-d-c0d3b0M!`36J`-$!a,!S
*N!4"-dC'0MJc-c!d-8-b36-h-$""1$!`-$%X#JQ3"%%c1$!`383e-$0$-cG%-N8
`-%%i-$!`-5`+#C!%36-i-$""4$B`-d-c0d3b46!`36J`-$!a,!S*N!4"-cJ`-%&
%0c!c3c-h4$*&-$""1$!`-$%X#JQ3"%%c1$!`383i-$0$-cG%-N8`-%%i-$!`-5`
+#3N*+6X+#3N*DA0K)$dJ8%*B4h*[GA!l#JN*#@jKE@8J25!L8(9LE'PM)%KPB@4
PFR-L1`S*#3P`BA4S)$dJ,Li[,Li[D@jME(9NC5p*6$X+#3N*FQ9Q9(P`C5!p)$)
l#JN*I6X+#3P"-cJ`-%&$4$!c3c-h4$%h-$""1$!`-$%J25"l#JN*#@CTE'9&EQ0
[C'PZCb!p)$-`1`S*#3PTFf%J25"33PK'D@aP8Q9QCA*PEQ0P1`S*#3PZB@eP)$d
JB@0MEfjQD@FZD$X+#3N*F'&dD#!p)#iZ,biZ,f&MBfpZCQPR,QJl#JN*#A*PCP4
jF'8J25!b1`S*#Adl#JN*36-i-$""3d8`-d-c0d3a0c!`36J`-$!a)$dJH`S*#3P
QD@aP8Q9Q)$dJ36-i-$""3d3`-d-c0d3a0c!`36J`-$!a1`S*#3PTFf%J25"33PK
#G@PXC%CTE'8l#JN*#A0PG(4TEQGc)$dJH`S*N!4"9&4558*99%96)$dJ+!S*N!9
3G@*XD@-X#JQ3"#Nl#JN*#Adl#JN*I6X+#3P"-cJ`-%&$4M!c3c-h4$&'-$""1$!
`-$%J25"l#JN*#@CTE'9&EQ0[C'PZCb!p)$-`1`S*#3PTFf%J25"33PK'D@aP8Q9
QCA*PEQ0P1`S*#3PZB@eP)$dJD@aIGh*KF#jMF(!l#JN*#A"KG'JJ25!L,Li[,Li
[Bh"`)(GbBA"`CA)[D@aIGh*KF#jMF(!L1`S*#3PbC@C8HA"P)$dJ-MX+#3Pp1`S
*#8%c1$!`383`-$0$-cG%-8B`-%%i-$!`-5!p)(X+#3N*CQPXC9*PCL!p)%%c1$!
`380'-$0$-cG%-8B`-%%i-$!`-6X+#3N*DA0K)$dJ8%*B3R9TE'4'D@aP1`S*#3P
cCA4dD@jRFb!p)(X+#3N*I6X+#3Pp1`S*#8%c1$!`383a-$0$-cG%-MB`-%%i-$!
`-5!p)(X+#3N*CQPXC89ZBfpND@jR)$dJ-c!l#JN*#@PcB5!p)&"#@%CTE'95C@C
PFQ9ZBf8l#JN*#@jKE@8J25"MEfjQD@FZD$X+#3N*F'&dD#!p)#iZ,biZ,fPZBfa
eC'8[58`[BfpZCQPR,QJl#JN*#A*PCP4jF'8J25!b1`S*#Adl#JN*36-i-$""4$)
`-d-c0d3b0M!`36J`-$!a)$dJH`S*#3PQD@aP8Q9Q)$dJ36-i-$""4$%`-d-c0d3
b0M!`36J`-$!a1`S*#3PTFf%J25"33PK#G@PXC%CTE'8l#JN*#A0PG(4TEQGc)$d
JH`S*N!4"9&4558*99%96)$dJ+!S*N!93G@*XD@-X#JQ3"#Nl#JN*#Adl#JN*I6X
+#3P"-cJ`-%&%-c!c3c-h4$*"-$""1$!`-$%J25"l#JN*#@CTE'9&EQ0[C'PZCb!
p)$-`1`S*#3PTFf%J25"33PK'D@aP8Q9QCA*PEQ0P1`S*#3PZB@eP)$dJC'9fD@a
ID@jdCA*ZB@aICAK`Eh*dFbjS1`S*#3P`BA4S)$dJ,Li[,Li[D@jME(9NC5p*6#p
NCACTE&pTER4PFQjKE&pPH("[FR4c,QJl#JN*#A*PCP4jF'8J25!b1`S*#Adl#JN
*36-i-$""4$3`-d-c0d3b36!`36J`-$!a)$dJH`S*#3PQD@aP8Q9Q)$dJ36-i-$"
"4$-`-d-c0d3b36!`36J`-$!a1`S*#3PTFf%J25"33PK#G@PXC%CTE'8l#JN*#A0
PG(4TEQGc)$dJH`S*#3Pp1`S*#Adl#JN*36-i-$""4$8`-d-c0d3b46!`36J`-$!
a)$dJH`S*#3PQD@aP4@jMEf4TEQFJ25!c-$X+#3N*DA0K)$dJ8%*B4QPXC9*PCQ9
bC@jMC6X+#3N*EQ&YC5!p)'PXAhGbBA!ZD$X+#3N*F'&dD#!p)#iZ,biZ,fPZBfa
eC'8[58`[D@aIGh*KF#jS1`S*#3PbC@C8HA"P)$dJ-MX+#3Pp1`S*#8%c1$!`383
f-$0$-cG%-N8`-%%i-$!`-5!p)(X+#3N*CQPXC89ZBfpND@jR)$dJ-c!l#JN*#@P
cB5!p)&"#@%CTE'95C@CPFQ9ZBf8l#JN*#@jKE@8J25"TE(9d,QJl#JN*#A"KG'J
J25!Z,LmZ,LpTEQ0XG@4P,dP-,fPXGA3ZD$X+#3N*FQ9Q9(P`C5!p)$)l#JN*I6X
+#3P"-cJ`-%&%0c!c3c-h4$*&-$""1$!`-$%J25"l#JN*#@CTE'9&EQ0[C'PZCb!
p)$-`1`S*#3PTFf%J25"33PK'D@aP8Q9QCA*PEQ0P1`S*#3PZB@eP)$dJD@`ZD$X
+#3N*F'&dD#!p)#iZ,biZ,fPZBfaeC'8[58`[D@`ZD$X+#3N*FQ9Q9(P`C5!p)$)
l#JN*I6X+#3P"-cJ`-%&%1$!c3c-h4$*&-$""1$!`-$%J25"l#JN*#@CTE'9&EQ0
[C'PZCb!p)$-`1`S*#3PTFf%J25"33PK'D@aP8Q9QCA*PEQ0P1`S*#3PZB@eP)$d
JD@ae,QJl#JN*#A"KG'JJ25!Z,LmZ,LpTEQ0XG@4P,dP-,fPXG5jS1`S*#3PbC@C
8HA"P)$dJ-MX+#3Pp1`S*#8%c1$!`383j-$0$-cG%-N8`-%%i-$!`-5!p)(X+#3N
*CQPXC9*PCL!p)%%c1$!`383e-$0$-cG%-N8`-%%i-$!`-6X+#3N*DA0K)$dJ8%*
B3R9TE'4'D@aP1`S*#3PcCA4dD@jRFb!p)(X+#C!%39488NP#994&8b!p)#J+#C!
&8(9LE'PM,!S*N!3T1`S*#3Pp1`S*#Adl#JN*36-i-$""4%%`-d-c0d3b46!`36J
`-$!a)$dJH`S*#3PQD@aP8Q9Q)$dJ36-i-$""4$B`-d-c0d3b46!`36J`-$!a1`S
*#3PTFf%J25"33PK#G@PXC%CTE'8l#JN*#A0PG(4TEQGc)$dJH`S*N!4"9&4558*
99%96)$dJ+!S*N!93G@*XD@-X#JQ3"#Nl#JN*#Adl#JN*I6X+#3P"-cJ`-%&%3M!
c3c-h4$*&-$""1$!`-$%J25"l#JN*#@CTE'95C@BJ25""-cJ`-%&%0c!c3c-h4$*
&-$""1$!`-$%l#JN*#@PcB5!p)&"#@%*eD@aN4QPXC6X+#3N*Ff9dG'PZCh-J25"
l#JQ3"%&89&**3P9849-J25!S#JQ3"9"eBQaTBb`+#C!%+6X+#3N*I6X+#3Pp1`S
*#8%c1$!`384$-$0$-cG%-N8`-%%i-$!`-5!p)(X+#3N*CQPXC9*PCL!p)%%c1$!
`383i-$0$-cG%-N8`-%%i-$!`-6X+#3N*DA0K)$dJ8%*B3R9TE'4'D@aP1`S*#3P
cCA4dD@jRFb!p)(X+#C!%39488NP#994&8b!p)#J+#C!&8(9LE'PM,!S*N!3T1`S
*#3Pp1`S*#Adl#JN*36-i-$""4%3`-d-c0d3c4$!`36J`-$!a)$dJH`S*#3PMD'P
XC(*PEL!p)#J+#C!%36-i-$""4%8`-d-c0d3e-6!`36J`-$!a,!S*N!4"-cJ`-%&
%4M!c3c-h4$8a-$""1$!`-$%X#JQ3"%%c1$!`388`-$0$-cG%06%`-%%i-$!`-5`
+#C!%36-i-$""46%`-d-c0d3e-6!`36J`-$!a,!S*N!4"-cJ`-%&&-M!c3c-h4$8
a-$""1$!`-$%X#JQ3"%%c1$!`388c-$0$-cG%06%`-%%i-$!`-5`+#C!%36-i-$"
"463`-d-c0d3e-6!`36J`-$!a,!S*N!4"-cJ`-%&&06!c3c-h4$8a-$""1$!`-$%
X#JQ3"%%c1$!`388f-$0$-cG%06%`-%%i-$!`-5`+#C!%36-i-$""46F`-d-c0d3
e-6!`36J`-$!a,!S*N!4"-cJ`-%&&1$!c3c-h4$8a-$""1$!`-$%X#JQ3"%%c1$!
`388j-$0$-cG%06%`-%%i-$!`-5`+#C!%36-i-$""48%`-d-c0d3e-6!`36J`-$!
a,!S*N!4"-cJ`-%&&3M!c3c-h4$8a-$""1$!`-$%X#JQ3"%%c1$!`389$-$0$-cG
%06%`-%%i-$!`-5`+#C!%36-i-$""483`-d-c0d3e-6!`36J`-$!a,!S*N!4"-cJ
`-%&&46!c3c-h4$8a-$""1$!`-$%X#JQ3"%%c1$!`389'-$0$-cG%06%`-%%i-$!
`-5`+#C!%36-i-$""4M!`-d-c0d3e-6!`36J`-$!a,!S*N!4"-cJ`-%&'-6!c3c-
h4$8a-$""1$!`-$%X#JQ3"%%c1$!`38Bb-$0$-cG%06%`-%%i-$!`-5`+#C!%36-
i-$""4M-`-d-c0d3e-6!`36J`-$!a,!S*N!4"-cJ`-%&'0$!c3c-h4$8a-$""1$!
`-$%X#JQ3"%%c1$!`38Be-$0$-cG%06%`-%%i-$!`-5`+#C!%36-i-$""4MB`-d-
c0d3e-6!`36J`-$!a,!S*N!4"-cJ`-%&'0c!c3c-h4$8a-$""1$!`-$%X#JQ3"%%
c1$!`38Bi-$0$-cG%06%`-%%i-$!`-5`+#C!%36-i-$""4MN`-d-c0d3e-6!`36J
`-$!a,!S*#3NT1`S*#3PTFf%J25"33PK(FQpeF$X+#3N*EQ&YC5!p)%P-1`S*#3P
`BA4S)$dJ)LiZ,biZ,h0bBbe*6#pTEQ0XG@4P)MX+#3N*FQ9Q9(P`C5!p)$)l#JN
*I6X+#3P"-cJ`-%&%46!c3c-h4$8a-$""1$!`-$%J25"l#JN*#@CTE'9&EQ0[C'P
ZCb!p)$-`1`S*#3PTFf%J25"33PK'D@aP8Q9QCA*PEQ0P1`S*#3P`BA4S)$dJD@a
IF6*`B@`ZD$X+#3N*FQ9Q9(P`C5!p)$3l#JN*I6X+#3P"-cJ`-%&%4M!c3c-h4$8
a-$""1$!`-$%J25"l#JN*#@CTE'9&EQ0[C'PZCb!p)$-`1`S*#3PTFf%J25"33PK
'D@aP8Q9QCA*PEQ0P1`S*#3P`BA4S)$dJD@aIFQ9RDA0dCA)ZD$X+#3N*FQ9Q9(P
`C5!p)$3l#JN*I6X+#3P"-cJ`-%&&-$!c3c-h4$8a-$""1$!`-$%J25"l#JN*#@C
TE'9&EQ0[C'PZCb!p)$-`1`S*#3PTFf%J25"33PK'D@aP8Q9QCA*PEQ0P1`S*#3P
`BA4S)$dJD@aIF(0N,QJl#JN*#A*PCP4jF'8J25!d1`S*#Adl#JN*36-i-$""46%
`-d-c0d3e-6!`36J`-$!a)$dJH`S*#3PQD@aP4@jMEf4TEQFJ25!c-$X+#3N*DA0
K)$dJ8%*B4QPXC9*PCQ9bC@jMC6X+#3N*F'&dD#!p)'PXAfeKEQP`,QJl#JN*#A*
PCP4jF'8J25!d1`S*#Adl#JN*36-i-$""46)`-d-c0d3e-6!`36J`-$!a)$dJH`S
*#3PQD@aP4@jMEf4TEQFJ25!c-$X+#3N*DA0K)$dJ8%*B4QPXC9*PCQ9bC@jMC6X
+#3N*F'&dD#!p)'PXAf4NFbjS1`S*#3PbC@C8HA"P)$dJ0$X+#3Pp1`S*#8%c1$!
`388c-$0$-cG%06%`-%%i-$!`-5!p)(X+#3N*CQPXC89ZBfpND@jR)$dJ-c!l#JN
*#@PcB5!p)&"#@%CTE'95C@CPFQ9ZBf8l#JN*#A"KG'JJ25"TE&pQD@aPFbjS1`S
*#3PbC@C8HA"P)$dJ0$X+#3Pp1`S*#8%c1$!`388d-$0$-cG%06%`-%%i-$!`-5!
p)(X+#3N*CQPXC89ZBfpND@jR)$dJ-c!l#JN*#@PcB5!p)&"#@%CTE'95C@CPFQ9
ZBf8l#JN*#A"KG'JJ25"TE&pUF'9R,QJl#JN*#A*PCP4jF'8J25!d1`S*#Adl#JN
*36-i-$""468`-d-c0d3e-6!`36J`-$!a)$dJH`S*#3PQD@aP4@jMEf4TEQFJ25!
c-$X+#3N*DA0K)$dJ8%*B4QPXC9*PCQ9bC@jMC6X+#3N*F'&dD#!p)'PXAh"MH#j
S1`S*#3PbC@C8HA"P)$dJ0$X+#3Pp1`S*#8%c1$!`388f-$0$-cG%06%`-%%i-$!
`-5!p)(X+#3N*CQPXC89ZBfpND@jR)$dJ-c!l#JN*#@PcB5!p)&"#@%CTE'95C@C
PFQ9ZBf8l#JN*#A"KG'JJ25"TE&pLDA4c,QJl#JN*#A*PCP4jF'8J25!d1`S*#Ad
l#JN*36-i-$""46F`-d-c0d3e-6!`36J`-$!a)$dJH`S*#3PQD@aP4@jMEf4TEQF
J25!c-$X+#3N*DA0K)$dJ8%*B4QPXC9*PCQ9bC@jMC6X+#3N*F'&dD#!p)'PXAh0
dB@0V,QJl#JN*#A*PCP4jF'8J25!d1`S*#Adl#JN*36-i-$""46J`-d-c0d3e-6!
`36J`-$!a)$dJH`S*#3PQD@aP4@jMEf4TEQFJ25!c-$X+#3N*DA0K)$dJ8%*B4QP
XC9*PCQ9bC@jMC6X+#3N*F'&dD#!p)'PXAh0dBA4PFbjS1`S*#3PbC@C8HA"P)$d
J0$X+#3Pp1`S*#8%c1$!`388j-$0$-cG%06%`-%%i-$!`-5!p)(X+#3N*CQPXC89
ZBfpND@jR)$dJ-c!l#JN*#@PcB5!p)&"#@%CTE'95C@CPFQ9ZBf8l#JN*#A"KG'J
J25"TE&pNBhJZD$X+#3N*FQ9Q9(P`C5!p)$3l#JN*I6X+#3P"-cJ`-%&&36!c3c-
h4$8a-$""1$!`-$%J25"l#JN*#@CTE'9&EQ0[C'PZCb!p)$-`1`S*#3PTFf%J25"
33PK'D@aP8Q9QCA*PEQ0P1`S*#3P`BA4S)$dJD@aIF'jY,QJl#JN*#A*PCP4jF'8
J25!d1`S*#Adl#JN*36-i-$""48)`-d-c0d3e-6!`36J`-$!a)$dJH`S*#3PQD@a
P4@jMEf4TEQFJ25!c-$X+#3N*DA0K)$dJ8%*B4QPXC9*PCQ9bC@jMC6X+#3N*F'&
dD#!p)'PXAfaTCLjS1`S*#3PbC@C8HA"P)$dJ0$X+#3Pp1`S*#8%c1$!`389$-$0
$-cG%06%`-%%i-$!`-5!p)(X+#3N*CQPXC89ZBfpND@jR)$dJ-c!l#JN*#@PcB5!
p)&"#@%CTE'95C@CPFQ9ZBf8l#JN*#A"KG'JJ25"TE&pKE'a[BbjS1`S*#3PbC@C
8HA"P)$dJ0$X+#3Pp1`S*#8%c1$!`389%-$0$-cG%06%`-%%i-$!`-5!p)(X+#3N
*CQPXC89ZBfpND@jR)$dJ-c!l#JN*#@PcB5!p)&"#@%CTE'95C@CPFQ9ZBf8l#JN
*#A"KG'JJ25"TE&pbE'8ZD$X+#3N*FQ9Q9(P`C5!p)$3l#JN*I6X+#3P"-cJ`-%&
&46!c3c-h4$8a-$""1$!`-$%J25"l#JN*#@CTE'9&EQ0[C'PZCb!p)$-`1`S*#3P
TFf%J25"33PK'D@aP8Q9QCA*PEQ0P1`S*#3P`BA4S)$dJD@aIFfGT,QJl#JN*#A*
PCP4jF'8J25!d1`S*#Adl#JN*36-i-$""48B`-d-c0d3e-6!`36J`-$!a)$dJH`S
*#3PQD@aP4@jMEf4TEQFJ25!c-$X+#3N*DA0K)$dJ8%*B4QPXC9*PCQ9bC@jMC6X
+#3N*F'&dD#!p)'PXAfGTCLjS1`S*#3PbC@C8HA"P)$dJ0$X+#3Pp1`S*#8%c1$!
`38B`-$0$-cG%06%`-%%i-$!`-5!p)(X+#3N*CQPXC89ZBfpND@jR)$dJ-c!l#JN
*#@PcB5!p)&"#@%CTE'95C@CPFQ9ZBf8l#JN*#A"KG'JJ25"TE&pdBA*RB5jS1`S
*#3PbC@C8HA"P)$dJ0$X+#3Pp1`S*#8%c1$!`38Ba-$0$-cG%06%`-%%i-$!`-5!
p)(X+#3N*CQPXC89ZBfpND@jR)$dJ-c!l#JN*#@PcB5!p)&"#@%CTE'95C@CPFQ9
ZBf8l#JN*#A"KG'JJ25"TE&pNEfpYF'&X,QJl#JN*#A*PCP4jF'8J25!d1`S*#Ad
l#JN*36-i-$""4M)`-d-c0d3e-6!`36J`-$!a)$dJH`S*#3PQD@aP4@jMEf4TEQF
J25!c-$X+#3N*DA0K)$dJ8%*B4QPXC9*PCQ9bC@jMC6X+#3N*F'&dD#!p)'PXAh"
KE#jS1`S*#3PbC@C8HA"P)$dJ0$X+#3Pp1`S*#8%c1$!`38Bc-$0$-cG%06%`-%%
i-$!`-5!p)(X+#3N*CQPXC89ZBfpND@jR)$dJ-c!l#JN*#@PcB5!p)&"#@%CTE'9
5C@CPFQ9ZBf8l#JN*#A"KG'JJ25"TE&pYC'`ZD$X+#3N*FQ9Q9(P`C5!p)$3l#JN
*I6X+#3P"-cJ`-%&'0$!c3c-h4$8a-$""1$!`-$%J25"l#JN*#@CTE'9&EQ0[C'P
ZCb!p)$-`1`S*#3PTFf%J25"33PK'D@aP8Q9QCA*PEQ0P1`S*#3P`BA4S)$dJD@a
IC@jND@&Z,QJl#JN*#A*PCP4jF'8J25!d1`S*#Adl#JN*36-i-$""4M8`-d-c0d3
e-6!`36J`-$!a)$dJH`S*#3PQD@aP4@jMEf4TEQFJ25!c-$X+#3N*DA0K)$dJ8%*
B4QPXC9*PCQ9bC@jMC6X+#3N*F'&dD#!p)'PXAfPZG'9bEQ&X,QJl#JN*#A*PCP4
jF'8J25!d1`S*#Adl#JN*36-i-$""4MB`-d-c0d3e-6!`36J`-$!a)$dJH`S*#3P
QD@aP4@jMEf4TEQFJ25!c-$X+#3N*DA0K)$dJ8%*B4QPXC9*PCQ9bC@jMC6X+#3N
*F'&dD#!p)'PXAf*YF#jS1`S*#3PbC@C8HA"P)$dJ0$X+#3Pp1`S*#8%c1$!`38B
h-$0$-cG%06%`-%%i-$!`-5!p)(X+#3N*CQPXC89ZBfpND@jR)$dJ-c!l#JN*#@P
cB5!p)&"#@%CTE'95C@CPFQ9ZBf8l#JN*#A"KG'JJ25"TE&p`D@-ZD$X+#3N*FQ9
Q9(P`C5!p)$3l#JN*I6X+#3P"-cJ`-%&'1$!c3c-h4$8a-$""1$!`-$%J25"l#JN
*#@CTE'9&EQ0[C'PZCb!p)$-`1`S*#3PTFf%J25"33PK'D@aP8Q9QCA*PEQ0P1`S
*#3P`BA4S)$dJD@aID@0[ELjS1`S*#3PbC@C8HA"P)$dJ0$X+#3Pp1`S*#8%c1$!
`38Bj-$0$-cG%06%`-%%i-$!`-5!p)(X+#3N*CQPXC89ZBfpND@jR)$dJ-c!l#JN
*#@PcB5!p)&"#@%CTE'95C@CPFQ9ZBf8l#JN*#A"KG'JJ25"TE&p`Fh!ZD$X+#3N
*FQ9Q9(P`C5!p)$3l#JN*I6X+#3P"-cJ`-%&'36!c3c-h4$8a-$""1$!`-$%J25"
l#JN*#@CTE'95C@BJ25""-cJ`-%&%46!c3c-h4$8a-$""1$!`-$%l#JN*#@PcB5!
p)&"#@%*eD@aN4QPXC6X+#3N*Ff9dG'PZCh-J25"l#JN*#Adl#JN*I6X+#3P"-cJ
`-%&'3M!c3c-h4$8a-$""1$!`-$%J25"l#JN*#@CTE'95C@BJ25""-cJ`-%&%4M!
c3c-h4$8a-$""1$!`-$%l#JN*#@PcB5!p)&"#@%*eD@aN4QPXC6X+#3N*Ff9dG'P
ZCh-J25"l#JN*#Adl#JN*I6X+#3P"-cJ`-%&'3c!c3c-h4$8a-$""1$!`-$%J25"
l#JN*#@CTE'95C@BJ25""-cJ`-%&&-$!c3c-h4$8a-$""1$!`-$%l#JN*#@PcB5!
p)&"#@%*eD@aN4QPXC6X+#3N*Ff9dG'PZCh-J25"l#JN*#Adl#JN*I6X+#3P"-cJ
`-%&'4$!c3c-h4$8a-$""1$!`-$%J25"l#JN*#@CTE'95C@BJ25""-cJ`-%&&-6!
c3c-h4$8a-$""1$!`-$%l#JN*#@PcB5!p)&"#@%*eD@aN4QPXC6X+#3N*Ff9dG'P
ZCh-J25"l#JN*#Adl#JN*I6X+#3P"-cJ`-%&'46!c3c-h4$8a-$""1$!`-$%J25"
l#JN*#@CTE'95C@BJ25""-cJ`-%&&-M!c3c-h4$8a-$""1$!`-$%l#JN*#@PcB5!
p)&"#@%*eD@aN4QPXC6X+#3N*Ff9dG'PZCh-J25"l#JN*#Adl#JN*I6X+#3P"-cJ
`-%&'4M!c3c-h4$8a-$""1$!`-$%J25"l#JN*#@CTE'95C@BJ25""-cJ`-%&&-c!
c3c-h4$8a-$""1$!`-$%l#JN*#@PcB5!p)&"#@%*eD@aN4QPXC6X+#3N*Ff9dG'P
ZCh-J25"l#JN*#Adl#JN*I6X+#3P"-cJ`-%)`-$!c3c-h4$8a-$""1$!`-$%J25"
l#JN*#@CTE'95C@BJ25""-cJ`-%&&0$!c3c-h4$8a-$""1$!`-$%l#JN*#@PcB5!
p)&"#@%*eD@aN4QPXC6X+#3N*Ff9dG'PZCh-J25"l#JN*#Adl#JN*I6X+#3P"-cJ
`-%)`-6!c3c-h4$8a-$""1$!`-$%J25"l#JN*#@CTE'95C@BJ25""-cJ`-%&&06!
c3c-h4$8a-$""1$!`-$%l#JN*#@PcB5!p)&"#@%*eD@aN4QPXC6X+#3N*Ff9dG'P
ZCh-J25"l#JN*#Adl#JN*I6X+#3P"-cJ`-%)`-M!c3c-h4$8a-$""1$!`-$%J25"
l#JN*#@CTE'95C@BJ25""-cJ`-%&&0M!c3c-h4$8a-$""1$!`-$%l#JN*#@PcB5!
p)&"#@%*eD@aN4QPXC6X+#3N*Ff9dG'PZCh-J25"l#JN*#Adl#JN*I6X+#3P"-cJ
`-%)`-c!c3c-h4$8a-$""1$!`-$%J25"l#JN*#@CTE'95C@BJ25""-cJ`-%&&0c!
c3c-h4$8a-$""1$!`-$%l#JN*#@PcB5!p)&"#@%*eD@aN4QPXC6X+#3N*Ff9dG'P
ZCh-J25"l#JN*#Adl#JN*I6X+#3P"-cJ`-%)`0$!c3c-h4$8a-$""1$!`-$%J25"
l#JN*#@CTE'95C@BJ25""-cJ`-%&&1$!c3c-h4$8a-$""1$!`-$%l#JN*#@PcB5!
p)&"#@%*eD@aN4QPXC6X+#3N*Ff9dG'PZCh-J25"l#JN*#Adl#JN*I6X+#3P"-cJ
`-%)`06!c3c-h4$8a-$""1$!`-$%J25"l#JN*#@CTE'95C@BJ25""-cJ`-%&&16!
c3c-h4$8a-$""1$!`-$%l#JN*#@PcB5!p)&"#@%*eD@aN4QPXC6X+#3N*Ff9dG'P
ZCh-J25"l#JN*#Adl#JN*I6X+#3P"-cJ`-%)`0M!c3c-h4$8a-$""1$!`-$%J25"
l#JN*#@CTE'95C@BJ25""-cJ`-%&&36!c3c-h4$8a-$""1$!`-$%l#JN*#@PcB5!
p)&"#@%*eD@aN4QPXC6X+#3N*Ff9dG'PZCh-J25"l#JN*#Adl#JN*I6X+#3P"-cJ
`-%)`0c!c3c-h4$8a-$""1$!`-$%J25"l#JN*#@CTE'95C@BJ25""-cJ`-%&&3M!
c3c-h4$8a-$""1$!`-$%l#JN*#@PcB5!p)&"#@%*eD@aN4QPXC6X+#3N*Ff9dG'P
ZCh-J25"l#JN*#Adl#JN*I6X+#3P"-cJ`-%)`1$!c3c-h4$8a-$""1$!`-$%J25"
l#JN*#@CTE'95C@BJ25""-cJ`-%&&3c!c3c-h4$8a-$""1$!`-$%l#JN*#@PcB5!
p)&"#@%*eD@aN4QPXC6X+#3N*Ff9dG'PZCh-J25"l#JN*#Adl#JN*I6X+#3P"-cJ
`-%)`16!c3c-h4$8a-$""1$!`-$%J25"l#JN*#@CTE'95C@BJ25""-cJ`-%&&4$!
c3c-h4$8a-$""1$!`-$%l#JN*#@PcB5!p)&"#@%*eD@aN4QPXC6X+#3N*Ff9dG'P
ZCh-J25"l#JN*#Adl#JN*I6X+#3P"-cJ`-%)`36!c3c-h4$8a-$""1$!`-$%J25"
l#JN*#@CTE'95C@BJ25""-cJ`-%&&46!c3c-h4$8a-$""1$!`-$%l#JN*#@PcB5!
p)&"#@%*eD@aN4QPXC6X+#3N*Ff9dG'PZCh-J25"l#JN*#Adl#JN*I6X+#3P"-cJ
`-%)`3M!c3c-h4$8a-$""1$!`-$%J25"l#JN*#@CTE'95C@BJ25""-cJ`-%&&4M!
c3c-h4$8a-$""1$!`-$%l#JN*#@PcB5!p)&"#@%*eD@aN4QPXC6X+#3N*Ff9dG'P
ZCh-J25"l#JN*#Adl#JN*I6X+#3P"-cJ`-%)`3c!c3c-h4$8a-$""1$!`-$%J25"
l#JN*#@CTE'95C@BJ25""-cJ`-%&'-$!c3c-h4$8a-$""1$!`-$%l#JN*#@PcB5!
p)&"#@%*eD@aN4QPXC6X+#3N*Ff9dG'PZCh-J25"l#JN*#Adl#JN*I6X+#3P"-cJ
`-%)`4$!c3c-h4$8a-$""1$!`-$%J25"l#JN*#@CTE'95C@BJ25""-cJ`-%&'-6!
c3c-h4$8a-$""1$!`-$%l#JN*#@PcB5!p)&"#@%*eD@aN4QPXC6X+#3N*Ff9dG'P
ZCh-J25"l#JN*#Adl#JN*I6X+#3P"-cJ`-%)`46!c3c-h4$8a-$""1$!`-$%J25"
l#JN*#@CTE'95C@BJ25""-cJ`-%&'-M!c3c-h4$8a-$""1$!`-$%l#JN*#@PcB5!
p)&"#@%*eD@aN4QPXC6X+#3N*Ff9dG'PZCh-J25"l#JN*#Adl#JN*I6X+#3P"-cJ
`-%)`4M!c3c-h4$8a-$""1$!`-$%J25"l#JN*#@CTE'95C@BJ25""-cJ`-%&'-c!
c3c-h4$8a-$""1$!`-$%l#JN*#@PcB5!p)&"#@%*eD@aN4QPXC6X+#3N*Ff9dG'P
ZCh-J25"l#JN*#Adl#JN*I6X+#3P"-cJ`-%)a-$!c3c-h4$8a-$""1$!`-$%J25"
l#JN*#@CTE'95C@BJ25""-cJ`-%&'0$!c3c-h4$8a-$""1$!`-$%l#JN*#@PcB5!
p)&"#@%*eD@aN4QPXC6X+#3N*Ff9dG'PZCh-J25"l#JN*#Adl#JN*I6X+#3P"-cJ
`-%)a-6!c3c-h4$8a-$""1$!`-$%J25"l#JN*#@CTE'95C@BJ25""-cJ`-%&'06!
c3c-h4$8a-$""1$!`-$%l#JN*#@PcB5!p)&"#@%*eD@aN4QPXC6X+#3N*Ff9dG'P
ZCh-J25"l#JN*#Adl#JN*I6X+#3P"-cJ`-%)a-M!c3c-h4$8a-$""1$!`-$%J25"
l#JN*#@CTE'95C@BJ25""-cJ`-%&'0M!c3c-h4$8a-$""1$!`-$%l#JN*#@PcB5!
p)&"#@%*eD@aN4QPXC6X+#3N*Ff9dG'PZCh-J25"l#JN*#Adl#JN*I6X+#3P"-cJ
`-%)a-c!c3c-h4$8a-$""1$!`-$%J25"l#JN*#@CTE'95C@BJ25""-cJ`-%&'0c!
c3c-h4$8a-$""1$!`-$%l#JN*#@PcB5!p)&"#@%*eD@aN4QPXC6X+#3N*Ff9dG'P
ZCh-J25"l#JN*#Adl#JN*I6X+#3P"-cJ`-%)a0$!c3c-h4$8a-$""1$!`-$%J25"
l#JN*#@CTE'95C@BJ25""-cJ`-%&'1$!c3c-h4$8a-$""1$!`-$%l#JN*#@PcB5!
p)&"#@%*eD@aN4QPXC6X+#3N*Ff9dG'PZCh-J25"l#JN*#Adl#JN*I6X+#3P"-cJ
`-%)a06!c3c-h4$8a-$""1$!`-$%J25"l#JN*#@CTE'95C@BJ25""-cJ`-%&'16!
c3c-h4$8a-$""1$!`-$%l#JN*#@PcB5!p)&"#@%*eD@aN4QPXC6X+#3N*Ff9dG'P
ZCh-J25"l#JN*#Adl#JN*I6X+#3P"-cJ`-%)a0M!c3c-h4$8e-$""1$!`-$%J25"
l#JN*#@0SD@aNFQ9Z)$dJ+!S*N!4"-cJ`-%)a1$!c3c-h4$Fa-$""1$!`-$%X#JQ
3"%%c1$!`3M%j-$0$-cG%0c%`-%%i-$!`-5`+#C!%36-i-$"#-8%`-d-c0d3h-6!
`36J`-$!a,!S*N!4"-cJ`-%)a3M!c3c-h4$Fa-$""1$!`-$%X#JQ3"%%c1$!`3M&
$-$0$-cG%0c%`-%%i-$!`-5`+#C!%36-i-$"#-83`-d-c0d3h-6!`36J`-$!a,!S
*#3NT1`S*#3PTFf%J25"33PK(FQpeF$X+#3N*EQ&YC5!p)%P-96X+#3N*F'&dD#!
p)#)Z,LmZ,LpcFQ-Y58a9,fPZBfaeC'8L1`S*#3PbC@C8HA"P)$dJ-MX+#3Pp1`S
*#8%c1$!`3M%h-$0$-cG%06N`-%%i-$!`-5!p)(X+#3N*BfKTE'4bC@iJ25!S#JQ
3"%%c1$!`3M)d-$0$-cG%0d)`-%%i-$!`-5`+#C!%36-i-$"#-M8`-d-c0d3h3M!
`36J`-$!a,!S*N!4"-cJ`-%)b0M!c3c-h4$G#-$""1$!`-$%X#JQ3"%%c1$!`3M)
h-$0$-cG%0d)`-%%i-$!`-5`+#3N*+6X+#3N*DA0K)$dJ8%*B4h*[GA!l#JN*#@j
KE@8J25"*6&981`S*#3P`BA4S)$dJ)LiZ,biZ,h0bBbe*6&98,fPZBfaeC'8L1`S
*#3PbC@C8HA"P)$dJ-MX+#3Pp1`S*#8%c1$!`3M%i-$0$-cG%0c%`-%%i-$!`-5!
p)(X+#3N*CQPXC89ZBfpND@jR)$dJ-c!l#JN*#@PcB5!p)&"#@%CTE'95C@CPFQ9
ZBf8l#JN*#A"KG'JJ25"TE(9IB@aXEf-ZD$X+#3N*FQ9Q9(P`C5!p)$3l#JN*I6X
+#3P"-cJ`-%)a16!c3c-h4$Fa-$""1$!`-$%J25"l#JN*#@CTE'9&EQ0[C'PZCb!
p)$-`1`S*#3PTFf%J25"33PK'D@aP8Q9QCA*PEQ0P1`S*#3P`BA4S)$dJD@aeAh0
dBA4PFbjS1`S*#3PbC@C8HA"P)$dJ0$X+#3Pp1`S*#8%c1$!`3M&"-$0$-cG%0c%
`-%%i-$!`-5!p)(X+#3N*CQPXC89ZBfpND@jR)$dJ-c!l#JN*#@PcB5!p)&"#@%C
TE'95C@CPFQ9ZBf8l#JN*#A"KG'JJ25"TE(9IFQ9RD@pZ,QJl#JN*#A*PCP4jF'8
J25!d1`S*#Adl#JN*36-i-$"#-8)`-d-c0d3h-6!`36J`-$!a)$dJH`S*#3PQD@a
P4@jMEf4TEQFJ25!c-$X+#3N*DA0K)$dJ8%*B4QPXC9*PCQ9bC@jMC6X+#3N*F'&
dD#!p)'PXG9pYDA"YBA!ZD$X+#3N*FQ9Q9(P`C5!p)$3l#JN*I6X+#3P"-cJ`-%)
a3c!c3c-h4$Fa-$""1$!`-$%J25"l#JN*#@CTE'9&EQ0[C'PZCb!p)$-`1`S*#3P
TFf%J25"33PK'D@aP8Q9QCA*PEQ0P1`S*#3P`BA4S)$dJD@aeAfCTE(4PFLjS1`S
*#3PbC@C8HA"P)$dJ0$X+#3Pp1`S*#8%c1$!`3M&%-$0$-cG%0c%`-%%i-$!`-5!
p)(X+#3N*CQPXC89ZBfpND@jR)$dJ-c!l#JN*#@PcB5!p)&"#@%CTE'95C@CPFQ9
ZBf8l#JN*#A"KG'JJ25"TE(9ID@jdCA*ZB@`ZD$X+#3N*FQ9Q9(P`C5!p)$3l#JN
*I6X+#3P"-cJ`-%)a46!c3c-h4$Fa-$""1$!`-$%J25"l#JN*#@CTE'95C@BJ25"
"-cJ`-%)a1$!c3c-h4$Fa-$""1$!`-$%l#JN*#@PcB5!p)&"#@%*eD@aN4QPXC6X
+#3N*Ff9dG'PZCh-J25"l#JN*#Adl#JN*I6X+#3P"-cJ`-%)a4M!c3c-h4$Fa-$"
"1$!`-$%J25"l#JN*#@CTE'95C@BJ25""-cJ`-%)a16!c3c-h4$Fa-$""1$!`-$%
l#JN*#@PcB5!p)&"#@%*eD@aN4QPXC6X+#3N*Ff9dG'PZCh-J25"l#JN*#Adl#JN
*I6X+#3P"-cJ`-%)b-$!c3c-h4$Fa-$""1$!`-$%J25"l#JN*#@CTE'95C@BJ25"
"-cJ`-%)a36!c3c-h4$Fa-$""1$!`-$%l#JN*#@PcB5!p)&"#@%*eD@aN4QPXC6X
+#3N*Ff9dG'PZCh-J25"l#JN*#Adl#JN*I6X+#3P"-cJ`-%)b-6!c3c-h4$Fa-$"
"1$!`-$%J25"l#JN*#@CTE'95C@BJ25""-cJ`-%)a3M!c3c-h4$Fa-$""1$!`-$%
l#JN*#@PcB5!p)&"#@%*eD@aN4QPXC6X+#3N*Ff9dG'PZCh-J25"l#JN*#Adl#JN
*I6X+#3P"-cJ`-%)b-M!c3c-h4$Fa-$""1$!`-$%J25"l#JN*#@CTE'95C@BJ25"
"-cJ`-%)a3c!c3c-h4$Fa-$""1$!`-$%l#JN*#@PcB5!p)&"#@%*eD@aN4QPXC6X
+#3N*Ff9dG'PZCh-J25"l#JN*#Adl#JN*I6X+#3P"-cJ`-%)b-c!c3c-h4$Fa-$"
"1$!`-$%J25"l#JN*#@CTE'95C@BJ25""-cJ`-%)a4$!c3c-h4$Fa-$""1$!`-$%
l#JN*#@PcB5!p)&"#@%*eD@aN4QPXC6X+#3N*Ff9dG'PZCh-J25"l#JN*#Adl#JN
*I6X+#3P"-cJ`-%)b0$!c3c-h4$G#-$""1$!`-$%J25"l#JN*#@CTE'9&EQ0[C'P
ZCb!p)$-`1`S*#3PTFf%J25"33PK'D@aP8Q9QCA*PEQ0P1`S*#3P`BA4S)$dJD@a
eG&pKE'aPCh*[,QJl#JN*#A*PCP4jF'8J25!d1`S*#Adl#JN*36-i-$"#-M8`-d-
c0d3h3M!`36J`-$!a)$dJH`S*#3PQD@aP4@jMEf4TEQFJ25!c-$X+#3N*DA0K)$d
J8%*B4QPXC9*PCQ9bC@jMC6X+#3N*F'&dD#!p)'PXGA4IFh4KG'9c,QJl#JN*#A*
PCP4jF'8J25!d1`S*#Adl#JN*36-i-$"#-MB`-d-c0d3h3M!`36J`-$!a)$dJH`S
*#3PQD@aP4@jMEf4TEQFJ25!c-$X+#3N*DA0K)$dJ8%*B4QPXC9*PCQ9bC@jMC6X
+#3N*F'&dD#!p)'PXGA4ID@jdCA*ZB@`ZD$X+#3N*FQ9Q9(P`C5!p)$3l#JN*I6X
+#3P"-cJ`-%)b0c!c3c-h4$G#-$""1$!`-$%J25"l#JN*#@CTE'9&EQ0[C'PZCb!
p)$-`1`S*#3PTFf%J25"33PK'D@aP8Q9QCA*PEQ0P1`S*#3P`BA4S)$dJD@aeG&p
[F'9ZCf`ZD$X+#3N*FQ9Q9(P`C5!p)$3l#JN*I6X+#3P"-cJ`-%)b1$!c3c-h4$G
#-$""1$!`-$%J25"l#JN*#@CTE'95C@BJ25""-cJ`-%)b0$!c3c-h4$G#-$""1$!
`-$%l#JN*#@PcB5!p)&"#@%*eD@aN4QPXC6X+#3N*Ff9dG'PZCh-J25"l#JN*#Ad
l#JN*I6X+#3P"-cJ`-%)b16!c3c-h4$G#-$""1$!`-$%J25"l#JN*#@CTE'95C@B
J25""-cJ`-%)b06!c3c-h4$G#-$""1$!`-$%l#JN*#@PcB5!p)&"#@%*eD@aN4QP
XC6X+#3N*Ff9dG'PZCh-J25"l#JN*#Adl#JN*I6X+#3P"-cJ`-%)b36!c3c-h4$G
#-$""1$!`-$%J25"l#JN*#@CTE'95C@BJ25""-cJ`-%)b0M!c3c-h4$G#-$""1$!
`-$%l#JN*#@PcB5!p)&"#@%*eD@aN4QPXC6X+#3N*Ff9dG'PZCh-J25"l#JN*#Ad
l#JN*I6X+#3P"-cJ`-%)b3M!c3c-h4$G#-$""1$!`-$%J25"l#JN*#@CTE'95C@B
J25""-cJ`-%)b0c!c3c-h4$G#-$""1$!`-$%l#JN*#@PcB5!p)&"#@%*eD@aN4QP
XC6X+#3N*Ff9dG'PZCh-J25"l#JN*#Adl#JN*I6X+#3P"-cJ`-%)b3c!c3c-h4$J
e-$""1$!`-$%J25"l#JN*#@0SD@aNFQ9Z)$dJ+!S*N!4"-cJ`-%)c06!c3c-h4%%
d-$""1$!`-$%X#JQ3"%%c1$!`3M*'-$0$-cG%363`-%%i-$!`-5`+#C!%36-i-$"
#-c!`-d-c0d4"0$!`36J`-$!a,!S*N!4"-cJ`-%)c-6!c3c-h4%%d-$""1$!`-$%
X#JQ3"%%c1$!`3M-b-$0$-cG%363`-%%i-$!`-5`+#C!%36-i-$"#-c-`-d-c0d4
"0$!`36J`-$!a,!S*N!4"-cJ`-%)c0$!c3c-h4%%d-$""1$!`-$%X#JQ3"%%c1$!
`3M-f-$0$-cG%363`-%%i-$!`-5`+#C!%36-i-$"#-cF`-d-c0d4"0$!`36J`-$!
a,!S*N!4"-cJ`-%)c1$!c3c-h4%%d-$""1$!`-$%X#JQ3"%%c1$!`3M-j-$0$-cG
%363`-%%i-$!`-5`+#C!%36-i-$"#-d%`-d-c0d4"0$!`36J`-$!a,!S*N!4"-cJ
`-%)c3M!c3c-h4%%d-$""1$!`-$%X#JQ3"%%c1$!`3M0$-$0$-cG%363`-%%i-$!
`-5`+#C!%36-i-$"#-d3`-d-c0d4"0$!`36J`-$!a,!S*N!4"-cJ`-%)c46!c3c-
h4%%d-$""1$!`-$%X#JQ3"%%c1$!`3M0'-$0$-cG%363`-%%i-$!`-5`+#C!%36-
i-$"#0$!`-d-c0d4"0$!`36J`-$!a,!S*N!4"-cJ`-%)d-6!c3c-h4%%d-$""1$!
`-$%X#JQ3"%%c1$!`3M3b-$0$-cG%363`-%%i-$!`-5`+#C!%36-i-$"#0$-`-d-
c0d4"0$!`36J`-$!a,!S*N!4"-cJ`-%)d0$!c3c-h4%%d-$""1$!`-$%X#JQ3"%%
c1$!`3M3e-$0$-cG%363`-%%i-$!`-5`+#C!%36-i-$"#0$B`-d-c0d4"0$!`36J
`-$!a,!S*N!4"-cJ`-%)d0c!c3c-h4%%d-$""1$!`-$%X#JQ3"%%c1$!`3M3i-$0
$-cG%363`-%%i-$!`-5`+#C!%36-i-$"#0$N`-d-c0d4"0$!`36J`-$!a,!S*N!4
"-cJ`-%)d36!c3c-h4%%d-$""1$!`-$%X#JQ3"%%c1$!`3M4#-$0$-cG%363`-%%
i-$!`-5`+#C!%36-i-$"#0%-`-d-c0d4"0$!`36J`-$!a,!S*N!4"-cJ`-%)d4$!
c3c-h4%%d-$""1$!`-$%X#JQ3"%%c1$!`3M4&-$0$-cG%363`-%%i-$!`-5`+#C!
%36-i-$"#0%B`-d-c0d4"0$!`36J`-$!a,!S*N!4"-cJ`-%)e-$!c3c-h4%%d-$"
"1$!`-$%X#JQ3"%%c1$!`3M8a-$0$-cG%363`-%%i-$!`-5`+#C!%36-i-$"#06)
`-d-c0d4"0$!`36J`-$!a,!S*N!4"-cJ`-%)e-c!c3c-h4%%d-$""1$!`-$%X#JQ
3"%%c1$!`3M8d-$0$-cG%363`-%%i-$!`-5`+#C!%36-i-$"#068`-d-c0d4"0$!
`36J`-$!a,!S*N!4"-cJ`-%)e0M!c3c-h4%%d-$""1$!`-$%X#JQ3"%%c1$!`3M8
h-$0$-cG%363`-%%i-$!`-5`+#C!%36-i-$"#06J`-d-c0d4"0$!`36J`-$!a,!S
*N!4"-cJ`-%)e16!c3c-h4%%d-$""1$!`-$%X#JQ3"%%c1$!`3M9"-$0$-cG%363
`-%%i-$!`-5`+#C!%36-i-$"#08)`-d-c0d4"0$!`36J`-$!a,!S*N!4"-cJ`-%)
e3c!c3c-h4%%d-$""1$!`-$%X#JQ3"%%c1$!`3M9%-$0$-cG%363`-%%i-$!`-5`
+#C!%36-i-$"#088`-d-c0d4"0$!`36J`-$!a,!S*N!4"-cJ`-%)e4M!c3c-h4%%
d-$""1$!`-$%X#JQ3"%%c1$!`3MB`-$0$-cG%363`-%%i-$!`-5`+#C!%36-i-$"
#0M%`-d-c0d4"0$!`36J`-$!a,!S*#3NT1`S*#3PTFf%J25"33PK(FQpeF$X+#3N
*EQ&YC5!p)%P-1`S*#3P`BA4S)$dJ)LiZ,biZ,h0bBbe*6#pcFQ-L1`S*#3PbC@C
8HA"P)$dJ-MX+#3Pp1`S*#8%c1$!`3M*%-$0$-cG%1%%`-%%i-$!`-5!p)(X+#3N
*BfKTE'4bC@iJ25!S#JQ3"%%c1$!`3MNe-$0$-cG%3MJ`-%%i-$!`-5`+#C!%36-
i-$"#16B`-d-c0d4#1$!`36J`-$!a,!S*N!4"-cJ`-%)j0c!c3c-h4%)i-$""1$!
`-$%X#JQ3"%%c1$!`3MNi-$0$-cG%3MJ`-%%i-$!`-5`+#C!%36-i-$"#16N`-d-
c0d4#1$!`36J`-$!a,!S*N!4"-cJ`-%)j36!c3c-h4%)i-$""1$!`-$%X#JQ3"%%
c1$!`3MP#-$0$-cG%3MJ`-%%i-$!`-5`+#C!%36-i-$"#18-`-d-c0d4#1$!`36J
`-$!a,!S*N!4"-cJ`-%)j4$!c3c-h4%)i-$""1$!`-$%X#JQ3"%%c1$!`3MP&-$0
$-cG%3MJ`-%%i-$!`-5`+#C!%36-i-$"#18B`-d-c0d4#1$!`36J`-$!a,!S*N!4
"-cJ`-%*"-$!c3c-h4%)i-$""1$!`-$%X#JQ3"%%c1$!`3N%a-$0$-cG%3MJ`-%%
i-$!`-5`+#C!%36-i-$"#36)`-d-c0d4#1$!`36J`-$!a,!S*N!4"-cJ`-%*"-c!
c3c-h4%)i-$""1$!`-$%X#JQ3"%%c1$!`3N%d-$0$-cG%3MJ`-%%i-$!`-5`+#C!
%36-i-$"#368`-d-c0d4#1$!`36J`-$!a,!S*#3NT1`S*#3PTFf%J25"33PK(FQp
eF$X+#3N*EQ&YC5!p)%P-96X+#3N*F'&dD#!p)#)Z,LmZ,LpcFQ-Y58a9,h0bBb)
l#JN*#A*PCP4jF'8J25!b1`S*#Adl#JN*36-i-$"#-N8`-d-c0d3i4$!`36J`-$!
a)$dJH`S*#3PMD'PXC(*PEL!p)#J+#C!%36-i-$"#3MF`-d-c0d4$06!`36J`-$!
a,!S*N!4"-cJ`-%*#1$!c3c-h4%-e-$""1$!`-$%X#JQ3"%%c1$!`3N)j-$0$-cG
%3c8`-%%i-$!`-5`+#C!%36-i-$"#3N%`-d-c0d4$06!`36J`-$!a,!S*N!4"-cJ
`-%*#3M!c3c-h4%-e-$""1$!`-$%X#JQ3"%%c1$!`3N*$-$0$-cG%3c8`-%%i-$!
`-5`+#C!%36-i-$"#3N3`-d-c0d4$06!`36J`-$!a,!S*N!4"-cJ`-%*#46!c3c-
h4%-e-$""1$!`-$%X#JN*#5Nl#JN*#@PcB5!p)&"#@%GbEh9`1`S*#3PZB@eP)$d
J58a99$X+#3N*F'&dD#!p)#)Z,LmZ,LpcFQ-Y58a99#pcFQ-L1`S*#3PbC@C8HA"
P)$dJ-MX+#3Pp1`S*#8%c1$!`3M*'-$0$-cG%363`-%%i-$!`-5!p)(X+#3N*CQP
XC89ZBfpND@jR)$dJ-c!l#JN*#@PcB5!p)&"#@%CTE'95C@CPFQ9ZBf8l#JN*#A"
KG'JJ25"TE&pTER4PFQjKE#jM1`S*#3PbC@C8HA"P)$dJ0$X+#3Pp1`S*#8%c1$!
`3M-`-$0$-cG%363`-%%i-$!`-5!p)(X+#3N*CQPXC89ZBfpND@jR)$dJ-c!l#JN
*#@PcB5!p)&"#@%CTE'95C@CPFQ9ZBf8l#JN*#A"KG'JJ25"TE&p`Fh!ZBcX+#3N
*FQ9Q9(P`C5!p)$3l#JN*I6X+#3P"-cJ`-%)c-6!c3c-h4%%d-$""1$!`-$%J25"
l#JN*#@CTE'9&EQ0[C'PZCb!p)$-`1`S*#3PTFf%J25"33PK'D@aP8Q9QCA*PEQ0
P1`S*#3P`BA4S)$dJD@aIE'PQ,Q-l#JN*#A*PCP4jF'8J25!d1`S*#Adl#JN*36-
i-$"#-c)`-d-c0d4"0$!`36J`-$!a)$dJH`S*#3PQD@aP4@jMEf4TEQFJ25!c-$X
+#3N*DA0K)$dJ8%*B4QPXC9*PCQ9bC@jMC6X+#3N*F'&dD#!p)'PXAfeKD@iZBcX
+#3N*FQ9Q9(P`C5!p)$3l#JN*I6X+#3P"-cJ`-%)c-c!c3c-h4%%d-$""1$!`-$%
J25"l#JN*#@CTE'9&EQ0[C'PZCb!p)$-`1`S*#3PTFf%J25"33PK'D@aP8Q9QCA*
PEQ0P1`S*#3P`BA4S)$dJD@aID@mZBcX+#3N*FQ9Q9(P`C5!p)$3l#JN*I6X+#3P
"-cJ`-%)c0$!c3c-h4%%d-$""1$!`-$%J25"l#JN*#@CTE'9&EQ0[C'PZCb!p)$-
`1`S*#3PTFf%J25"33PK'D@aP8Q9QCA*PEQ0P1`S*#3P`BA4S)$dJD@aIF'Pi,Q-
l#JN*#A*PCP4jF'8J25!d1`S*#Adl#JN*36-i-$"#-c8`-d-c0d4"0$!`36J`-$!
a)$dJH`S*#3PQD@aP4@jMEf4TEQFJ25!c-$X+#3N*DA0K)$dJ8%*B4QPXC9*PCQ9
bC@jMC6X+#3N*F'&dD#!p)'PXAf&XE'pM,Q-l#JN*#A*PCP4jF'8J25!d1`S*#Ad
l#JN*36-i-$"#-cB`-d-c0d4"0$!`36J`-$!a)$dJH`S*#3PQD@aP4@jMEf4TEQF
J25!c-$X+#3N*DA0K)$dJ8%*B4QPXC9*PCQ9bC@jMC6X+#3N*F'&dD#!p)'PXAf0
[ERCPFR3ZBcX+#3N*FQ9Q9(P`C5!p)$3l#JN*I6X+#3P"-cJ`-%)c0c!c3c-h4%%
d-$""1$!`-$%J25"l#JN*#@CTE'9&EQ0[C'PZCb!p)$-`1`S*#3PTFf%J25"33PK
'D@aP8Q9QCA*PEQ0P1`S*#3P`BA4S)$dJD@aIFQ9RDA0dCA)ZBcX+#3N*FQ9Q9(P
`C5!p)$3l#JN*I6X+#3P"-cJ`-%)c1$!c3c-h4%%d-$""1$!`-$%J25"l#JN*#@C
TE'9&EQ0[C'PZCb!p)$-`1`S*#3PTFf%J25"33PK'D@aP8Q9QCA*PEQ0P1`S*#3P
`BA4S)$dJD@aICQ&cG'0[ERBZBcX+#3N*FQ9Q9(P`C5!p)$3l#JN*I6X+#3P"-cJ
`-%)c16!c3c-h4%%d-$""1$!`-$%J25"l#JN*#@CTE'9&EQ0[C'PZCb!p)$-`1`S
*#3PTFf%J25"33PK'D@aP8Q9QCA*PEQ0P1`S*#3P`BA4S)$dJD@aIBfpZGQ*eCQB
ZBcX+#3N*FQ9Q9(P`C5!p)$3l#JN*I6X+#3P"-cJ`-%)c36!c3c-h4%%d-$""1$!
`-$%J25"l#JN*#@CTE'9&EQ0[C'PZCb!p)$-`1`S*#3PTFf%J25"33PK'D@aP8Q9
QCA*PEQ0P1`S*#3P`BA4S)$dJD@aID'9KC'9b,Q-l#JN*#A*PCP4jF'8J25!d1`S
*#Adl#JN*36-i-$"#-d)`-d-c0d4"0$!`36J`-$!a)$dJH`S*#3PQD@aP4@jMEf4
TEQFJ25!c-$X+#3N*DA0K)$dJ8%*B4QPXC9*PCQ9bC@jMC6X+#3N*F'&dD#!p)'P
XAh&eB@jdDATPFLjM1`S*#3PbC@C8HA"P)$dJ0$X+#3Pp1`S*#8%c1$!`3M0$-$0
$-cG%363`-%%i-$!`-5!p)(X+#3N*CQPXC89ZBfpND@jR)$dJ-c!l#JN*#@PcB5!
p)&"#@%CTE'95C@CPFQ9ZBf8l#JN*#A"KG'JJ25"TE&pbBAGNBA4K,Q-l#JN*#A*
PCP4jF'8J25!d1`S*#Adl#JN*36-i-$"#-d3`-d-c0d4"0$!`36J`-$!a)$dJH`S
*#3PQD@aP4@jMEf4TEQFJ25!c-$X+#3N*DA0K)$dJ8%*B4QPXC9*PCQ9bC@jMC6X
+#3N*F'&dD#!p)'PXAf4PGQPX,Q-l#JN*#A*PCP4jF'8J25!d1`S*#Adl#JN*36-
i-$"#-d8`-d-c0d4"0$!`36J`-$!a)$dJH`S*#3PQD@aP4@jMEf4TEQFJ25!c-$X
+#3N*DA0K)$dJ8%*B4QPXC9*PCQ9bC@jMC6X+#3N*F'&dD#!p)'PXAh4KFQGK,Q-
l#JN*#A*PCP4jF'8J25!d1`S*#Adl#JN*36-i-$"#-dB`-d-c0d4"0$!`36J`-$!
a)$dJH`S*#3PQD@aP4@jMEf4TEQFJ25!c-$X+#3N*DA0K)$dJ8%*B4QPXC9*PCQ9
bC@jMC6X+#3N*F'&dD#!p)'PXAh0RD5jM1`S*#3PbC@C8HA"P)$dJ0$X+#3Pp1`S
*#8%c1$!`3M3`-$0$-cG%363`-%%i-$!`-5!p)(X+#3N*CQPXC89ZBfpND@jR)$d
J-c!l#JN*#@PcB5!p)&"#@%CTE'95C@CPFQ9ZBf8l#JN*#A"KG'JJ25"TE&pNEfp
Y,Q-l#JN*#A*PCP4jF'8J25!d1`S*#Adl#JN*36-i-$"#0$%`-d-c0d4"0$!`36J
`-$!a)$dJH`S*#3PQD@aP4@jMEf4TEQFJ25!c-$X+#3N*DA0K)$dJ8%*B4QPXC9*
PCQ9bC@jMC6X+#3N*F'&dD#!p)'PXAh4TCQBZBcX+#3N*FQ9Q9(P`C5!p)$3l#JN
*I6X+#3P"-cJ`-%)d-M!c3c-h4%%d-$""1$!`-$%J25"l#JN*#@CTE'9&EQ0[C'P
ZCb!p)$-`1`S*#3PTFf%J25"33PK'D@aP8Q9QCA*PEQ0P1`S*#3P`BA4S)$dJD@a
IF'PM,Q-l#JN*#A*PCP4jF'8J25!d1`S*#Adl#JN*36-i-$"#0$-`-d-c0d4"0$!
`36J`-$!a)$dJH`S*#3PQD@aP4@jMEf4TEQFJ25!c-$X+#3N*DA0K)$dJ8%*B4QP
XC9*PCQ9bC@jMC6X+#3N*F'&dD#!p)'PXAfPMEfiZBcX+#3N*FQ9Q9(P`C5!p)$3
l#JN*I6X+#3P"-cJ`-%)d0$!c3c-h4%%d-$""1$!`-$%J25"l#JN*#@CTE'9&EQ0
[C'PZCb!p)$-`1`S*#3PTFf%J25"33PK'D@aP8Q9QCA*PEQ0P1`S*#3P`BA4S)$d
JD@aIDR"PCbjM1`S*#3PbC@C8HA"P)$dJ0$X+#3Pp1`S*#8%c1$!`3M3e-$0$-cG
%363`-%%i-$!`-5!p)(X+#3N*CQPXC89ZBfpND@jR)$dJ-c!l#JN*#@PcB5!p)&"
#@%CTE'95C@CPFQ9ZBf8l#JN*#A"KG'JJ25"TE&p`BhJZBcX+#3N*FQ9Q9(P`C5!
p)$3l#JN*I6X+#3P"-cJ`-%)d0M!c3c-h4%%d-$""1$!`-$%J25"l#JN*#@CTE'9
&EQ0[C'PZCb!p)$-`1`S*#3PTFf%J25"33PK'D@aP8Q9QCA*PEQ0P1`S*#3P`BA4
S)$dJD@aIE@&ZDA!ZBcX+#3N*FQ9Q9(P`C5!p)$3l#JN*I6X+#3P"-cJ`-%)d0c!
c3c-h4%%d-$""1$!`-$%J25"l#JN*#@CTE'9&EQ0[C'PZCb!p)$-`1`S*#3PTFf%
J25"33PK'D@aP8Q9QCA*PEQ0P1`S*#3P`BA4S)$dJD@aIF'0N,Q-l#JN*#A*PCP4
jF'8J25!d1`S*#Adl#JN*36-i-$"#0$J`-d-c0d4"0$!`36J`-$!a)$dJH`S*#3P
QD@aP4@jMEf4TEQFJ25!c-$X+#3N*DA0K)$dJ8%*B4QPXC9*PCQ9bC@jMC6X+#3N
*F'&dD#!p)'PXAh"ZCbjM1`S*#3PbC@C8HA"P)$dJ0$X+#3Pp1`S*#8%c1$!`3M3
j-$0$-cG%363`-%%i-$!`-5!p)(X+#3N*CQPXC89ZBfpND@jR)$dJ-c!l#JN*#@P
cB5!p)&"#@%CTE'95C@CPFQ9ZBf8l#JN*#A"KG'JJ25"TE&pYEQFZBcX+#3N*FQ9
Q9(P`C5!p)$3l#JN*I6X+#3P"-cJ`-%)d36!c3c-h4%%d-$""1$!`-$%J25"l#JN
*#@CTE'9&EQ0[C'PZCb!p)$-`1`S*#3PTFf%J25"33PK'D@aP8Q9QCA*PEQ0P1`S
*#3P`BA4S)$dJD@aIE@4X,Q-l#JN*#A*PCP4jF'8J25!d1`S*#Adl#JN*36-i-$"
#0%)`-d-c0d4"0$!`36J`-$!a)$dJH`S*#3PQD@aP4@jMEf4TEQFJ25!c-$X+#3N
*DA0K)$dJ8%*B4QPXC9*PCQ9bC@jMC6X+#3N*F'&dD#!p)'PXAh"KE#jM1`S*#3P
bC@C8HA"P)$dJ0$X+#3Pp1`S*#8%c1$!`3M4$-$0$-cG%363`-%%i-$!`-5!p)(X
+#3N*CQPXC89ZBfpND@jR)$dJ-c!l#JN*#@PcB5!p)&"#@%CTE'95C@CPFQ9ZBf8
l#JN*#A"KG'JJ25"TE&pQD@aPFbjM1`S*#3PbC@C8HA"P)$dJ0$X+#3Pp1`S*#8%
c1$!`3M4%-$0$-cG%363`-%%i-$!`-5!p)(X+#3N*CQPXC89ZBfpND@jR)$dJ-c!
l#JN*#@PcB5!p)&"#@%CTE'95C@CPFQ9ZBf8l#JN*#A"KG'JJ25"TE&phB@`ZBcX
+#3N*FQ9Q9(P`C5!p)$3l#JN*I6X+#3P"-cJ`-%)d46!c3c-h4%%d-$""1$!`-$%
J25"l#JN*#@CTE'9&EQ0[C'PZCb!p)$-`1`S*#3PTFf%J25"33PK'D@aP8Q9QCA*
PEQ0P1`S*#3P`BA4S)$dJD@aIBQe`,Q-l#JN*#A*PCP4jF'8J25!d1`S*#Adl#JN
*36-i-$"#0%B`-d-c0d4"0$!`36J`-$!a)$dJH`S*#3PQD@aP4@jMEf4TEQFJ25!
c-$X+#3N*DA0K)$dJ8%*B4QPXC9*PCQ9bC@jMC6X+#3N*F'&dD#!p)'PXAhK`E5j
M1`S*#3PbC@C8HA"P)$dJ0$X+#3Pp1`S*#8%c1$!`3M8`-$0$-cG%363`-%%i-$!
`-5!p)(X+#3N*CQPXC89ZBfpND@jR)$dJ-c!l#JN*#@PcB5!p)&"#@%CTE'95C@C
PFQ9ZBf8l#JN*#A"KG'JJ25"TE&pNC(-ZBcX+#3N*FQ9Q9(P`C5!p)$3l#JN*I6X
+#3P"-cJ`-%)e-6!c3c-h4%%d-$""1$!`-$%J25"l#JN*#@CTE'9&EQ0[C'PZCb!
p)$-`1`S*#3PTFf%J25"33PK'D@aP8Q9QCA*PEQ0P1`S*#3P`BA4S)$dJD@aICA*
bEh)ZBcX+#3N*FQ9Q9(P`C5!p)$3l#JN*I6X+#3P"-cJ`-%)e-M!c3c-h4%%d-$"
"1$!`-$%J25"l#JN*#@CTE'9&EQ0[C'PZCb!p)$-`1`S*#3PTFf%J25"33PK'D@a
P8Q9QCA*PEQ0P1`S*#3P`BA4S)$dJD@aIFQ&h,Q-l#JN*#A*PCP4jF'8J25!d1`S
*#Adl#JN*36-i-$"#06-`-d-c0d4"0$!`36J`-$!a)$dJH`S*#3PQD@aP4@jMEf4
TEQFJ25!c-$X+#3N*DA0K)$dJ8%*B4QPXC9*PCQ9bC@jMC6X+#3N*F'&dD#!p)'P
XAh"iFLjM1`S*#3PbC@C8HA"P)$dJ0$X+#3Pp1`S*#8%c1$!`3M8d-$0$-cG%363
`-%%i-$!`-5!p)(X+#3N*CQPXC89ZBfpND@jR)$dJ-c!l#JN*#@PcB5!p)&"#@%C
TE'95C@CPFQ9ZBf8l#JN*#A"KG'JJ25"TE&pLDA4c,Q-l#JN*#A*PCP4jF'8J25!
d1`S*#Adl#JN*36-i-$"#068`-d-c0d4"0$!`36J`-$!a)$dJH`S*#3PQD@aP4@j
MEf4TEQFJ25!c-$X+#3N*DA0K)$dJ8%*B4QPXC9*PCQ9bC@jMC6X+#3N*F'&dD#!
p)'PXAh*XC5jM1`S*#3PbC@C8HA"P)$dJ0$X+#3Pp1`S*#8%c1$!`3M8f-$0$-cG
%363`-%%i-$!`-5!p)(X+#3N*CQPXC89ZBfpND@jR)$dJ-c!l#JN*#@PcB5!p)&"
#@%CTE'95C@CPFQ9ZBf8l#JN*#A"KG'JJ25"TE&pZCA9aG@&ZG#jM1`S*#3PbC@C
8HA"P)$dJ0$X+#3Pp1`S*#8%c1$!`3M8h-$0$-cG%363`-%%i-$!`-5!p)(X+#3N
*CQPXC89ZBfpND@jR)$dJ-c!l#JN*#@PcB5!p)&"#@%CTE'95C@CPFQ9ZBf8l#JN
*#A"KG'JJ25"TE&p`EQdZBcX+#3N*FQ9Q9(P`C5!p)$3l#JN*I6X+#3P"-cJ`-%)
e1$!c3c-h4%%d-$""1$!`-$%J25"l#JN*#@CTE'9&EQ0[C'PZCb!p)$-`1`S*#3P
TFf%J25"33PK'D@aP8Q9QCA*PEQ0P1`S*#3P`BA4S)$dJD@aIBh9d,Q-l#JN*#A*
PCP4jF'8J25!d1`S*#Adl#JN*36-i-$"#06N`-d-c0d4"0$!`36J`-$!a)$dJH`S
*#3PQD@aP4@jMEf4TEQFJ25!c-$X+#3N*DA0K)$dJ8%*B4QPXC9*PCQ9bC@jMC6X
+#3N*F'&dD#!p)'PXAh0dBA4PFbjM1`S*#3PbC@C8HA"P)$dJ0$X+#3Pp1`S*#8%
c1$!`3M9"-$0$-cG%363`-%%i-$!`-5!p)(X+#3N*CQPXC89ZBfpND@jR)$dJ-c!
l#JN*#@PcB5!p)&"#@%CTE'95C@CPFQ9ZBf8l#JN*#A"KG'JJ25"TE&p`FQpQD@a
PFbjM1`S*#3PbC@C8HA"P)$dJ0$X+#3Pp1`S*#8%c1$!`3M9#-$0$-cG%363`-%%
i-$!`-5!p)(X+#3N*CQPXC89ZBfpND@jR)$dJ-c!l#JN*#@PcB5!p)&"#@%CTE'9
5C@CPFQ9ZBf8l#JN*#A"KG'JJ25!LD@aIC'4c,A0KGQ8ZBb)l#JN*#A*PCP4jF'8
J25!d1`S*#Adl#JN*36-i-$"#08-`-d-c0d4"0$!`36J`-$!a)$dJH`S*#3PQD@a
P4@jMEf4TEQFJ25!c-$X+#3N*DA0K)$dJ8%*B4QPXC9*PCQ9bC@jMC6X+#3N*F'&
dD#!p)'PXAh9dD@aTG(NZBcX+#3N*FQ9Q9(P`C5!p)$3l#JN*I6X+#3P"-cJ`-%)
e4$!c3c-h4%%d-$""1$!`-$%J25"l#JN*#@CTE'9&EQ0[C'PZCb!p)$-`1`S*#3P
TFf%J25"33PK'D@aP8Q9QCA*PEQ0P1`S*#3P`BA4S)$dJD@aIC'0i,Q-l#JN*#A*
PCP4jF'8J25!d1`S*#Adl#JN*36-i-$"#088`-d-c0d4"0$!`36J`-$!a)$dJH`S
*#3PQD@aP4@jMEf4TEQFJ25!c-$X+#3N*DA0K)$dJ8%*B4QPXC9*PCQ9bC@jMC6X
+#3N*F'&dD#!p)'PXAh0dB@0V,Q-l#JN*#A*PCP4jF'8J25!d1`S*#Adl#JN*36-
i-$"#08B`-d-c0d4"0$!`36J`-$!a)$dJH`S*#3PQD@aP4@jMEf4TEQFJ25!c-$X
+#3N*DA0K)$dJ8%*B4QPXC9*PCQ9bC@jMC6X+#3N*F'&dD#!p)'PXAfGTCLjM1`S
*#3PbC@C8HA"P)$dJ0$X+#3Pp1`S*#8%c1$!`3MB`-$0$-cG%363`-%%i-$!`-5!
p)(X+#3N*CQPXC89ZBfpND@jR)$dJ-c!l#JN*#@PcB5!p)&"#@%CTE'95C@CPFQ9
ZBf8l#JN*#A"KG'JJ25"TE&pPEQ4TB@iZBcX+#3N*FQ9Q9(P`C5!p)$3l#JN*I6X
+#3P"-cJ`-%)f-6!c3c-h4%%d-$""1$!`-$%J25"l#JN*#@CTE'9&EQ0[C'PZCb!
p)$-`1`S*#3PTFf%J25"33PK'D@aP8Q9QCA*PEQ0P1`S*#3P`BA4S)$dJD@aIF(0
N,Q-l#JN*#A*PCP4jF'8J25!d1`S*#Adl#JN*36-i-$"#0M)`-d-c0d4"0$!`36J
`-$!a)$dJH`S*#3PQD@aP8Q9Q)$dJ36-i-$"#-NB`-d-c0d4"0$!`36J`-$!a1`S
*#3PTFf%J25"33PK#G@PXC%CTE'8l#JN*#A0PG(4TEQGc)$dJH`S*#3Pp1`S*#Ad
l#JN*36-i-$"#0M-`-d-c0d4"0$!`36J`-$!a)$dJH`S*#3PQD@aP8Q9Q)$dJ36-
i-$"#-c!`-d-c0d4"0$!`36J`-$!a1`S*#3PTFf%J25"33PK#G@PXC%CTE'8l#JN
*#A0PG(4TEQGc)$dJH`S*#3Pp1`S*#Adl#JN*36-i-$"#0M3`-d-c0d4"0$!`36J
`-$!a)$dJH`S*#3PQD@aP8Q9Q)$dJ36-i-$"#-c%`-d-c0d4"0$!`36J`-$!a1`S
*#3PTFf%J25"33PK#G@PXC%CTE'8l#JN*#A0PG(4TEQGc)$dJH`S*#3Pp1`S*#Ad
l#JN*36-i-$"#0M8`-d-c0d4"0$!`36J`-$!a)$dJH`S*#3PQD@aP8Q9Q)$dJ36-
i-$"#-c)`-d-c0d4"0$!`36J`-$!a1`S*#3PTFf%J25"33PK#G@PXC%CTE'8l#JN
*#A0PG(4TEQGc)$dJH`S*#3Pp1`S*#Adl#JN*36-i-$"#0MB`-d-c0d4"0$!`36J
`-$!a)$dJH`S*#3PQD@aP8Q9Q)$dJ36-i-$"#-c-`-d-c0d4"0$!`36J`-$!a1`S
*#3PTFf%J25"33PK#G@PXC%CTE'8l#JN*#A0PG(4TEQGc)$dJH`S*#3Pp1`S*#Ad
l#JN*36-i-$"#0MF`-d-c0d4"0$!`36J`-$!a)$dJH`S*#3PQD@aP8Q9Q)$dJ36-
i-$"#-c3`-d-c0d4"0$!`36J`-$!a1`S*#3PTFf%J25"33PK#G@PXC%CTE'8l#JN
*#A0PG(4TEQGc)$dJH`S*#3Pp1`S*#Adl#JN*36-i-$"#0MJ`-d-c0d4"0$!`36J
`-$!a)$dJH`S*#3PQD@aP8Q9Q)$dJ36-i-$"#-c8`-d-c0d4"0$!`36J`-$!a1`S
*#3PTFf%J25"33PK#G@PXC%CTE'8l#JN*#A0PG(4TEQGc)$dJH`S*#3Pp1`S*#Ad
l#JN*36-i-$"#0MN`-d-c0d4"0$!`36J`-$!a)$dJH`S*#3PQD@aP8Q9Q)$dJ36-
i-$"#-cB`-d-c0d4"0$!`36J`-$!a1`S*#3PTFf%J25"33PK#G@PXC%CTE'8l#JN
*#A0PG(4TEQGc)$dJH`S*#3Pp1`S*#Adl#JN*36-i-$"#0N%`-d-c0d4"0$!`36J
`-$!a)$dJH`S*#3PQD@aP8Q9Q)$dJ36-i-$"#-cF`-d-c0d4"0$!`36J`-$!a1`S
*#3PTFf%J25"33PK#G@PXC%CTE'8l#JN*#A0PG(4TEQGc)$dJH`S*#3Pp1`S*#Ad
l#JN*36-i-$"#0N)`-d-c0d4"0$!`36J`-$!a)$dJH`S*#3PQD@aP8Q9Q)$dJ36-
i-$"#-cJ`-d-c0d4"0$!`36J`-$!a1`S*#3PTFf%J25"33PK#G@PXC%CTE'8l#JN
*#A0PG(4TEQGc)$dJH`S*#3Pp1`S*#Adl#JN*36-i-$"#0N-`-d-c0d4"0$!`36J
`-$!a)$dJH`S*#3PQD@aP8Q9Q)$dJ36-i-$"#-cN`-d-c0d4"0$!`36J`-$!a1`S
*#3PTFf%J25"33PK#G@PXC%CTE'8l#JN*#A0PG(4TEQGc)$dJH`S*#3Pp1`S*#Ad
l#JN*36-i-$"#0N3`-d-c0d4"0$!`36J`-$!a)$dJH`S*#3PQD@aP8Q9Q)$dJ36-
i-$"#-d%`-d-c0d4"0$!`36J`-$!a1`S*#3PTFf%J25"33PK#G@PXC%CTE'8l#JN
*#A0PG(4TEQGc)$dJH`S*#3Pp1`S*#Adl#JN*36-i-$"#0N8`-d-c0d4"0$!`36J
`-$!a)$dJH`S*#3PQD@aP8Q9Q)$dJ36-i-$"#-d)`-d-c0d4"0$!`36J`-$!a1`S
*#3PTFf%J25"33PK#G@PXC%CTE'8l#JN*#A0PG(4TEQGc)$dJH`S*#3Pp1`S*#Ad
l#JN*36-i-$"#0NB`-d-c0d4"0$!`36J`-$!a)$dJH`S*#3PQD@aP8Q9Q)$dJ36-
i-$"#-d-`-d-c0d4"0$!`36J`-$!a1`S*#3PTFf%J25"33PK#G@PXC%CTE'8l#JN
*#A0PG(4TEQGc)$dJH`S*#3Pp1`S*#Adl#JN*36-i-$"#0c!`-d-c0d4"0$!`36J
`-$!a)$dJH`S*#3PQD@aP8Q9Q)$dJ36-i-$"#-d3`-d-c0d4"0$!`36J`-$!a1`S
*#3PTFf%J25"33PK#G@PXC%CTE'8l#JN*#A0PG(4TEQGc)$dJH`S*#3Pp1`S*#Ad
l#JN*36-i-$"#0c%`-d-c0d4"0$!`36J`-$!a)$dJH`S*#3PQD@aP8Q9Q)$dJ36-
i-$"#-d8`-d-c0d4"0$!`36J`-$!a1`S*#3PTFf%J25"33PK#G@PXC%CTE'8l#JN
*#A0PG(4TEQGc)$dJH`S*#3Pp1`S*#Adl#JN*36-i-$"#0c)`-d-c0d4"0$!`36J
`-$!a)$dJH`S*#3PQD@aP8Q9Q)$dJ36-i-$"#-dB`-d-c0d4"0$!`36J`-$!a1`S
*#3PTFf%J25"33PK#G@PXC%CTE'8l#JN*#A0PG(4TEQGc)$dJH`S*#3Pp1`S*#Ad
l#JN*36-i-$"#0c-`-d-c0d4"0$!`36J`-$!a)$dJH`S*#3PQD@aP8Q9Q)$dJ36-
i-$"#0$!`-d-c0d4"0$!`36J`-$!a1`S*#3PTFf%J25"33PK#G@PXC%CTE'8l#JN
*#A0PG(4TEQGc)$dJH`S*#3Pp1`S*#Adl#JN*36-i-$"#0c3`-d-c0d4"0$!`36J
`-$!a)$dJH`S*#3PQD@aP8Q9Q)$dJ36-i-$"#0$%`-d-c0d4"0$!`36J`-$!a1`S
*#3PTFf%J25"33PK#G@PXC%CTE'8l#JN*#A0PG(4TEQGc)$dJH`S*#3Pp1`S*#Ad
l#JN*36-i-$"#0c8`-d-c0d4"0$!`36J`-$!a)$dJH`S*#3PQD@aP8Q9Q)$dJ36-
i-$"#0$)`-d-c0d4"0$!`36J`-$!a1`S*#3PTFf%J25"33PK#G@PXC%CTE'8l#JN
*#A0PG(4TEQGc)$dJH`S*#3Pp1`S*#Adl#JN*36-i-$"#0cB`-d-c0d4"0$!`36J
`-$!a)$dJH`S*#3PQD@aP8Q9Q)$dJ36-i-$"#0$-`-d-c0d4"0$!`36J`-$!a1`S
*#3PTFf%J25"33PK#G@PXC%CTE'8l#JN*#A0PG(4TEQGc)$dJH`S*#3Pp1`S*#Ad
l#JN*36-i-$"#0cF`-d-c0d4"0$!`36J`-$!a)$dJH`S*#3PQD@aP8Q9Q)$dJ36-
i-$"#0$3`-d-c0d4"0$!`36J`-$!a1`S*#3PTFf%J25"33PK#G@PXC%CTE'8l#JN
*#A0PG(4TEQGc)$dJH`S*#3Pp1`S*#Adl#JN*36-i-$"#0cJ`-d-c0d4"0$!`36J
`-$!a)$dJH`S*#3PQD@aP8Q9Q)$dJ36-i-$"#0$8`-d-c0d4"0$!`36J`-$!a1`S
*#3PTFf%J25"33PK#G@PXC%CTE'8l#JN*#A0PG(4TEQGc)$dJH`S*#3Pp1`S*#Ad
l#JN*36-i-$"#0cN`-d-c0d4"0$!`36J`-$!a)$dJH`S*#3PQD@aP8Q9Q)$dJ36-
i-$"#0$B`-d-c0d4"0$!`36J`-$!a1`S*#3PTFf%J25"33PK#G@PXC%CTE'8l#JN
*#A0PG(4TEQGc)$dJH`S*#3Pp1`S*#Adl#JN*36-i-$"#0d%`-d-c0d4"0$!`36J
`-$!a)$dJH`S*#3PQD@aP8Q9Q)$dJ36-i-$"#0$F`-d-c0d4"0$!`36J`-$!a1`S
*#3PTFf%J25"33PK#G@PXC%CTE'8l#JN*#A0PG(4TEQGc)$dJH`S*#3Pp1`S*#Ad
l#JN*36-i-$"#0d)`-d-c0d4"0$!`36J`-$!a)$dJH`S*#3PQD@aP8Q9Q)$dJ36-
i-$"#0$J`-d-c0d4"0$!`36J`-$!a1`S*#3PTFf%J25"33PK#G@PXC%CTE'8l#JN
*#A0PG(4TEQGc)$dJH`S*#3Pp1`S*#Adl#JN*36-i-$"#0d-`-d-c0d4"0$!`36J
`-$!a)$dJH`S*#3PQD@aP8Q9Q)$dJ36-i-$"#0$N`-d-c0d4"0$!`36J`-$!a1`S
*#3PTFf%J25"33PK#G@PXC%CTE'8l#JN*#A0PG(4TEQGc)$dJH`S*#3Pp1`S*#Ad
l#JN*36-i-$"#0d3`-d-c0d4"0$!`36J`-$!a)$dJH`S*#3PQD@aP8Q9Q)$dJ36-
i-$"#0%%`-d-c0d4"0$!`36J`-$!a1`S*#3PTFf%J25"33PK#G@PXC%CTE'8l#JN
*#A0PG(4TEQGc)$dJH`S*#3Pp1`S*#Adl#JN*36-i-$"#0d8`-d-c0d4"0$!`36J
`-$!a)$dJH`S*#3PQD@aP8Q9Q)$dJ36-i-$"#0%)`-d-c0d4"0$!`36J`-$!a1`S
*#3PTFf%J25"33PK#G@PXC%CTE'8l#JN*#A0PG(4TEQGc)$dJH`S*#3Pp1`S*#Ad
l#JN*36-i-$"#0dB`-d-c0d4"0$!`36J`-$!a)$dJH`S*#3PQD@aP8Q9Q)$dJ36-
i-$"#0%-`-d-c0d4"0$!`36J`-$!a1`S*#3PTFf%J25"33PK#G@PXC%CTE'8l#JN
*#A0PG(4TEQGc)$dJH`S*#3Pp1`S*#Adl#JN*36-i-$"#1$!`-d-c0d4"0$!`36J
`-$!a)$dJH`S*#3PQD@aP8Q9Q)$dJ36-i-$"#0%3`-d-c0d4"0$!`36J`-$!a1`S
*#3PTFf%J25"33PK#G@PXC%CTE'8l#JN*#A0PG(4TEQGc)$dJH`S*#3Pp1`S*#Ad
l#JN*36-i-$"#1$%`-d-c0d4"0$!`36J`-$!a)$dJH`S*#3PQD@aP8Q9Q)$dJ36-
i-$"#0%8`-d-c0d4"0$!`36J`-$!a1`S*#3PTFf%J25"33PK#G@PXC%CTE'8l#JN
*#A0PG(4TEQGc)$dJH`S*#3Pp1`S*#Adl#JN*36-i-$"#1$)`-d-c0d4"0$!`36J
`-$!a)$dJH`S*#3PQD@aP8Q9Q)$dJ36-i-$"#0%B`-d-c0d4"0$!`36J`-$!a1`S
*#3PTFf%J25"33PK#G@PXC%CTE'8l#JN*#A0PG(4TEQGc)$dJH`S*#3Pp1`S*#Ad
l#JN*36-i-$"#1$-`-d-c0d4"0$!`36J`-$!a)$dJH`S*#3PQD@aP8Q9Q)$dJ36-
i-$"#06!`-d-c0d4"0$!`36J`-$!a1`S*#3PTFf%J25"33PK#G@PXC%CTE'8l#JN
*#A0PG(4TEQGc)$dJH`S*#3Pp1`S*#Adl#JN*36-i-$"#1$3`-d-c0d4"0$!`36J
`-$!a)$dJH`S*#3PQD@aP8Q9Q)$dJ36-i-$"#06%`-d-c0d4"0$!`36J`-$!a1`S
*#3PTFf%J25"33PK#G@PXC%CTE'8l#JN*#A0PG(4TEQGc)$dJH`S*#3Pp1`S*#Ad
l#JN*36-i-$"#1$8`-d-c0d4"0$!`36J`-$!a)$dJH`S*#3PQD@aP8Q9Q)$dJ36-
i-$"#06)`-d-c0d4"0$!`36J`-$!a1`S*#3PTFf%J25"33PK#G@PXC%CTE'8l#JN
*#A0PG(4TEQGc)$dJH`S*#3Pp1`S*#Adl#JN*36-i-$"#1$B`-d-c0d4"0$!`36J
`-$!a)$dJH`S*#3PQD@aP8Q9Q)$dJ36-i-$"#06-`-d-c0d4"0$!`36J`-$!a1`S
*#3PTFf%J25"33PK#G@PXC%CTE'8l#JN*#A0PG(4TEQGc)$dJH`S*#3Pp1`S*#Ad
l#JN*36-i-$"#1$F`-d-c0d4"0$!`36J`-$!a)$dJH`S*#3PQD@aP8Q9Q)$dJ36-
i-$"#063`-d-c0d4"0$!`36J`-$!a1`S*#3PTFf%J25"33PK#G@PXC%CTE'8l#JN
*#A0PG(4TEQGc)$dJH`S*#3Pp1`S*#Adl#JN*36-i-$"#1$J`-d-c0d4"0$!`36J
`-$!a)$dJH`S*#3PQD@aP8Q9Q)$dJ36-i-$"#068`-d-c0d4"0$!`36J`-$!a1`S
*#3PTFf%J25"33PK#G@PXC%CTE'8l#JN*#A0PG(4TEQGc)$dJH`S*#3Pp1`S*#Ad
l#JN*36-i-$"#1$N`-d-c0d4"0$!`36J`-$!a)$dJH`S*#3PQD@aP8Q9Q)$dJ36-
i-$"#06B`-d-c0d4"0$!`36J`-$!a1`S*#3PTFf%J25"33PK#G@PXC%CTE'8l#JN
*#A0PG(4TEQGc)$dJH`S*#3Pp1`S*#Adl#JN*36-i-$"#1%%`-d-c0d4"0$!`36J
`-$!a)$dJH`S*#3PQD@aP8Q9Q)$dJ36-i-$"#06F`-d-c0d4"0$!`36J`-$!a1`S
*#3PTFf%J25"33PK#G@PXC%CTE'8l#JN*#A0PG(4TEQGc)$dJH`S*#3Pp1`S*#Ad
l#JN*36-i-$"#1%)`-d-c0d4"0$!`36J`-$!a)$dJH`S*#3PQD@aP8Q9Q)$dJ36-
i-$"#06J`-d-c0d4"0$!`36J`-$!a1`S*#3PTFf%J25"33PK#G@PXC%CTE'8l#JN
*#A0PG(4TEQGc)$dJH`S*#3Pp1`S*#Adl#JN*36-i-$"#1%-`-d-c0d4"0$!`36J
`-$!a)$dJH`S*#3PQD@aP8Q9Q)$dJ36-i-$"#06N`-d-c0d4"0$!`36J`-$!a1`S
*#3PTFf%J25"33PK#G@PXC%CTE'8l#JN*#A0PG(4TEQGc)$dJH`S*#3Pp1`S*#Ad
l#JN*36-i-$"#1%3`-d-c0d4"0$!`36J`-$!a)$dJH`S*#3PQD@aP8Q9Q)$dJ36-
i-$"#08%`-d-c0d4"0$!`36J`-$!a1`S*#3PTFf%J25"33PK#G@PXC%CTE'8l#JN
*#A0PG(4TEQGc)$dJH`S*#3Pp1`S*#Adl#JN*36-i-$"#1%8`-d-c0d4"0$!`36J
`-$!a)$dJH`S*#3PQD@aP8Q9Q)$dJ36-i-$"#08)`-d-c0d4"0$!`36J`-$!a1`S
*#3PTFf%J25"33PK#G@PXC%CTE'8l#JN*#A0PG(4TEQGc)$dJH`S*#3Pp1`S*#Ad
l#JN*36-i-$"#1%B`-d-c0d4"0$!`36J`-$!a)$dJH`S*#3PQD@aP8Q9Q)$dJ36-
i-$"#08-`-d-c0d4"0$!`36J`-$!a1`S*#3PTFf%J25"33PK#G@PXC%CTE'8l#JN
*#A0PG(4TEQGc)$dJH`S*#3Pp1`S*#Adl#JN*36-i-$"#16!`-d-c0d4"0$!`36J
`-$!a)$dJH`S*#3PQD@aP8Q9Q)$dJ36-i-$"#083`-d-c0d4"0$!`36J`-$!a1`S
*#3PTFf%J25"33PK#G@PXC%CTE'8l#JN*#A0PG(4TEQGc)$dJH`S*#3Pp1`S*#Ad
l#JN*36-i-$"#16%`-d-c0d4"0$!`36J`-$!a)$dJH`S*#3PQD@aP8Q9Q)$dJ36-
i-$"#088`-d-c0d4"0$!`36J`-$!a1`S*#3PTFf%J25"33PK#G@PXC%CTE'8l#JN
*#A0PG(4TEQGc)$dJH`S*#3Pp1`S*#Adl#JN*36-i-$"#16)`-d-c0d4"0$!`36J
`-$!a)$dJH`S*#3PQD@aP8Q9Q)$dJ36-i-$"#08B`-d-c0d4"0$!`36J`-$!a1`S
*#3PTFf%J25"33PK#G@PXC%CTE'8l#JN*#A0PG(4TEQGc)$dJH`S*#3Pp1`S*#Ad
l#JN*36-i-$"#16-`-d-c0d4"0$!`36J`-$!a)$dJH`S*#3PQD@aP8Q9Q)$dJ36-
i-$"#0M!`-d-c0d4"0$!`36J`-$!a1`S*#3PTFf%J25"33PK#G@PXC%CTE'8l#JN
*#A0PG(4TEQGc)$dJH`S*#3Pp1`S*#Adl#JN*36-i-$"#163`-d-c0d4"0$!`36J
`-$!a)$dJH`S*#3PQD@aP8Q9Q)$dJ36-i-$"#0M%`-d-c0d4"0$!`36J`-$!a1`S
*#3PTFf%J25"33PK#G@PXC%CTE'8l#JN*#A0PG(4TEQGc)$dJH`S*#3Pp1`S*#Ad
l#JN*36-i-$"#168`-d-c0d4#1$!`36J`-$!a)$dJH`S*#3PQD@aP4@jMEf4TEQF
J25!c-$X+#3N*DA0K)$dJ8%*B4QPXC9*PCQ9bC@jMC6X+#3N*F'&dD#!p)'PXG9p
KE'a[BbjM1`S*#3PbC@C8HA"P)$dJ0$X+#3Pp1`S*#8%c1$!`3MNf-$0$-cG%3MJ
`-%%i-$!`-5!p)(X+#3N*CQPXC89ZBfpND@jR)$dJ-c!l#JN*#@PcB5!p)&"#@%C
TE'95C@CPFQ9ZBf8l#JN*#A"KG'JJ25"TE(9IFf0KE'8bC#jM1`S*#3PbC@C8HA"
P)$dJ0$X+#3Pp1`S*#8%c1$!`3MNh-$0$-cG%3MJ`-%%i-$!`-5!p)(X+#3N*CQP
XC89ZBfpND@jR)$dJ-c!l#JN*#@PcB5!p)&"#@%CTE'95C@CPFQ9ZBf8l#JN*#A"
KG'JJ25"TE(9IFQ9RD@pZ,Q-l#JN*#A*PCP4jF'8J25!d1`S*#Adl#JN*36-i-$"
#16J`-d-c0d4#1$!`36J`-$!a)$dJH`S*#3PQD@aP4@jMEf4TEQFJ25!c-$X+#3N
*DA0K)$dJ8%*B4QPXC9*PCQ9bC@jMC6X+#3N*F'&dD#!p)'PXG9peG'PXDA4TCA-
ZBcX+#3N*FQ9Q9(P`C5!p)$3l#JN*I6X+#3P"-cJ`-%)j16!c3c-h4%)i-$""1$!
`-$%J25"l#JN*#@CTE'9&EQ0[C'PZCb!p)$-`1`S*#3PTFf%J25"33PK'D@aP8Q9
QCA*PEQ0P1`S*#3P`BA4S)$dJD@aeAfPZG'9bEQ&X,Q-l#JN*#A*PCP4jF'8J25!
d1`S*#Adl#JN*36-i-$"#18%`-d-c0d4#1$!`36J`-$!a)$dJH`S*#3PQD@aP4@j
MEf4TEQFJ25!c-$X+#3N*DA0K)$dJ8%*B4QPXC9*PCQ9bC@jMC6X+#3N*F'&dD#!
p)'PXG9pcBf&XD@jR,Q-l#JN*#A*PCP4jF'8J25!d1`S*#Adl#JN*36-i-$"#18)
`-d-c0d4#1$!`36J`-$!a)$dJH`S*#3PQD@aP4@jMEf4TEQFJ25!c-$X+#3N*DA0
K)$dJ8%*B4QPXC9*PCQ9bC@jMC6X+#3N*F'&dD#!p)'PXG9pQD@adCA*IFQ0R,Q-
l#JN*#A*PCP4jF'8J25!d1`S*#Adl#JN*36-i-$"#18-`-d-c0d4#1$!`36J`-$!
a)$dJH`S*#3PQD@aP4@jMEf4TEQFJ25!c-$X+#3N*DA0K)$dJ8%*B4QPXC9*PCQ9
bC@jMC6X+#3N*F'&dD#!p)'PXG9pYDA"YBA!ZBcX+#3N*FQ9Q9(P`C5!p)$3l#JN
*I6X+#3P"-cJ`-%)j4$!c3c-h4%)i-$""1$!`-$%J25"l#JN*#@CTE'9&EQ0[C'P
ZCb!p)$-`1`S*#3PTFf%J25"33PK'D@aP8Q9QCA*PEQ0P1`S*#3P`BA4S)$dJD@a
eAh*[G'&dC5jM1`S*#3PbC@C8HA"P)$dJ0$X+#3Pp1`S*#8%c1$!`3MP&-$0$-cG
%3MJ`-%%i-$!`-5!p)(X+#3N*CQPXC89ZBfpND@jR)$dJ-c!l#JN*#@PcB5!p)&"
#@%CTE'95C@CPFQ9ZBf8l#JN*#A"KG'JJ25"TE(9IFf0KE'8ZBcX+#3N*FQ9Q9(P
`C5!p)$3l#JN*I6X+#3P"-cJ`-%)j4M!c3c-h4%)i-$""1$!`-$%J25"l#JN*#@C
TE'9&EQ0[C'PZCb!p)$-`1`S*#3PTFf%J25"33PK'D@aP8Q9QCA*PEQ0P1`S*#3P
`BA4S)$dJD@aeAfj[DA0P,Q-l#JN*#A*PCP4jF'8J25!d1`S*#Adl#JN*36-i-$"
#36!`-d-c0d4#1$!`36J`-$!a)$dJH`S*#3PQD@aP4@jMEf4TEQFJ25!c-$X+#3N
*DA0K)$dJ8%*B4QPXC9*PCQ9bC@jMC6X+#3N*F'&dD#!p)'PXG9pcG'&dCA-ZBcX
+#3N*FQ9Q9(P`C5!p)$3l#JN*I6X+#3P"-cJ`-%*"-6!c3c-h4%)i-$""1$!`-$%
J25"l#JN*#@CTE'9&EQ0[C'PZCb!p)$-`1`S*#3PTFf%J25"33PK'D@aP8Q9QCA*
PEQ0P1`S*#3P`BA4S)$dJD@aeAh0MB@aP-f3ZBcX+#3N*FQ9Q9(P`C5!p)$3l#JN
*I6X+#3P"-cJ`-%*"-M!c3c-h4%)i-$""1$!`-$%J25"l#JN*#@CTE'9&EQ0[C'P
ZCb!p)$-`1`S*#3PTFf%J25"33PK'D@aP8Q9QCA*PEQ0P1`S*#3P`BA4S)$dJD@a
eAf9bFQpb,Q-l#JN*#A*PCP4jF'8J25!d1`S*#Adl#JN*36-i-$"#36-`-d-c0d4
#1$!`36J`-$!a)$dJH`S*#3PQD@aP4@jMEf4TEQFJ25!c-$X+#3N*DA0K)$dJ8%*
B4QPXC9*PCQ9bC@jMC6X+#3N*F'&dD#!p)'PXG9pYB@PZ,Q-l#JN*#A*PCP4jF'8
J25!d1`S*#Adl#JN*36-i-$"#363`-d-c0d4#1$!`36J`-$!a)$dJH`S*#3PQD@a
P4@jMEf4TEQFJ25!c-$X+#3N*DA0K)$dJ8%*B4QPXC9*PCQ9bC@jMC6X+#3N*F'&
dD#!p)'PXG9pYB@jTF#jM1`S*#3PbC@C8HA"P)$dJ0$X+#3Pp1`S*#8%c1$!`3N%
e-$0$-cG%3MJ`-%%i-$!`-5!p)(X+#3N*CQPXC89ZBfpND@jR)$dJ-c!l#JN*#@P
cB5!p)&"#@%CTE'95C@CPFQ9ZBf8l#JN*#A"KG'JJ25"TE(9ICQPXG'9b,Q-l#JN
*#A*PCP4jF'8J25!d1`S*#Adl#JN*36-i-$"#36B`-d-c0d4#1$!`36J`-$!a)$d
JH`S*#3PQD@aP8Q9Q)$dJ36-i-$"#168`-d-c0d4#1$!`36J`-$!a1`S*#3PTFf%
J25"33PK#G@PXC%CTE'8l#JN*#A0PG(4TEQGc)$dJH`S*#3Pp1`S*#Adl#JN*36-
i-$"#36F`-d-c0d4#1$!`36J`-$!a)$dJH`S*#3PQD@aP8Q9Q)$dJ36-i-$"#16B
`-d-c0d4#1$!`36J`-$!a1`S*#3PTFf%J25"33PK#G@PXC%CTE'8l#JN*#A0PG(4
TEQGc)$dJH`S*#3Pp1`S*#Adl#JN*36-i-$"#36J`-d-c0d4#1$!`36J`-$!a)$d
JH`S*#3PQD@aP8Q9Q)$dJ36-i-$"#16F`-d-c0d4#1$!`36J`-$!a1`S*#3PTFf%
J25"33PK#G@PXC%CTE'8l#JN*#A0PG(4TEQGc)$dJH`S*#3Pp1`S*#Adl#JN*36-
i-$"#36N`-d-c0d4#1$!`36J`-$!a)$dJH`S*#3PQD@aP8Q9Q)$dJ36-i-$"#16J
`-d-c0d4#1$!`36J`-$!a1`S*#3PTFf%J25"33PK#G@PXC%CTE'8l#JN*#A0PG(4
TEQGc)$dJH`S*#3Pp1`S*#Adl#JN*36-i-$"#38%`-d-c0d4#1$!`36J`-$!a)$d
JH`S*#3PQD@aP8Q9Q)$dJ36-i-$"#16N`-d-c0d4#1$!`36J`-$!a1`S*#3PTFf%
J25"33PK#G@PXC%CTE'8l#JN*#A0PG(4TEQGc)$dJH`S*#3Pp1`S*#Adl#JN*36-
i-$"#38)`-d-c0d4#1$!`36J`-$!a)$dJH`S*#3PQD@aP8Q9Q)$dJ36-i-$"#18%
`-d-c0d4#1$!`36J`-$!a1`S*#3PTFf%J25"33PK#G@PXC%CTE'8l#JN*#A0PG(4
TEQGc)$dJH`S*#3Pp1`S*#Adl#JN*36-i-$"#38-`-d-c0d4#1$!`36J`-$!a)$d
JH`S*#3PQD@aP8Q9Q)$dJ36-i-$"#18)`-d-c0d4#1$!`36J`-$!a1`S*#3PTFf%
J25"33PK#G@PXC%CTE'8l#JN*#A0PG(4TEQGc)$dJH`S*#3Pp1`S*#Adl#JN*36-
i-$"#383`-d-c0d4#1$!`36J`-$!a)$dJH`S*#3PQD@aP8Q9Q)$dJ36-i-$"#18-
`-d-c0d4#1$!`36J`-$!a1`S*#3PTFf%J25"33PK#G@PXC%CTE'8l#JN*#A0PG(4
TEQGc)$dJH`S*#3Pp1`S*#Adl#JN*36-i-$"#388`-d-c0d4#1$!`36J`-$!a)$d
JH`S*#3PQD@aP8Q9Q)$dJ36-i-$"#183`-d-c0d4#1$!`36J`-$!a1`S*#3PTFf%
J25"33PK#G@PXC%CTE'8l#JN*#A0PG(4TEQGc)$dJH`S*#3Pp1`S*#Adl#JN*36-
i-$"#38B`-d-c0d4#1$!`36J`-$!a)$dJH`S*#3PQD@aP8Q9Q)$dJ36-i-$"#188
`-d-c0d4#1$!`36J`-$!a1`S*#3PTFf%J25"33PK#G@PXC%CTE'8l#JN*#A0PG(4
TEQGc)$dJH`S*#3Pp1`S*#Adl#JN*36-i-$"#3M!`-d-c0d4#1$!`36J`-$!a)$d
JH`S*#3PQD@aP8Q9Q)$dJ36-i-$"#18B`-d-c0d4#1$!`36J`-$!a1`S*#3PTFf%
J25"33PK#G@PXC%CTE'8l#JN*#A0PG(4TEQGc)$dJH`S*#3Pp1`S*#Adl#JN*36-
i-$"#3M%`-d-c0d4#1$!`36J`-$!a)$dJH`S*#3PQD@aP8Q9Q)$dJ36-i-$"#36!
`-d-c0d4#1$!`36J`-$!a1`S*#3PTFf%J25"33PK#G@PXC%CTE'8l#JN*#A0PG(4
TEQGc)$dJH`S*#3Pp1`S*#Adl#JN*36-i-$"#3M)`-d-c0d4#1$!`36J`-$!a)$d
JH`S*#3PQD@aP8Q9Q)$dJ36-i-$"#36%`-d-c0d4#1$!`36J`-$!a1`S*#3PTFf%
J25"33PK#G@PXC%CTE'8l#JN*#A0PG(4TEQGc)$dJH`S*#3Pp1`S*#Adl#JN*36-
i-$"#3M-`-d-c0d4#1$!`36J`-$!a)$dJH`S*#3PQD@aP8Q9Q)$dJ36-i-$"#36)
`-d-c0d4#1$!`36J`-$!a1`S*#3PTFf%J25"33PK#G@PXC%CTE'8l#JN*#A0PG(4
TEQGc)$dJH`S*#3Pp1`S*#Adl#JN*36-i-$"#3M3`-d-c0d4#1$!`36J`-$!a)$d
JH`S*#3PQD@aP8Q9Q)$dJ36-i-$"#36-`-d-c0d4#1$!`36J`-$!a1`S*#3PTFf%
J25"33PK#G@PXC%CTE'8l#JN*#A0PG(4TEQGc)$dJH`S*#3Pp1`S*#Adl#JN*36-
i-$"#3M8`-d-c0d4#1$!`36J`-$!a)$dJH`S*#3PQD@aP8Q9Q)$dJ36-i-$"#363
`-d-c0d4#1$!`36J`-$!a1`S*#3PTFf%J25"33PK#G@PXC%CTE'8l#JN*#A0PG(4
TEQGc)$dJH`S*#3Pp1`S*#Adl#JN*36-i-$"#3MB`-d-c0d4#1$!`36J`-$!a)$d
JH`S*#3PQD@aP8Q9Q)$dJ36-i-$"#368`-d-c0d4#1$!`36J`-$!a1`S*#3PTFf%
J25"33PK#G@PXC%CTE'8l#JN*#A0PG(4TEQGc)$dJH`S*#3Pp1`S*#Adl#JN*36-
i-$"#3MF`-d-c0d4$06!`36J`-$!a)$dJH`S*#3PQD@aP4@jMEf4TEQFJ25!c-$X
+#3N*DA0K)$dJ8%*B4QPXC9*PCQ9bC@jMC6X+#3N*F'&dD#!p)'PXGA4IB@aXC@G
bEbjM1`S*#3PbC@C8HA"P)$dJ0$X+#3Pp1`S*#8%c1$!`3N)i-$0$-cG%3c8`-%%
i-$!`-5!p)(X+#3N*CQPXC89ZBfpND@jR)$dJ-c!l#JN*#@PcB5!p)&"#@%CTE'9
5C@CPFQ9ZBf8l#JN*#A"KG'JJ25"TE(9dAhGTEM-b,Q-l#JN*#A*PCP4jF'8J25!
d1`S*#Adl#JN*36-i-$"#3MN`-d-c0d4$06!`36J`-$!a)$dJH`S*#3PQD@aP4@j
MEf4TEQFJ25!c-$X+#3N*DA0K)$dJ8%*B4QPXC9*PCQ9bC@jMC6X+#3N*F'&dD#!
p)'PXGA4ID@jdCA*ZB@`ZBcX+#3N*FQ9Q9(P`C5!p)$3l#JN*I6X+#3P"-cJ`-%*
#36!c3c-h4%-e-$""1$!`-$%J25"l#JN*#@CTE'9&EQ0[C'PZCb!p)$-`1`S*#3P
TFf%J25"33PK'D@aP8Q9QCA*PEQ0P1`S*#3P`BA4S)$dJD@aeG&p[F'9ZCf`ZBcX
+#3N*FQ9Q9(P`C5!p)$3l#JN*I6X+#3P"-cJ`-%*#3M!c3c-h4%-e-$""1$!`-$%
J25"l#JN*#@CTE'9&EQ0[C'PZCb!p)$-`1`S*#3PTFf%J25"33PK'D@aP8Q9QCA*
PEQ0P1`S*#3P`BA4S)$dJD@aeG&pcG'&dCA-ZBcX+#3N*FQ9Q9(P`C5!p)$3l#JN
*I6X+#3P"-cJ`-%*#3c!c3c-h4%-e-$""1$!`-$%J25"l#JN*#@CTE'9&EQ0[C'P
ZCb!p)$-`1`S*#3PTFf%J25"33PK'D@aP8Q9QCA*PEQ0P1`S*#3P`BA4S)$dJD@a
eG&pNDA*PBh4i,Q-l#JN*#A*PCP4jF'8J25!d1`S*#Adl#JN*36-i-$"#3N3`-d-
c0d4$06!`36J`-$!a)$dJH`S*#3PQD@aP4@jMEf4TEQFJ25!c-$X+#3N*DA0K)$d
J8%*B4QPXC9*PCQ9bC@jMC6X+#3N*F'&dD#!p)'PXGA4IE@&TELjM1`S*#3PbC@C
8HA"P)$dJ0$X+#3Pp1`S*#8%c1$!`3N*&-$0$-cG%3c8`-%%i-$!`-5!p)(X+#3N
*CQPXC89ZBfpND@jR)$dJ-c!l#JN*#@PcB5!p)&"#@%CTE'95C@CPFQ9ZBf8l#JN
*#A"KG'JJ25"TE(9dAh0NE(0eFQCKBf8ZBcX+#3N*FQ9Q9(P`C5!p)$3l#JN*I6X
+#3P"-cJ`-%*#4M!c3c-h4%-e-$""1$!`-$%J25"l#JN*#@CTE'95C@BJ25""-cJ
`-%*#0c!c3c-h4%-e-$""1$!`-$%l#JN*#@PcB5!p)&"#@%*eD@aN4QPXC6X+#3N
*Ff9dG'PZCh-J25"l#JN*#Adl#JN*I6X+#3P"-cJ`-%*$-$!c3c-h4%-e-$""1$!
`-$%J25"l#JN*#@CTE'95C@BJ25""-cJ`-%*#1$!c3c-h4%-e-$""1$!`-$%l#JN
*#@PcB5!p)&"#@%*eD@aN4QPXC6X+#3N*Ff9dG'PZCh-J25"l#JN*#Adl#JN*I6X
+#3P"-cJ`-%*$-6!c3c-h4%-e-$""1$!`-$%J25"l#JN*#@CTE'95C@BJ25""-cJ
`-%*#16!c3c-h4%-e-$""1$!`-$%l#JN*#@PcB5!p)&"#@%*eD@aN4QPXC6X+#3N
*Ff9dG'PZCh-J25"l#JN*#Adl#JN*I6X+#3P"-cJ`-%*$-M!c3c-h4%-e-$""1$!
`-$%J25"l#JN*#@CTE'95C@BJ25""-cJ`-%*#36!c3c-h4%-e-$""1$!`-$%l#JN
*#@PcB5!p)&"#@%*eD@aN4QPXC6X+#3N*Ff9dG'PZCh-J25"l#JN*#Adl#JN*I6X
+#3P"-cJ`-%*$-c!c3c-h4%-e-$""1$!`-$%J25"l#JN*#@CTE'95C@BJ25""-cJ
`-%*#3M!c3c-h4%-e-$""1$!`-$%l#JN*#@PcB5!p)&"#@%*eD@aN4QPXC6X+#3N
*Ff9dG'PZCh-J25"l#JN*#Adl#JN*I6X+#3P"-cJ`-%*$0$!c3c-h4%-e-$""1$!
`-$%J25"l#JN*#@CTE'95C@BJ25""-cJ`-%*#3c!c3c-h4%-e-$""1$!`-$%l#JN
*#@PcB5!p)&"#@%*eD@aN4QPXC6X+#3N*Ff9dG'PZCh-J25"l#JN*#Adl#JN*I6X
+#3P"-cJ`-%*$06!c3c-h4%-e-$""1$!`-$%J25"l#JN*#@CTE'95C@BJ25""-cJ
`-%*#4$!c3c-h4%-e-$""1$!`-$%l#JN*#@PcB5!p)&"#@%*eD@aN4QPXC6X+#3N
*Ff9dG'PZCh-J25"l#JN*#Adl#JN*I6X+#3P"-cJ`-%*$0M!c3c-h4%-e-$""1$!
`-$%J25"l#JN*#@CTE'95C@BJ25""-cJ`-%*#46!c3c-h4%-e-$""1$!`-$%l#JN
*#@PcB5!p)&"#@%*eD@aN4QPXC6X+#3N*Ff9dG'PZCh-J25"l#JN*#Adl#JN*I6X
+#3P"-d%f0MC#-8-e3M!f36C"-$""1$!`-$%J25"l#JN*#@PcB5!p)&"#@%CbB@e
PGfpbDe*PCQ9bC@jMC6X+#3N*EQ&YC5!p)'aMEA-ZCR*KE@9hEh*V1`S*#3P`BA4
S)$dJ,daTBR*KFRN[4R*KE@9hEh*VFbp*6#jQFQ&YCAG[FQX[4R*KE@9hEh*VFbp
XBfec,QCbB@ePGfpbDcX+#3N*FQ9Q9(P`C5!p)$!l#JN*I6X+#3P"-d%f0MC#-N-
e3M!f36C"-$""1$!`-$%J25"l#JN*#@PcB5!p)&"#@%CbB@ePGfpbDe*PCQ9bC@j
MC6X+#3N*EQ&YC5!p)'aTBR4TCQBZCR*KE@9hEh*V1`S*#3P`BA4S)$dJ,daTBR*
KFRN[4R*KE@9hEh*VFbp*6#jQFQ&YCAG[FQX[4R*KE@9hEh*VFbpXD@*dD@CQ,QC
bB@ePGfpbDcX+#3N*FQ9Q9(P`C5!p)$!l#JN*I6X+#3P"-d%f0MC#-d-e3M!f36C
"-$""1$!`-$%J25"l#JN*#@PcB5!p)&"#@%CbB@ePGfpbDe*PCQ9bC@jMC6X+#3N
*EQ&YC5!p)'aTBR"ZCbjQFQ&YCAG[FQXl#JN*#A"KG'JJ25![6'PLFQ&bH5p'FQ&
YCAG[FQYc,dP-,QCbB@ePGfpbDbp'FQ&YCAG[FQYc,faTBR"ZCbjQFQ&YCAG[FQX
l#JN*#A*PCP4jF'8J25!`1`S*#Adl#JN*360"0MBf3M4$08)`0N%f36!`36J`-$!
a)$dJH`S*#3PTFf%J25"33PK'FQ&YCAG[FQY5C@CPFQ9ZBf8l#JN*#@jKE@8J25"
XD@*UF'9R,QCbB@ePGfpbDcX+#3N*F'&dD#!p)#p-D@*bBA*j,dCbB@ePGfpbDh-
[58`ZCR*KE@9hEh*V,dCbB@ePGfpbDh-[E'PLDR"PCbjQFQ&YCAG[FQXl#JN*#A*
PCP4jF'8J25!`1`S*#Adl#JN*360"0MBf3M9$08)`0N%f36!`36J`-$!a)$dJH`S
*#3PTFf%J25"33PK'FQ&YCAG[FQY5C@CPFQ9ZBf8l#JN*#@jKE@8J25"XD@*YEQF
ZCR*KE@9hEh*V1`S*#3P`BA4S)$dJ,daTBR*KFRN[4R*KE@9hEh*VFbp*6#jQFQ&
YCAG[FQX[4R*KE@9hEh*VFbpXD@*YEQFZCR*KE@9hEh*V1`S*#3PbC@C8HA"P)$d
J-$X+#3Pp1`S*#8%c36Bf0N)f3c9#-$C"0N%`-%%i-$!`-5!p)(X+#3N*CQPXC9*
PCL!p)%%c36Bf0N)a3c9#-$C"0N%`-%%i-$!`-6X+#3N*DA0K)$dJ8%*B3R9TE'4
'D@aP1`S*#3PcCA4dD@jRFb!p)(X+#3N*I6X+#3Pp1`S*#8%c36Bf0N)h3c9#-$C
"0N%`-%%i-$!`-5!p)(X+#3N*CQPXC9*PCL!p)%%c36Bf0N)b3c9#-$C"0N%`-%%
i-$!`-6X+#3N*DA0K)$dJ8%*B3R9TE'4'D@aP1`S*#3PcCA4dD@jRFb!p)(X+#3N
*I6X+#3Pp1`S*#8%c36Bf0N)i3c9#-$C"0N%`-%%i-$!`-5!p)(X+#3N*CQPXC9*
PCL!p)%%c36Bf0N)c3c9#-$C"0N%`-%%i-$!`-6X+#3N*DA0K)$dJ8%*B3R9TE'4
'D@aP1`S*#3PcCA4dD@jRFb!p)(X+#3N*I6X+#3Pp1`S*#8%c36Bf0N)j3c9#-$C
"0N%`-%%i-$!`-5!p)(X+#3N*CQPXC9*PCL!p)%%c36Bf0N)d3c9#-$C"0N%`-%%
i-$!`-6X+#3N*DA0K)$dJ8%*B3R9TE'4'D@aP1`S*#3PcCA4dD@jRFb!p)(X+#3N
*I6X+#3Pp1`S*#8%c36Bf0N*"3c9#-$C"0N%`-%%i-$!`-5!p)(X+#3N*CQPXC9*
PCL!p)%%c36Bf0N)e3c9#-$C"0N%`-%%i-$!`-6X+#3N*DA0K)$dJ8%*B3R9TE'4
'D@aP1`S*#3PcCA4dD@jRFb!p)(X+#3N*I6X+#3Pp1`S*#8%c4NBf1$-c-$3a3c*
"-cF`-%%i-$!`-5!p)(X+#3N*CQPXC89ZBfpND@jR)$dJ-c!l#JN*#@PcB5!p)&"
#@%CTE'95C@CPFQ9ZBf8l#JN*#A"KG'JJ25"YB@0MEfjQD@FZD$X+#3N*FQ9Q9(P
`C5!p)$)l#JN*I6X+#3P"-dC'0MJc0$!d-8-b36-h-$""1$!`-$%J25"l#JN*#@C
TE'95C@BJ25""-dC'0MJc-c!d-8-b36-h-$""1$!`-$%l#JN*#@PcB5!p)&"#@%*
eD@aN4QPXC6X+#3N*Ff9dG'PZCh-J25"l#JQ3"%&89&**3P9849-J25!S#JQ3"9"
eBQaTBb`+#C!%+6X+#3N*I6X+#3Pp1`S*I6X+#A*[Eh42BQTPBh3J25!`1$Bh4$B
j-%C&1$3`-MK'3c!b38&$-$Fl#Rd+L5B!!!%!!!!"!*!)(J#3mJ%!!!!"!*!)(J#
3#4`!([rrki`:
