Microsoft Visual Studio Solution File, Format Version 7.00
Project("{8BC9CEB8-8B4A-11D0-8D11-00A0C91BC942}") = "Benchmark", "..\..\test\BENCHMARK\Benchmark.vcproj", "{1B3D24D5-3ED1-487B-BCBF-F25422CF9824}"
EndProject
Project("{8BC9CEB8-8B4A-11D0-8D11-00A0C91BC942}") = "Cpp Wrapper", "..\..\Cpp Wrapper\Cpp Wrapper.vcproj", "{36FFE329-CA31-4FF7-928D-DA779293C3D4}"
EndProject
Project("{8BC9CEB8-8B4A-11D0-8D11-00A0C91BC942}") = "IL", "..\..\src-IL\msvc\IL.vcproj", "{6611D341-04FC-4367-9EE5-FBF7297CDB3A}"
EndProject
Project("{8BC9CEB8-8B4A-11D0-8D11-00A0C91BC942}") = "ILU", "..\..\src-ILU\msvc\ILU.vcproj", "{6B71B208-466E-41CE-9C62-4ACBC2A51FF0}"
EndProject
Project("{8BC9CEB8-8B4A-11D0-8D11-00A0C91BC942}") = "ILUT", "..\..\src-ILUT\msvc\ILUT.vcproj", "{70548253-445A-4C06-8A04-9F14445F3D16}"
EndProject
Project("{8BC9CEB8-8B4A-11D0-8D11-00A0C91BC942}") = "StressTest", "..\..\test\Stress\StressTest.vcproj", "{AFF977BE-BE61-4434-B234-7740E704515F}"
EndProject
Project("{8BC9CEB8-8B4A-11D0-8D11-00A0C91BC942}") = "WindowsTest", "..\..\Examples\WindowsTest\WindowsTest.vcproj", "{3CC9C83F-AFB2-461F-A54C-01134AB1A87C}"
EndProject
Global
	GlobalSection(SolutionConfiguration) = preSolution
		ConfigName.0 = Debug
		ConfigName.1 = Dynamic
		ConfigName.2 = Release
	EndGlobalSection
	GlobalSection(ProjectDependencies) = postSolution
		{1B3D24D5-3ED1-487B-BCBF-F25422CF9824}.0 = {6B71B208-466E-41CE-9C62-4ACBC2A51FF0}
		{1B3D24D5-3ED1-487B-BCBF-F25422CF9824}.1 = {6611D341-04FC-4367-9EE5-FBF7297CDB3A}
		{36FFE329-CA31-4FF7-928D-DA779293C3D4}.0 = {70548253-445A-4C06-8A04-9F14445F3D16}
		{36FFE329-CA31-4FF7-928D-DA779293C3D4}.1 = {6B71B208-466E-41CE-9C62-4ACBC2A51FF0}
		{36FFE329-CA31-4FF7-928D-DA779293C3D4}.2 = {6611D341-04FC-4367-9EE5-FBF7297CDB3A}
		{6B71B208-466E-41CE-9C62-4ACBC2A51FF0}.0 = {6611D341-04FC-4367-9EE5-FBF7297CDB3A}
		{70548253-445A-4C06-8A04-9F14445F3D16}.0 = {6611D341-04FC-4367-9EE5-FBF7297CDB3A}
		{70548253-445A-4C06-8A04-9F14445F3D16}.1 = {6B71B208-466E-41CE-9C62-4ACBC2A51FF0}
		{AFF977BE-BE61-4434-B234-7740E704515F}.0 = {6611D341-04FC-4367-9EE5-FBF7297CDB3A}
		{3CC9C83F-AFB2-461F-A54C-01134AB1A87C}.0 = {6B71B208-466E-41CE-9C62-4ACBC2A51FF0}
		{3CC9C83F-AFB2-461F-A54C-01134AB1A87C}.1 = {6611D341-04FC-4367-9EE5-FBF7297CDB3A}
		{3CC9C83F-AFB2-461F-A54C-01134AB1A87C}.2 = {70548253-445A-4C06-8A04-9F14445F3D16}
	EndGlobalSection
	GlobalSection(ProjectConfiguration) = postSolution
		{1B3D24D5-3ED1-487B-BCBF-F25422CF9824}.Debug.ActiveCfg = Debug|Win32
		{1B3D24D5-3ED1-487B-BCBF-F25422CF9824}.Debug.Build.0 = Debug|Win32
		{1B3D24D5-3ED1-487B-BCBF-F25422CF9824}.Dynamic.ActiveCfg = Debug|Win32
		{1B3D24D5-3ED1-487B-BCBF-F25422CF9824}.Dynamic.Build.0 = Debug|Win32
		{1B3D24D5-3ED1-487B-BCBF-F25422CF9824}.Release.ActiveCfg = Release|Win32
		{1B3D24D5-3ED1-487B-BCBF-F25422CF9824}.Release.Build.0 = Release|Win32
		{36FFE329-CA31-4FF7-928D-DA779293C3D4}.Debug.ActiveCfg = Debug|Win32
		{36FFE329-CA31-4FF7-928D-DA779293C3D4}.Debug.Build.0 = Debug|Win32
		{36FFE329-CA31-4FF7-928D-DA779293C3D4}.Dynamic.ActiveCfg = Debug|Win32
		{36FFE329-CA31-4FF7-928D-DA779293C3D4}.Dynamic.Build.0 = Debug|Win32
		{36FFE329-CA31-4FF7-928D-DA779293C3D4}.Release.ActiveCfg = Release|Win32
		{36FFE329-CA31-4FF7-928D-DA779293C3D4}.Release.Build.0 = Release|Win32
		{6611D341-04FC-4367-9EE5-FBF7297CDB3A}.Debug.ActiveCfg = Debug|Win32
		{6611D341-04FC-4367-9EE5-FBF7297CDB3A}.Debug.Build.0 = Debug|Win32
		{6611D341-04FC-4367-9EE5-FBF7297CDB3A}.Dynamic.ActiveCfg = Dynamic|Win32
		{6611D341-04FC-4367-9EE5-FBF7297CDB3A}.Dynamic.Build.0 = Dynamic|Win32
		{6611D341-04FC-4367-9EE5-FBF7297CDB3A}.Release.ActiveCfg = Release|Win32
		{6611D341-04FC-4367-9EE5-FBF7297CDB3A}.Release.Build.0 = Release|Win32
		{6B71B208-466E-41CE-9C62-4ACBC2A51FF0}.Debug.ActiveCfg = Debug|Win32
		{6B71B208-466E-41CE-9C62-4ACBC2A51FF0}.Debug.Build.0 = Debug|Win32
		{6B71B208-466E-41CE-9C62-4ACBC2A51FF0}.Dynamic.ActiveCfg = Dynamic|Win32
		{6B71B208-466E-41CE-9C62-4ACBC2A51FF0}.Dynamic.Build.0 = Dynamic|Win32
		{6B71B208-466E-41CE-9C62-4ACBC2A51FF0}.Release.ActiveCfg = Release|Win32
		{6B71B208-466E-41CE-9C62-4ACBC2A51FF0}.Release.Build.0 = Release|Win32
		{70548253-445A-4C06-8A04-9F14445F3D16}.Debug.ActiveCfg = Debug|Win32
		{70548253-445A-4C06-8A04-9F14445F3D16}.Debug.Build.0 = Debug|Win32
		{70548253-445A-4C06-8A04-9F14445F3D16}.Dynamic.ActiveCfg = Dynamic|Win32
		{70548253-445A-4C06-8A04-9F14445F3D16}.Dynamic.Build.0 = Dynamic|Win32
		{70548253-445A-4C06-8A04-9F14445F3D16}.Release.ActiveCfg = Release|Win32
		{70548253-445A-4C06-8A04-9F14445F3D16}.Release.Build.0 = Release|Win32
		{AFF977BE-BE61-4434-B234-7740E704515F}.Debug.ActiveCfg = Debug|Win32
		{AFF977BE-BE61-4434-B234-7740E704515F}.Debug.Build.0 = Debug|Win32
		{AFF977BE-BE61-4434-B234-7740E704515F}.Dynamic.ActiveCfg = Debug|Win32
		{AFF977BE-BE61-4434-B234-7740E704515F}.Dynamic.Build.0 = Debug|Win32
		{AFF977BE-BE61-4434-B234-7740E704515F}.Release.ActiveCfg = Release|Win32
		{AFF977BE-BE61-4434-B234-7740E704515F}.Release.Build.0 = Release|Win32
		{3CC9C83F-AFB2-461F-A54C-01134AB1A87C}.Debug.ActiveCfg = Debug|Win32
		{3CC9C83F-AFB2-461F-A54C-01134AB1A87C}.Debug.Build.0 = Debug|Win32
		{3CC9C83F-AFB2-461F-A54C-01134AB1A87C}.Dynamic.ActiveCfg = Dynamic|Win32
		{3CC9C83F-AFB2-461F-A54C-01134AB1A87C}.Dynamic.Build.0 = Dynamic|Win32
		{3CC9C83F-AFB2-461F-A54C-01134AB1A87C}.Release.ActiveCfg = Release|Win32
		{3CC9C83F-AFB2-461F-A54C-01134AB1A87C}.Release.Build.0 = Release|Win32
	EndGlobalSection
	GlobalSection(ExtensibilityGlobals) = postSolution
	EndGlobalSection
	GlobalSection(ExtensibilityAddIns) = postSolution
	EndGlobalSection
EndGlobal
